PODS:
  - FLKAutoLayout (1.0.0)
  - OCMock (3.3)
  - UIImageView-AGCInitials (0.0.1)
  - VeeContactPicker (0.0.1):
    - FLKAutoLayout
    - UIImageView-AGCInitials

DEPENDENCIES:
  - OCMock
  - VeeContactPicker (from `../`)

EXTERNAL SOURCES:
  VeeContactPicker:
    :path: "../"

SPEC CHECKSUMS:
  FLKAutoLayout: 106b14dbae09d32c6730190f4e78a959759ba4a4
  OCMock: d68685bde31f69cb61d518dcb39269080c78b5ed
  UIImageView-AGCInitials: 197929b894edcb696ff965f7775062d915e4db1a
  VeeContactPicker: f18fcddb2c59850616083745238d0596534bdfa8

COCOAPODS: 0.39.0.beta.3
