PODS:
  - OCMock (3.3)
  - UIImageView-AGCInitials (0.0.1)
  - VeeContactPicker (0.0.1):
    - UIImageView-AGCInitials

DEPENDENCIES:
  - OCMock
  - VeeContactPicker (from `../`)

EXTERNAL SOURCES:
  VeeContactPicker:
    :path: "../"

SPEC CHECKSUMS:
  OCMock: d68685bde31f69cb61d518dcb39269080c78b5ed
  UIImageView-AGCInitials: 197929b894edcb696ff965f7775062d915e4db1a
  VeeContactPicker: 5c7054dfee6380a57258bc063a0d8b638a3e407c

COCOAPODS: 0.39.0.beta.3
