<?xml version="1.0" encoding="UTF-8"?>
<!DOCTYPE plist PUBLIC "-//Apple//DTD PLIST 1.0//EN" "http://www.apple.com/DTDs/PropertyList-1.0.dtd">
<plist version="1.0">
<dict>
	<key>archiveVersion</key>
	<string>1</string>
	<key>classes</key>
	<dict/>
	<key>objectVersion</key>
	<string>46</string>
	<key>objects</key>
	<dict>
		<key>030E99DDB0909A27353EC124</key>
		<dict>
			<key>children</key>
			<array>
				<string>0D2A2743CC4B67C17435DFFC</string>
				<string>608D41F3D9A815CA32DBA796</string>
			</array>
			<key>isa</key>
			<string>PBXGroup</string>
			<key>name</key>
			<string>Frameworks</string>
			<key>sourceTree</key>
			<string>&lt;group&gt;</string>
		</dict>
		<key>0D2A2743CC4B67C17435DFFC</key>
		<dict>
			<key>explicitFileType</key>
			<string>archive.ar</string>
			<key>includeInIndex</key>
			<string>0</string>
			<key>isa</key>
			<string>PBXFileReference</string>
			<key>path</key>
			<string>libPods-VeeContactPicker.a</string>
			<key>sourceTree</key>
			<string>BUILT_PRODUCTS_DIR</string>
		</dict>
		<key>238E02982EBC3965D32800C0</key>
		<dict>
			<key>buildActionMask</key>
			<string>2147483647</string>
			<key>files</key>
			<array/>
			<key>inputPaths</key>
			<array/>
			<key>isa</key>
			<string>PBXShellScriptBuildPhase</string>
			<key>name</key>
			<string>Embed Pods Frameworks</string>
			<key>outputPaths</key>
			<array/>
			<key>runOnlyForDeploymentPostprocessing</key>
			<string>0</string>
			<key>shellPath</key>
			<string>/bin/sh</string>
			<key>shellScript</key>
			<string>"${SRCROOT}/Pods/Target Support Files/Pods-VeeContactPicker/Pods-VeeContactPicker-frameworks.sh"
</string>
			<key>showEnvVarsInLog</key>
			<string>0</string>
		</dict>
		<key>2AAF0C1C5D89F00A01C02996</key>
		<dict>
			<key>buildActionMask</key>
			<string>2147483647</string>
			<key>files</key>
			<array/>
			<key>inputPaths</key>
			<array/>
			<key>isa</key>
			<string>PBXShellScriptBuildPhase</string>
			<key>name</key>
			<string>Copy Pods Resources</string>
			<key>outputPaths</key>
			<array/>
			<key>runOnlyForDeploymentPostprocessing</key>
			<string>0</string>
			<key>shellPath</key>
			<string>/bin/sh</string>
			<key>shellScript</key>
			<string>"${SRCROOT}/Pods/Target Support Files/Pods-VeeContactPickerTests/Pods-VeeContactPickerTests-resources.sh"
</string>
			<key>showEnvVarsInLog</key>
			<string>0</string>
		</dict>
		<key>2DD0A8EB1C298CA4A166EA91</key>
		<dict>
			<key>buildActionMask</key>
			<string>2147483647</string>
			<key>files</key>
			<array/>
			<key>inputPaths</key>
			<array/>
			<key>isa</key>
			<string>PBXShellScriptBuildPhase</string>
			<key>name</key>
			<string>Embed Pods Frameworks</string>
			<key>outputPaths</key>
			<array/>
			<key>runOnlyForDeploymentPostprocessing</key>
			<string>0</string>
			<key>shellPath</key>
			<string>/bin/sh</string>
			<key>shellScript</key>
			<string>"${SRCROOT}/Pods/Target Support Files/Pods-VeeContactPickerTests/Pods-VeeContactPickerTests-frameworks.sh"
</string>
			<key>showEnvVarsInLog</key>
			<string>0</string>
		</dict>
		<key>3443D42DEDE8A03DD6D3BCD7</key>
		<dict>
			<key>includeInIndex</key>
			<string>1</string>
			<key>isa</key>
			<string>PBXFileReference</string>
			<key>lastKnownFileType</key>
			<string>text.xcconfig</string>
			<key>name</key>
			<string>Pods-VeeContactPicker.release.xcconfig</string>
			<key>path</key>
			<string>Pods/Target Support Files/Pods-VeeContactPicker/Pods-VeeContactPicker.release.xcconfig</string>
			<key>sourceTree</key>
			<string>&lt;group&gt;</string>
		</dict>
		<key>59BA9EF812E7CB1FDE543CC3</key>
		<dict>
			<key>includeInIndex</key>
			<string>1</string>
			<key>isa</key>
			<string>PBXFileReference</string>
			<key>lastKnownFileType</key>
			<string>text.xcconfig</string>
			<key>name</key>
			<string>Pods-VeeContactPicker.debug.xcconfig</string>
			<key>path</key>
			<string>Pods/Target Support Files/Pods-VeeContactPicker/Pods-VeeContactPicker.debug.xcconfig</string>
			<key>sourceTree</key>
			<string>&lt;group&gt;</string>
		</dict>
		<key>608D41F3D9A815CA32DBA796</key>
		<dict>
			<key>explicitFileType</key>
			<string>archive.ar</string>
			<key>includeInIndex</key>
			<string>0</string>
			<key>isa</key>
			<string>PBXFileReference</string>
			<key>path</key>
			<string>libPods-VeeContactPickerTests.a</string>
			<key>sourceTree</key>
			<string>BUILT_PRODUCTS_DIR</string>
		</dict>
		<key>7BA7218B336B8BB754184CB5</key>
		<dict>
			<key>children</key>
			<array>
				<string>59BA9EF812E7CB1FDE543CC3</string>
				<string>3443D42DEDE8A03DD6D3BCD7</string>
				<string>DE67451A3E6A212CE03F629A</string>
				<string>8D4D941FFF54A1E63B5134C6</string>
			</array>
			<key>isa</key>
			<string>PBXGroup</string>
			<key>name</key>
			<string>Pods</string>
			<key>sourceTree</key>
			<string>&lt;group&gt;</string>
		</dict>
		<key>860696921CA15BC500997F09</key>
		<dict>
			<key>fileEncoding</key>
			<string>4</string>
			<key>isa</key>
			<string>PBXFileReference</string>
			<key>lastKnownFileType</key>
			<string>text</string>
			<key>path</key>
			<string>MiddleNames.txt</string>
			<key>sourceTree</key>
			<string>&lt;group&gt;</string>
		</dict>
		<key>860696931CA15BC500997F09</key>
		<dict>
			<key>fileRef</key>
			<string>860696921CA15BC500997F09</string>
			<key>isa</key>
			<string>PBXBuildFile</string>
		</dict>
		<key>860696941CA15DDB00997F09</key>
		<dict>
			<key>fileEncoding</key>
			<string>4</string>
			<key>isa</key>
			<string>PBXFileReference</string>
			<key>lastKnownFileType</key>
			<string>text</string>
			<key>path</key>
			<string>Nicknames.txt</string>
			<key>sourceTree</key>
			<string>&lt;group&gt;</string>
		</dict>
		<key>860696951CA15DDB00997F09</key>
		<dict>
			<key>fileRef</key>
			<string>860696941CA15DDB00997F09</string>
			<key>isa</key>
			<string>PBXBuildFile</string>
		</dict>
		<key>860696961CA15DE500997F09</key>
		<dict>
			<key>fileEncoding</key>
			<string>4</string>
			<key>isa</key>
			<string>PBXFileReference</string>
			<key>lastKnownFileType</key>
			<string>text</string>
			<key>path</key>
			<string>OrganizationNames.txt</string>
			<key>sourceTree</key>
			<string>&lt;group&gt;</string>
		</dict>
		<key>860696971CA15DE500997F09</key>
		<dict>
			<key>fileRef</key>
			<string>860696961CA15DE500997F09</string>
			<key>isa</key>
			<string>PBXBuildFile</string>
		</dict>
		<key>860696981CA1609E00997F09</key>
		<dict>
			<key>fileRef</key>
			<string>86B8A6C31C99AB6C00F48CBD</string>
			<key>isa</key>
			<string>PBXBuildFile</string>
		</dict>
		<key>860696991CA160BC00997F09</key>
		<dict>
			<key>fileRef</key>
			<string>864AFE301C91913F002F4BF7</string>
			<key>isa</key>
			<string>PBXBuildFile</string>
		</dict>
		<key>8606969A1CA1618F00997F09</key>
		<dict>
			<key>fileEncoding</key>
			<string>4</string>
			<key>isa</key>
			<string>PBXFileReference</string>
			<key>lastKnownFileType</key>
			<string>sourcecode.c.h</string>
			<key>path</key>
			<string>VeeContactFactory.h</string>
			<key>sourceTree</key>
			<string>&lt;group&gt;</string>
		</dict>
		<key>8606969B1CA1618F00997F09</key>
		<dict>
			<key>fileEncoding</key>
			<string>4</string>
			<key>isa</key>
			<string>PBXFileReference</string>
			<key>lastKnownFileType</key>
			<string>sourcecode.c.objc</string>
			<key>path</key>
			<string>VeeContactFactory.m</string>
			<key>sourceTree</key>
			<string>&lt;group&gt;</string>
		</dict>
		<key>8606969C1CA1618F00997F09</key>
		<dict>
			<key>fileRef</key>
			<string>8606969B1CA1618F00997F09</string>
			<key>isa</key>
			<string>PBXBuildFile</string>
		</dict>
		<key>860C625F1C28521200876682</key>
		<dict>
			<key>children</key>
			<array>
				<string>030E99DDB0909A27353EC124</string>
				<string>7BA7218B336B8BB754184CB5</string>
				<string>860C62691C28521200876682</string>
				<string>860C626A1C28521200876682</string>
				<string>860C629E1C28521C00876682</string>
				<string>860C62841C28521200876682</string>
				<string>860C628F1C28521200876682</string>
			</array>
			<key>isa</key>
			<string>PBXGroup</string>
			<key>sourceTree</key>
			<string>&lt;group&gt;</string>
		</dict>
		<key>860C62601C28521200876682</key>
		<dict>
			<key>attributes</key>
			<dict>
				<key>LastUpgradeCheck</key>
				<string>0720</string>
				<key>ORGANIZATIONNAME</key>
				<string>Code Atlas SRL</string>
				<key>TargetAttributes</key>
				<dict>
					<key>860C62671C28521200876682</key>
					<dict>
						<key>CreatedOnToolsVersion</key>
						<string>7.2</string>
					</dict>
					<key>860C62801C28521200876682</key>
					<dict>
						<key>CreatedOnToolsVersion</key>
						<string>7.2</string>
						<key>TestTargetID</key>
						<string>860C62671C28521200876682</string>
					</dict>
					<key>860C628B1C28521200876682</key>
					<dict>
						<key>CreatedOnToolsVersion</key>
						<string>7.2</string>
						<key>TestTargetID</key>
						<string>860C62671C28521200876682</string>
					</dict>
				</dict>
			</dict>
			<key>buildConfigurationList</key>
			<string>860C62631C28521200876682</string>
			<key>compatibilityVersion</key>
			<string>Xcode 3.2</string>
			<key>developmentRegion</key>
			<string>English</string>
			<key>hasScannedForEncodings</key>
			<string>0</string>
			<key>isa</key>
			<string>PBXProject</string>
			<key>knownRegions</key>
			<array>
				<string>en</string>
				<string>Base</string>
			</array>
			<key>mainGroup</key>
			<string>860C625F1C28521200876682</string>
			<key>productRefGroup</key>
			<string>860C62691C28521200876682</string>
			<key>projectDirPath</key>
			<string></string>
			<key>projectReferences</key>
			<array/>
			<key>projectRoot</key>
			<string></string>
			<key>targets</key>
			<array>
				<string>860C62671C28521200876682</string>
				<string>860C62801C28521200876682</string>
				<string>860C628B1C28521200876682</string>
			</array>
		</dict>
		<key>860C62631C28521200876682</key>
		<dict>
			<key>buildConfigurations</key>
			<array>
				<string>860C62931C28521200876682</string>
				<string>860C62941C28521200876682</string>
			</array>
			<key>defaultConfigurationIsVisible</key>
			<string>0</string>
			<key>defaultConfigurationName</key>
			<string>Release</string>
			<key>isa</key>
			<string>XCConfigurationList</string>
		</dict>
		<key>860C62641C28521200876682</key>
		<dict>
			<key>buildActionMask</key>
			<string>2147483647</string>
			<key>files</key>
			<array>
				<string>862BB67B1C9C42A900A71ED6</string>
				<string>860696991CA160BC00997F09</string>
				<string>860C62AB1C28528E00876682</string>
				<string>867AD8771CA04300009A26A2</string>
				<string>86B756AE1CAAE14C0033D286</string>
				<string>860C62731C28521200876682</string>
				<string>8644055D1CA970970003B355</string>
				<string>86DCEF001C96DD4900EC7FD6</string>
				<string>862F859F1CA14435004EF57F</string>
				<string>864405521CA568730003B355</string>
				<string>864194EE1C96CE60005DC2D6</string>
				<string>86DCEF071C96E0A700EC7FD6</string>
				<string>864194F81C96D7C0005DC2D6</string>
				<string>860C62701C28521200876682</string>
				<string>8622C3451CABDD6A009EB7A1</string>
				<string>860C62AD1C28528E00876682</string>
				<string>864194F11C96D169005DC2D6</string>
				<string>8606969C1CA1618F00997F09</string>
				<string>860696981CA1609E00997F09</string>
				<string>86DCEEFD1C96DB4400EC7FD6</string>
				<string>860C62B61C2854CB00876682</string>
				<string>86F12AC01C3C0CF900F584C2</string>
				<string>8622C34C1CABE7C8009EB7A1</string>
				<string>860C626D1C28521200876682</string>
			</array>
			<key>isa</key>
			<string>PBXSourcesBuildPhase</string>
			<key>runOnlyForDeploymentPostprocessing</key>
			<string>0</string>
		</dict>
		<key>860C62651C28521200876682</key>
		<dict>
			<key>buildActionMask</key>
			<string>2147483647</string>
			<key>files</key>
			<array>
				<string>CF12D0A2F6931717F59A339E</string>
			</array>
			<key>isa</key>
			<string>PBXFrameworksBuildPhase</string>
			<key>runOnlyForDeploymentPostprocessing</key>
			<string>0</string>
		</dict>
		<key>860C62661C28521200876682</key>
		<dict>
			<key>buildActionMask</key>
			<string>2147483647</string>
			<key>files</key>
			<array>
				<string>860C62AC1C28528E00876682</string>
				<string>868BAB741CA2BFB900B0B0A4</string>
				<string>868BAB841CA2C14400B0B0A4</string>
				<string>868BAB721CA2BFB300B0B0A4</string>
				<string>860C627B1C28521200876682</string>
				<string>868BAB861CA2C14400B0B0A4</string>
				<string>860C62AE1C28528E00876682</string>
				<string>868BAB711CA2BFB000B0B0A4</string>
				<string>868BAB701CA2BFAD00B0B0A4</string>
				<string>868BAB731CA2BFB600B0B0A4</string>
				<string>860C62781C28521200876682</string>
				<string>868BAB901CA2C14400B0B0A4</string>
				<string>868BAB6F1CA2BFAB00B0B0A4</string>
				<string>868BAB801CA2C14400B0B0A4</string>
				<string>868BAB821CA2C14400B0B0A4</string>
				<string>868BAB8C1CA2C14400B0B0A4</string>
				<string>868BAB881CA2C14400B0B0A4</string>
				<string>860C62761C28521200876682</string>
				<string>868BAB8E1CA2C14400B0B0A4</string>
				<string>868BAB751CA2BFBB00B0B0A4</string>
				<string>868BAB8A1CA2C14400B0B0A4</string>
			</array>
			<key>isa</key>
			<string>PBXResourcesBuildPhase</string>
			<key>runOnlyForDeploymentPostprocessing</key>
			<string>0</string>
		</dict>
		<key>860C62671C28521200876682</key>
		<dict>
			<key>buildConfigurationList</key>
			<string>860C62951C28521200876682</string>
			<key>buildPhases</key>
			<array>
				<string>BBF15644020B1A506FEF509C</string>
				<string>860C62641C28521200876682</string>
				<string>860C62651C28521200876682</string>
				<string>860C62661C28521200876682</string>
				<string>238E02982EBC3965D32800C0</string>
				<string>D02E39E05EB13C01044F55E6</string>
			</array>
			<key>buildRules</key>
			<array/>
			<key>dependencies</key>
			<array/>
			<key>isa</key>
			<string>PBXNativeTarget</string>
			<key>name</key>
			<string>VeeContactPicker</string>
			<key>productName</key>
			<string>VeeContactPicker</string>
			<key>productReference</key>
			<string>860C62681C28521200876682</string>
			<key>productType</key>
			<string>com.apple.product-type.application</string>
		</dict>
		<key>860C62681C28521200876682</key>
		<dict>
			<key>explicitFileType</key>
			<string>wrapper.application</string>
			<key>includeInIndex</key>
			<string>0</string>
			<key>isa</key>
			<string>PBXFileReference</string>
			<key>path</key>
			<string>VeeContactPicker.app</string>
			<key>sourceTree</key>
			<string>BUILT_PRODUCTS_DIR</string>
		</dict>
		<key>860C62691C28521200876682</key>
		<dict>
			<key>children</key>
			<array>
				<string>860C62681C28521200876682</string>
				<string>860C62811C28521200876682</string>
				<string>860C628C1C28521200876682</string>
			</array>
			<key>isa</key>
			<string>PBXGroup</string>
			<key>name</key>
			<string>Products</string>
			<key>sourceTree</key>
			<string>&lt;group&gt;</string>
		</dict>
		<key>860C626A1C28521200876682</key>
		<dict>
			<key>children</key>
			<array>
				<string>860C62AF1C28529700876682</string>
				<string>860C62B21C2852BB00876682</string>
			</array>
			<key>isa</key>
			<string>PBXGroup</string>
			<key>path</key>
			<string>VeeContactPicker</string>
			<key>sourceTree</key>
			<string>&lt;group&gt;</string>
		</dict>
		<key>860C626B1C28521200876682</key>
		<dict>
			<key>children</key>
			<array>
				<string>860C626C1C28521200876682</string>
			</array>
			<key>isa</key>
			<string>PBXGroup</string>
			<key>path</key>
			<string>Supporting Files</string>
			<key>sourceTree</key>
			<string>&lt;group&gt;</string>
		</dict>
		<key>860C626C1C28521200876682</key>
		<dict>
			<key>isa</key>
			<string>PBXFileReference</string>
			<key>lastKnownFileType</key>
			<string>sourcecode.c.objc</string>
			<key>path</key>
			<string>main.m</string>
			<key>sourceTree</key>
			<string>&lt;group&gt;</string>
		</dict>
		<key>860C626D1C28521200876682</key>
		<dict>
			<key>fileRef</key>
			<string>860C626C1C28521200876682</string>
			<key>isa</key>
			<string>PBXBuildFile</string>
		</dict>
		<key>860C626E1C28521200876682</key>
		<dict>
			<key>isa</key>
			<string>PBXFileReference</string>
			<key>lastKnownFileType</key>
			<string>sourcecode.c.h</string>
			<key>path</key>
			<string>AppDelegate.h</string>
			<key>sourceTree</key>
			<string>&lt;group&gt;</string>
		</dict>
		<key>860C626F1C28521200876682</key>
		<dict>
			<key>isa</key>
			<string>PBXFileReference</string>
			<key>lastKnownFileType</key>
			<string>sourcecode.c.objc</string>
			<key>path</key>
			<string>AppDelegate.m</string>
			<key>sourceTree</key>
			<string>&lt;group&gt;</string>
		</dict>
		<key>860C62701C28521200876682</key>
		<dict>
			<key>fileRef</key>
			<string>860C626F1C28521200876682</string>
			<key>isa</key>
			<string>PBXBuildFile</string>
		</dict>
		<key>860C62711C28521200876682</key>
		<dict>
			<key>isa</key>
			<string>PBXFileReference</string>
			<key>lastKnownFileType</key>
			<string>sourcecode.c.h</string>
			<key>path</key>
			<string>ViewController.h</string>
			<key>sourceTree</key>
			<string>&lt;group&gt;</string>
		</dict>
		<key>860C62721C28521200876682</key>
		<dict>
			<key>isa</key>
			<string>PBXFileReference</string>
			<key>lastKnownFileType</key>
			<string>sourcecode.c.objc</string>
			<key>path</key>
			<string>ViewController.m</string>
			<key>sourceTree</key>
			<string>&lt;group&gt;</string>
		</dict>
		<key>860C62731C28521200876682</key>
		<dict>
			<key>fileRef</key>
			<string>860C62721C28521200876682</string>
			<key>isa</key>
			<string>PBXBuildFile</string>
		</dict>
		<key>860C62741C28521200876682</key>
		<dict>
			<key>children</key>
			<array>
				<string>860C62751C28521200876682</string>
			</array>
			<key>isa</key>
			<string>PBXVariantGroup</string>
			<key>name</key>
			<string>Main.storyboard</string>
			<key>path</key>
			<string>.</string>
			<key>sourceTree</key>
			<string>&lt;group&gt;</string>
		</dict>
		<key>860C62751C28521200876682</key>
		<dict>
			<key>isa</key>
			<string>PBXFileReference</string>
			<key>lastKnownFileType</key>
			<string>file.storyboard</string>
			<key>name</key>
			<string>Base</string>
			<key>path</key>
			<string>Base.lproj/Main.storyboard</string>
			<key>sourceTree</key>
			<string>&lt;group&gt;</string>
		</dict>
		<key>860C62761C28521200876682</key>
		<dict>
			<key>fileRef</key>
			<string>860C62741C28521200876682</string>
			<key>isa</key>
			<string>PBXBuildFile</string>
		</dict>
		<key>860C62771C28521200876682</key>
		<dict>
			<key>isa</key>
			<string>PBXFileReference</string>
			<key>lastKnownFileType</key>
			<string>folder.assetcatalog</string>
			<key>path</key>
			<string>Assets.xcassets</string>
			<key>sourceTree</key>
			<string>&lt;group&gt;</string>
		</dict>
		<key>860C62781C28521200876682</key>
		<dict>
			<key>fileRef</key>
			<string>860C62771C28521200876682</string>
			<key>isa</key>
			<string>PBXBuildFile</string>
		</dict>
		<key>860C62791C28521200876682</key>
		<dict>
			<key>children</key>
			<array>
				<string>860C627A1C28521200876682</string>
			</array>
			<key>isa</key>
			<string>PBXVariantGroup</string>
			<key>name</key>
			<string>LaunchScreen.storyboard</string>
			<key>path</key>
			<string>.</string>
			<key>sourceTree</key>
			<string>&lt;group&gt;</string>
		</dict>
		<key>860C627A1C28521200876682</key>
		<dict>
			<key>isa</key>
			<string>PBXFileReference</string>
			<key>lastKnownFileType</key>
			<string>file.storyboard</string>
			<key>name</key>
			<string>Base</string>
			<key>path</key>
			<string>Base.lproj/LaunchScreen.storyboard</string>
			<key>sourceTree</key>
			<string>&lt;group&gt;</string>
		</dict>
		<key>860C627B1C28521200876682</key>
		<dict>
			<key>fileRef</key>
			<string>860C62791C28521200876682</string>
			<key>isa</key>
			<string>PBXBuildFile</string>
		</dict>
		<key>860C627C1C28521200876682</key>
		<dict>
			<key>isa</key>
			<string>PBXFileReference</string>
			<key>lastKnownFileType</key>
			<string>text.plist.xml</string>
			<key>path</key>
			<string>Info.plist</string>
			<key>sourceTree</key>
			<string>&lt;group&gt;</string>
		</dict>
		<key>860C627D1C28521200876682</key>
		<dict>
			<key>buildActionMask</key>
			<string>2147483647</string>
			<key>files</key>
			<array>
				<string>867AD86E1C9C855A009A26A2</string>
				<string>861046C81C8F2E5F00DFA690</string>
				<string>864AFE311C91913F002F4BF7</string>
				<string>86B8A6BD1C99A49600F48CBD</string>
				<string>862F85A11CA1473C004EF57F</string>
				<string>86B8A6C11C99A4E600F48CBD</string>
				<string>86AB036D1C917A820054B7EC</string>
				<string>8644055F1CA974190003B355</string>
				<string>86B8A6BB1C9977C100F48CBD</string>
				<string>86B8A6BF1C99A4D200F48CBD</string>
				<string>867AD8711C9DA79D009A26A2</string>
				<string>861046C21C8F253F00DFA690</string>
				<string>8644055A1CA965E80003B355</string>
				<string>86B756B01CABD3290033D286</string>
				<string>867AD8791CA0436B009A26A2</string>
				<string>868BAB971CA2DDB000B0B0A4</string>
				<string>864405571CA58A030003B355</string>
				<string>86B756A91CAA8C200033D286</string>
				<string>86B8A6C41C99AB6C00F48CBD</string>
			</array>
			<key>isa</key>
			<string>PBXSourcesBuildPhase</string>
			<key>runOnlyForDeploymentPostprocessing</key>
			<string>0</string>
		</dict>
		<key>860C627E1C28521200876682</key>
		<dict>
			<key>buildActionMask</key>
			<string>2147483647</string>
			<key>files</key>
			<array>
				<string>F1B9BEB846BF9235FB2EABBB</string>
			</array>
			<key>isa</key>
			<string>PBXFrameworksBuildPhase</string>
			<key>runOnlyForDeploymentPostprocessing</key>
			<string>0</string>
		</dict>
		<key>860C627F1C28521200876682</key>
		<dict>
			<key>buildActionMask</key>
			<string>2147483647</string>
			<key>files</key>
			<array>
				<string>86A6A7011C9AF572004F66E2</string>
				<string>86C08D171CA1520900319B5A</string>
				<string>868BAB8B1CA2C14400B0B0A4</string>
				<string>868BAB811CA2C14400B0B0A4</string>
				<string>868BAB871CA2C14400B0B0A4</string>
				<string>868BAB831CA2C14400B0B0A4</string>
				<string>868BAB8F1CA2C14400B0B0A4</string>
				<string>860696971CA15DE500997F09</string>
				<string>868BAB891CA2C14400B0B0A4</string>
				<string>868BAB8D1CA2C14400B0B0A4</string>
				<string>86C08D1D1CA1530F00319B5A</string>
				<string>860696931CA15BC500997F09</string>
				<string>860696951CA15DDB00997F09</string>
				<string>868BAB851CA2C14400B0B0A4</string>
				<string>868BAB911CA2C14400B0B0A4</string>
				<string>8676C5911C93151100054446</string>
				<string>86C08D191CA1523400319B5A</string>
				<string>86C08D1B1CA152D800319B5A</string>
			</array>
			<key>isa</key>
			<string>PBXResourcesBuildPhase</string>
			<key>runOnlyForDeploymentPostprocessing</key>
			<string>0</string>
		</dict>
		<key>860C62801C28521200876682</key>
		<dict>
			<key>buildConfigurationList</key>
			<string>860C62981C28521200876682</string>
			<key>buildPhases</key>
			<array>
				<string>B94D242D4A454444B9958033</string>
				<string>860C627D1C28521200876682</string>
				<string>860C627E1C28521200876682</string>
				<string>860C627F1C28521200876682</string>
				<string>2DD0A8EB1C298CA4A166EA91</string>
				<string>2AAF0C1C5D89F00A01C02996</string>
			</array>
			<key>buildRules</key>
			<array/>
			<key>dependencies</key>
			<array>
				<string>860C62831C28521200876682</string>
			</array>
			<key>isa</key>
			<string>PBXNativeTarget</string>
			<key>name</key>
			<string>VeeContactPickerTests</string>
			<key>productName</key>
			<string>VeeContactPickerTests</string>
			<key>productReference</key>
			<string>860C62811C28521200876682</string>
			<key>productType</key>
			<string>com.apple.product-type.bundle.unit-test</string>
		</dict>
		<key>860C62811C28521200876682</key>
		<dict>
			<key>explicitFileType</key>
			<string>wrapper.cfbundle</string>
			<key>includeInIndex</key>
			<string>0</string>
			<key>isa</key>
			<string>PBXFileReference</string>
			<key>path</key>
			<string>VeeContactPickerTests.xctest</string>
			<key>sourceTree</key>
			<string>BUILT_PRODUCTS_DIR</string>
		</dict>
		<key>860C62821C28521200876682</key>
		<dict>
			<key>containerPortal</key>
			<string>860C62601C28521200876682</string>
			<key>isa</key>
			<string>PBXContainerItemProxy</string>
			<key>proxyType</key>
			<string>1</string>
			<key>remoteGlobalIDString</key>
			<string>860C62671C28521200876682</string>
			<key>remoteInfo</key>
			<string>VeeContactPicker</string>
		</dict>
		<key>860C62831C28521200876682</key>
		<dict>
			<key>isa</key>
			<string>PBXTargetDependency</string>
			<key>target</key>
			<string>860C62671C28521200876682</string>
			<key>targetProxy</key>
			<string>860C62821C28521200876682</string>
		</dict>
		<key>860C62841C28521200876682</key>
		<dict>
			<key>children</key>
			<array>
				<string>86C6E7DC1C9C13280031CC23</string>
				<string>86C6E7DA1C9C130C0031CC23</string>
				<string>86A6A6FF1C9AF56A004F66E2</string>
				<string>86C6E7DB1C9C13180031CC23</string>
				<string>862F85A31CA147AB004EF57F</string>
				<string>860C62871C28521200876682</string>
			</array>
			<key>isa</key>
			<string>PBXGroup</string>
			<key>path</key>
			<string>VeeContactPickerTests</string>
			<key>sourceTree</key>
			<string>&lt;group&gt;</string>
		</dict>
		<key>860C62871C28521200876682</key>
		<dict>
			<key>isa</key>
			<string>PBXFileReference</string>
			<key>lastKnownFileType</key>
			<string>text.plist.xml</string>
			<key>path</key>
			<string>Info.plist</string>
			<key>sourceTree</key>
			<string>&lt;group&gt;</string>
		</dict>
		<key>860C62881C28521200876682</key>
		<dict>
			<key>buildActionMask</key>
			<string>2147483647</string>
			<key>files</key>
			<array>
				<string>860C62911C28521200876682</string>
			</array>
			<key>isa</key>
			<string>PBXSourcesBuildPhase</string>
			<key>runOnlyForDeploymentPostprocessing</key>
			<string>0</string>
		</dict>
		<key>860C62891C28521200876682</key>
		<dict>
			<key>buildActionMask</key>
			<string>2147483647</string>
			<key>files</key>
			<array/>
			<key>isa</key>
			<string>PBXFrameworksBuildPhase</string>
			<key>runOnlyForDeploymentPostprocessing</key>
			<string>0</string>
		</dict>
		<key>860C628A1C28521200876682</key>
		<dict>
			<key>buildActionMask</key>
			<string>2147483647</string>
			<key>files</key>
			<array/>
			<key>isa</key>
			<string>PBXResourcesBuildPhase</string>
			<key>runOnlyForDeploymentPostprocessing</key>
			<string>0</string>
		</dict>
		<key>860C628B1C28521200876682</key>
		<dict>
			<key>buildConfigurationList</key>
			<string>860C629B1C28521200876682</string>
			<key>buildPhases</key>
			<array>
				<string>860C62881C28521200876682</string>
				<string>860C62891C28521200876682</string>
				<string>860C628A1C28521200876682</string>
			</array>
			<key>buildRules</key>
			<array/>
			<key>dependencies</key>
			<array>
				<string>860C628E1C28521200876682</string>
			</array>
			<key>isa</key>
			<string>PBXNativeTarget</string>
			<key>name</key>
			<string>VeeContactPickerUITests</string>
			<key>productName</key>
			<string>VeeContactPickerUITests</string>
			<key>productReference</key>
			<string>860C628C1C28521200876682</string>
			<key>productType</key>
			<string>com.apple.product-type.bundle.ui-testing</string>
		</dict>
		<key>860C628C1C28521200876682</key>
		<dict>
			<key>explicitFileType</key>
			<string>wrapper.cfbundle</string>
			<key>includeInIndex</key>
			<string>0</string>
			<key>isa</key>
			<string>PBXFileReference</string>
			<key>path</key>
			<string>VeeContactPickerUITests.xctest</string>
			<key>sourceTree</key>
			<string>BUILT_PRODUCTS_DIR</string>
		</dict>
		<key>860C628D1C28521200876682</key>
		<dict>
			<key>containerPortal</key>
			<string>860C62601C28521200876682</string>
			<key>isa</key>
			<string>PBXContainerItemProxy</string>
			<key>proxyType</key>
			<string>1</string>
			<key>remoteGlobalIDString</key>
			<string>860C62671C28521200876682</string>
			<key>remoteInfo</key>
			<string>VeeContactPicker</string>
		</dict>
		<key>860C628E1C28521200876682</key>
		<dict>
			<key>isa</key>
			<string>PBXTargetDependency</string>
			<key>target</key>
			<string>860C62671C28521200876682</string>
			<key>targetProxy</key>
			<string>860C628D1C28521200876682</string>
		</dict>
		<key>860C628F1C28521200876682</key>
		<dict>
			<key>children</key>
			<array>
				<string>860C62921C28521200876682</string>
				<string>860C62901C28521200876682</string>
			</array>
			<key>isa</key>
			<string>PBXGroup</string>
			<key>path</key>
			<string>VeeContactPickerUITests</string>
			<key>sourceTree</key>
			<string>&lt;group&gt;</string>
		</dict>
		<key>860C62901C28521200876682</key>
		<dict>
			<key>isa</key>
			<string>PBXFileReference</string>
			<key>lastKnownFileType</key>
			<string>sourcecode.c.objc</string>
			<key>path</key>
			<string>VeeContactPickerUITests.m</string>
			<key>sourceTree</key>
			<string>&lt;group&gt;</string>
		</dict>
		<key>860C62911C28521200876682</key>
		<dict>
			<key>fileRef</key>
			<string>860C62901C28521200876682</string>
			<key>isa</key>
			<string>PBXBuildFile</string>
		</dict>
		<key>860C62921C28521200876682</key>
		<dict>
			<key>isa</key>
			<string>PBXFileReference</string>
			<key>lastKnownFileType</key>
			<string>text.plist.xml</string>
			<key>path</key>
			<string>Info.plist</string>
			<key>sourceTree</key>
			<string>&lt;group&gt;</string>
		</dict>
		<key>860C62931C28521200876682</key>
		<dict>
			<key>buildSettings</key>
			<dict>
				<key>ALWAYS_SEARCH_USER_PATHS</key>
				<string>NO</string>
				<key>CLANG_CXX_LANGUAGE_STANDARD</key>
				<string>gnu++0x</string>
				<key>CLANG_CXX_LIBRARY</key>
				<string>libc++</string>
				<key>CLANG_ENABLE_MODULES</key>
				<string>YES</string>
				<key>CLANG_ENABLE_OBJC_ARC</key>
				<string>YES</string>
				<key>CLANG_WARN_BOOL_CONVERSION</key>
				<string>YES</string>
				<key>CLANG_WARN_CONSTANT_CONVERSION</key>
				<string>YES</string>
				<key>CLANG_WARN_DIRECT_OBJC_ISA_USAGE</key>
				<string>YES_ERROR</string>
				<key>CLANG_WARN_EMPTY_BODY</key>
				<string>YES</string>
				<key>CLANG_WARN_ENUM_CONVERSION</key>
				<string>YES</string>
				<key>CLANG_WARN_INT_CONVERSION</key>
				<string>YES</string>
				<key>CLANG_WARN_OBJC_ROOT_CLASS</key>
				<string>YES_ERROR</string>
				<key>CLANG_WARN_UNREACHABLE_CODE</key>
				<string>YES</string>
				<key>CLANG_WARN__DUPLICATE_METHOD_MATCH</key>
				<string>YES</string>
				<key>CODE_SIGN_IDENTITY[sdk=iphoneos*]</key>
				<string>iPhone Developer</string>
				<key>COPY_PHASE_STRIP</key>
				<string>NO</string>
				<key>DEBUG_INFORMATION_FORMAT</key>
				<string>dwarf</string>
				<key>ENABLE_STRICT_OBJC_MSGSEND</key>
				<string>YES</string>
				<key>ENABLE_TESTABILITY</key>
				<string>YES</string>
				<key>GCC_C_LANGUAGE_STANDARD</key>
				<string>gnu99</string>
				<key>GCC_DYNAMIC_NO_PIC</key>
				<string>NO</string>
				<key>GCC_NO_COMMON_BLOCKS</key>
				<string>YES</string>
				<key>GCC_OPTIMIZATION_LEVEL</key>
				<string>0</string>
				<key>GCC_PREPROCESSOR_DEFINITIONS</key>
				<array>
					<string>DEBUG=1</string>
					<string>$(inherited)</string>
				</array>
				<key>GCC_WARN_64_TO_32_BIT_CONVERSION</key>
				<string>YES</string>
				<key>GCC_WARN_ABOUT_RETURN_TYPE</key>
				<string>YES_ERROR</string>
				<key>GCC_WARN_UNDECLARED_SELECTOR</key>
				<string>YES</string>
				<key>GCC_WARN_UNINITIALIZED_AUTOS</key>
				<string>YES_AGGRESSIVE</string>
				<key>GCC_WARN_UNUSED_FUNCTION</key>
				<string>YES</string>
				<key>GCC_WARN_UNUSED_VARIABLE</key>
				<string>YES</string>
				<key>IPHONEOS_DEPLOYMENT_TARGET</key>
				<string>7.0</string>
				<key>MTL_ENABLE_DEBUG_INFO</key>
				<string>YES</string>
				<key>ONLY_ACTIVE_ARCH</key>
				<string>YES</string>
				<key>SDKROOT</key>
				<string>iphoneos</string>
			</dict>
			<key>isa</key>
			<string>XCBuildConfiguration</string>
			<key>name</key>
			<string>Debug</string>
		</dict>
		<key>860C62941C28521200876682</key>
		<dict>
			<key>buildSettings</key>
			<dict>
				<key>ALWAYS_SEARCH_USER_PATHS</key>
				<string>NO</string>
				<key>CLANG_CXX_LANGUAGE_STANDARD</key>
				<string>gnu++0x</string>
				<key>CLANG_CXX_LIBRARY</key>
				<string>libc++</string>
				<key>CLANG_ENABLE_MODULES</key>
				<string>YES</string>
				<key>CLANG_ENABLE_OBJC_ARC</key>
				<string>YES</string>
				<key>CLANG_WARN_BOOL_CONVERSION</key>
				<string>YES</string>
				<key>CLANG_WARN_CONSTANT_CONVERSION</key>
				<string>YES</string>
				<key>CLANG_WARN_DIRECT_OBJC_ISA_USAGE</key>
				<string>YES_ERROR</string>
				<key>CLANG_WARN_EMPTY_BODY</key>
				<string>YES</string>
				<key>CLANG_WARN_ENUM_CONVERSION</key>
				<string>YES</string>
				<key>CLANG_WARN_INT_CONVERSION</key>
				<string>YES</string>
				<key>CLANG_WARN_OBJC_ROOT_CLASS</key>
				<string>YES_ERROR</string>
				<key>CLANG_WARN_UNREACHABLE_CODE</key>
				<string>YES</string>
				<key>CLANG_WARN__DUPLICATE_METHOD_MATCH</key>
				<string>YES</string>
				<key>CODE_SIGN_IDENTITY[sdk=iphoneos*]</key>
				<string>iPhone Developer</string>
				<key>COPY_PHASE_STRIP</key>
				<string>NO</string>
				<key>DEBUG_INFORMATION_FORMAT</key>
				<string>dwarf-with-dsym</string>
				<key>ENABLE_NS_ASSERTIONS</key>
				<string>NO</string>
				<key>ENABLE_STRICT_OBJC_MSGSEND</key>
				<string>YES</string>
				<key>GCC_C_LANGUAGE_STANDARD</key>
				<string>gnu99</string>
				<key>GCC_NO_COMMON_BLOCKS</key>
				<string>YES</string>
				<key>GCC_WARN_64_TO_32_BIT_CONVERSION</key>
				<string>YES</string>
				<key>GCC_WARN_ABOUT_RETURN_TYPE</key>
				<string>YES_ERROR</string>
				<key>GCC_WARN_UNDECLARED_SELECTOR</key>
				<string>YES</string>
				<key>GCC_WARN_UNINITIALIZED_AUTOS</key>
				<string>YES_AGGRESSIVE</string>
				<key>GCC_WARN_UNUSED_FUNCTION</key>
				<string>YES</string>
				<key>GCC_WARN_UNUSED_VARIABLE</key>
				<string>YES</string>
				<key>IPHONEOS_DEPLOYMENT_TARGET</key>
				<string>7.0</string>
				<key>MTL_ENABLE_DEBUG_INFO</key>
				<string>NO</string>
				<key>SDKROOT</key>
				<string>iphoneos</string>
				<key>VALIDATE_PRODUCT</key>
				<string>YES</string>
			</dict>
			<key>isa</key>
			<string>XCBuildConfiguration</string>
			<key>name</key>
			<string>Release</string>
		</dict>
		<key>860C62951C28521200876682</key>
		<dict>
			<key>buildConfigurations</key>
			<array>
				<string>860C62961C28521200876682</string>
				<string>860C62971C28521200876682</string>
			</array>
			<key>defaultConfigurationIsVisible</key>
			<string>0</string>
			<key>defaultConfigurationName</key>
			<string>Release</string>
			<key>isa</key>
			<string>XCConfigurationList</string>
		</dict>
		<key>860C62961C28521200876682</key>
		<dict>
			<key>baseConfigurationReference</key>
			<string>59BA9EF812E7CB1FDE543CC3</string>
			<key>buildSettings</key>
			<dict>
				<key>ASSETCATALOG_COMPILER_APPICON_NAME</key>
				<string>AppIcon</string>
				<key>INFOPLIST_FILE</key>
				<string>VeeContactPickerExample/Info.plist</string>
				<key>IPHONEOS_DEPLOYMENT_TARGET</key>
				<string>7.0</string>
				<key>LD_RUNPATH_SEARCH_PATHS</key>
				<string>$(inherited) @executable_path/Frameworks</string>
				<key>PRODUCT_BUNDLE_IDENTIFIER</key>
				<string>it.codeatlas.ios.VeeContactPicker</string>
				<key>PRODUCT_NAME</key>
				<string>$(TARGET_NAME)</string>
			</dict>
			<key>isa</key>
			<string>XCBuildConfiguration</string>
			<key>name</key>
			<string>Debug</string>
		</dict>
		<key>860C62971C28521200876682</key>
		<dict>
			<key>baseConfigurationReference</key>
			<string>3443D42DEDE8A03DD6D3BCD7</string>
			<key>buildSettings</key>
			<dict>
				<key>ASSETCATALOG_COMPILER_APPICON_NAME</key>
				<string>AppIcon</string>
				<key>INFOPLIST_FILE</key>
				<string>VeeContactPickerExample/Info.plist</string>
				<key>IPHONEOS_DEPLOYMENT_TARGET</key>
				<string>7.0</string>
				<key>LD_RUNPATH_SEARCH_PATHS</key>
				<string>$(inherited) @executable_path/Frameworks</string>
				<key>PRODUCT_BUNDLE_IDENTIFIER</key>
				<string>it.codeatlas.ios.VeeContactPicker</string>
				<key>PRODUCT_NAME</key>
				<string>$(TARGET_NAME)</string>
			</dict>
			<key>isa</key>
			<string>XCBuildConfiguration</string>
			<key>name</key>
			<string>Release</string>
		</dict>
		<key>860C62981C28521200876682</key>
		<dict>
			<key>buildConfigurations</key>
			<array>
				<string>860C62991C28521200876682</string>
				<string>860C629A1C28521200876682</string>
			</array>
			<key>defaultConfigurationIsVisible</key>
			<string>0</string>
			<key>defaultConfigurationName</key>
			<string>Release</string>
			<key>isa</key>
			<string>XCConfigurationList</string>
		</dict>
		<key>860C62991C28521200876682</key>
		<dict>
			<key>baseConfigurationReference</key>
			<string>DE67451A3E6A212CE03F629A</string>
			<key>buildSettings</key>
			<dict>
				<key>BUNDLE_LOADER</key>
				<string>$(TEST_HOST)</string>
				<key>GCC_PREPROCESSOR_DEFINITIONS</key>
				<array>
					<string>$(inherited)</string>
					<string>COCOAPODS=1</string>
					<string>TESTING=1</string>
				</array>
				<key>INFOPLIST_FILE</key>
				<string>VeeContactPickerTests/Info.plist</string>
				<key>LD_RUNPATH_SEARCH_PATHS</key>
				<string>$(inherited) @executable_path/Frameworks @loader_path/Frameworks</string>
				<key>PRODUCT_BUNDLE_IDENTIFIER</key>
				<string>it.codeatlas.ios.VeeContactPickerTests</string>
				<key>PRODUCT_NAME</key>
				<string>$(TARGET_NAME)</string>
				<key>TEST_HOST</key>
				<string>$(BUILT_PRODUCTS_DIR)/VeeContactPicker.app/VeeContactPicker</string>
			</dict>
			<key>isa</key>
			<string>XCBuildConfiguration</string>
			<key>name</key>
			<string>Debug</string>
		</dict>
		<key>860C629A1C28521200876682</key>
		<dict>
			<key>baseConfigurationReference</key>
			<string>8D4D941FFF54A1E63B5134C6</string>
			<key>buildSettings</key>
			<dict>
				<key>BUNDLE_LOADER</key>
				<string>$(TEST_HOST)</string>
				<key>INFOPLIST_FILE</key>
				<string>VeeContactPickerTests/Info.plist</string>
				<key>LD_RUNPATH_SEARCH_PATHS</key>
				<string>$(inherited) @executable_path/Frameworks @loader_path/Frameworks</string>
				<key>PRODUCT_BUNDLE_IDENTIFIER</key>
				<string>it.codeatlas.ios.VeeContactPickerTests</string>
				<key>PRODUCT_NAME</key>
				<string>$(TARGET_NAME)</string>
				<key>TEST_HOST</key>
				<string>$(BUILT_PRODUCTS_DIR)/VeeContactPicker.app/VeeContactPicker</string>
			</dict>
			<key>isa</key>
			<string>XCBuildConfiguration</string>
			<key>name</key>
			<string>Release</string>
		</dict>
		<key>860C629B1C28521200876682</key>
		<dict>
			<key>buildConfigurations</key>
			<array>
				<string>860C629C1C28521200876682</string>
				<string>860C629D1C28521200876682</string>
			</array>
			<key>defaultConfigurationIsVisible</key>
			<string>0</string>
			<key>defaultConfigurationName</key>
			<string>Release</string>
			<key>isa</key>
			<string>XCConfigurationList</string>
		</dict>
		<key>860C629C1C28521200876682</key>
		<dict>
			<key>buildSettings</key>
			<dict>
				<key>INFOPLIST_FILE</key>
				<string>VeeContactPickerUITests/Info.plist</string>
				<key>LD_RUNPATH_SEARCH_PATHS</key>
				<string>$(inherited) @executable_path/Frameworks @loader_path/Frameworks</string>
				<key>PRODUCT_BUNDLE_IDENTIFIER</key>
				<string>it.codeatlas.ios.VeeContactPickerUITests</string>
				<key>PRODUCT_NAME</key>
				<string>$(TARGET_NAME)</string>
				<key>TEST_TARGET_NAME</key>
				<string>VeeContactPicker</string>
				<key>USES_XCTRUNNER</key>
				<string>YES</string>
			</dict>
			<key>isa</key>
			<string>XCBuildConfiguration</string>
			<key>name</key>
			<string>Debug</string>
		</dict>
		<key>860C629D1C28521200876682</key>
		<dict>
			<key>buildSettings</key>
			<dict>
				<key>INFOPLIST_FILE</key>
				<string>VeeContactPickerUITests/Info.plist</string>
				<key>LD_RUNPATH_SEARCH_PATHS</key>
				<string>$(inherited) @executable_path/Frameworks @loader_path/Frameworks</string>
				<key>PRODUCT_BUNDLE_IDENTIFIER</key>
				<string>it.codeatlas.ios.VeeContactPickerUITests</string>
				<key>PRODUCT_NAME</key>
				<string>$(TARGET_NAME)</string>
				<key>TEST_TARGET_NAME</key>
				<string>VeeContactPicker</string>
				<key>USES_XCTRUNNER</key>
				<string>YES</string>
			</dict>
			<key>isa</key>
			<string>XCBuildConfiguration</string>
			<key>name</key>
			<string>Release</string>
		</dict>
		<key>860C629E1C28521C00876682</key>
		<dict>
			<key>children</key>
			<array>
				<string>860C626B1C28521200876682</string>
				<string>860C626E1C28521200876682</string>
				<string>860C626F1C28521200876682</string>
				<string>860C62771C28521200876682</string>
				<string>860C627C1C28521200876682</string>
				<string>860C62791C28521200876682</string>
				<string>860C62741C28521200876682</string>
				<string>860C62711C28521200876682</string>
				<string>860C62721C28521200876682</string>
			</array>
			<key>isa</key>
			<string>PBXGroup</string>
			<key>path</key>
			<string>VeeContactPickerExample</string>
			<key>sourceTree</key>
			<string>&lt;group&gt;</string>
		</dict>
		<key>860C629F1C28525E00876682</key>
		<dict>
			<key>isa</key>
			<string>PBXFileReference</string>
			<key>lastKnownFileType</key>
			<string>sourcecode.c.h</string>
			<key>path</key>
			<string>VeeContactProt.h</string>
			<key>sourceTree</key>
			<string>&lt;group&gt;</string>
		</dict>
		<key>860C62A41C28528E00876682</key>
		<dict>
			<key>fileEncoding</key>
			<string>4</string>
			<key>isa</key>
			<string>PBXFileReference</string>
			<key>lastKnownFileType</key>
			<string>sourcecode.c.h</string>
			<key>path</key>
			<string>VeeContactPickerDelegate.h</string>
			<key>sourceTree</key>
			<string>&lt;group&gt;</string>
		</dict>
		<key>860C62A51C28528E00876682</key>
		<dict>
			<key>fileEncoding</key>
			<string>4</string>
			<key>isa</key>
			<string>PBXFileReference</string>
			<key>lastKnownFileType</key>
			<string>sourcecode.c.h</string>
			<key>path</key>
			<string>VeeContactPickerViewController.h</string>
			<key>sourceTree</key>
			<string>&lt;group&gt;</string>
		</dict>
		<key>860C62A61C28528E00876682</key>
		<dict>
			<key>fileEncoding</key>
			<string>4</string>
			<key>isa</key>
			<string>PBXFileReference</string>
			<key>lastKnownFileType</key>
			<string>sourcecode.c.objc</string>
			<key>path</key>
			<string>VeeContactPickerViewController.m</string>
			<key>sourceTree</key>
			<string>&lt;group&gt;</string>
		</dict>
		<key>860C62A71C28528E00876682</key>
		<dict>
			<key>fileEncoding</key>
			<string>4</string>
			<key>isa</key>
			<string>PBXFileReference</string>
			<key>lastKnownFileType</key>
			<string>file.xib</string>
			<key>path</key>
			<string>VeeContactPickerViewController.xib</string>
			<key>sourceTree</key>
			<string>&lt;group&gt;</string>
		</dict>
		<key>860C62A81C28528E00876682</key>
		<dict>
			<key>fileEncoding</key>
			<string>4</string>
			<key>isa</key>
			<string>PBXFileReference</string>
			<key>lastKnownFileType</key>
			<string>sourcecode.c.h</string>
			<key>path</key>
			<string>VeeContactUITableViewCell.h</string>
			<key>sourceTree</key>
			<string>&lt;group&gt;</string>
		</dict>
		<key>860C62A91C28528E00876682</key>
		<dict>
			<key>fileEncoding</key>
			<string>4</string>
			<key>isa</key>
			<string>PBXFileReference</string>
			<key>lastKnownFileType</key>
			<string>sourcecode.c.objc</string>
			<key>path</key>
			<string>VeeContactUITableViewCell.m</string>
			<key>sourceTree</key>
			<string>&lt;group&gt;</string>
		</dict>
		<key>860C62AA1C28528E00876682</key>
		<dict>
			<key>fileEncoding</key>
			<string>4</string>
			<key>isa</key>
			<string>PBXFileReference</string>
			<key>lastKnownFileType</key>
			<string>file.xib</string>
			<key>path</key>
			<string>VeeContactUITableViewCell.xib</string>
			<key>sourceTree</key>
			<string>&lt;group&gt;</string>
		</dict>
		<key>860C62AB1C28528E00876682</key>
		<dict>
			<key>fileRef</key>
			<string>860C62A61C28528E00876682</string>
			<key>isa</key>
			<string>PBXBuildFile</string>
		</dict>
		<key>860C62AC1C28528E00876682</key>
		<dict>
			<key>fileRef</key>
			<string>860C62A71C28528E00876682</string>
			<key>isa</key>
			<string>PBXBuildFile</string>
		</dict>
		<key>860C62AD1C28528E00876682</key>
		<dict>
			<key>fileRef</key>
			<string>860C62A91C28528E00876682</string>
			<key>isa</key>
			<string>PBXBuildFile</string>
		</dict>
		<key>860C62AE1C28528E00876682</key>
		<dict>
			<key>fileRef</key>
			<string>860C62AA1C28528E00876682</string>
			<key>isa</key>
			<string>PBXBuildFile</string>
		</dict>
		<key>860C62AF1C28529700876682</key>
		<dict>
			<key>children</key>
			<array>
				<string>86DCEEFA1C96DB2900EC7FD6</string>
				<string>86D7F7901C8ED8A40060FA7A</string>
				<string>867AD8741CA042EC009A26A2</string>
			</array>
			<key>isa</key>
			<string>PBXGroup</string>
			<key>path</key>
			<string>Classes</string>
			<key>sourceTree</key>
			<string>&lt;group&gt;</string>
		</dict>
		<key>860C62B11C2852AD00876682</key>
		<dict>
			<key>children</key>
			<array>
				<string>860C62B31C2852DA00876682</string>
				<string>86EA99521CAD13B000DBC303</string>
				<string>860C62A41C28528E00876682</string>
				<string>860C62A51C28528E00876682</string>
				<string>860C62A61C28528E00876682</string>
			</array>
			<key>isa</key>
			<string>PBXGroup</string>
			<key>path</key>
			<string>ViewController</string>
			<key>sourceTree</key>
			<string>&lt;group&gt;</string>
		</dict>
		<key>860C62B21C2852BB00876682</key>
		<dict>
			<key>children</key>
			<array>
				<string>860C62A71C28528E00876682</string>
				<string>860C62AA1C28528E00876682</string>
			</array>
			<key>isa</key>
			<string>PBXGroup</string>
			<key>path</key>
			<string>Xibs</string>
			<key>sourceTree</key>
			<string>&lt;group&gt;</string>
		</dict>
		<key>860C62B31C2852DA00876682</key>
		<dict>
			<key>children</key>
			<array>
				<string>8644055B1CA970970003B355</string>
				<string>8644055C1CA970970003B355</string>
				<string>860C62A81C28528E00876682</string>
				<string>860C62A91C28528E00876682</string>
			</array>
			<key>isa</key>
			<string>PBXGroup</string>
			<key>path</key>
			<string>UITableViewCells</string>
			<key>sourceTree</key>
			<string>&lt;group&gt;</string>
		</dict>
		<key>860C62B41C2854CB00876682</key>
		<dict>
			<key>fileEncoding</key>
			<string>4</string>
			<key>isa</key>
			<string>PBXFileReference</string>
			<key>lastKnownFileType</key>
			<string>sourcecode.c.h</string>
			<key>path</key>
			<string>VeeContact.h</string>
			<key>sourceTree</key>
			<string>&lt;group&gt;</string>
		</dict>
		<key>860C62B51C2854CB00876682</key>
		<dict>
			<key>fileEncoding</key>
			<string>4</string>
			<key>isa</key>
			<string>PBXFileReference</string>
			<key>lastKnownFileType</key>
			<string>sourcecode.c.objc</string>
			<key>path</key>
			<string>VeeContact.m</string>
			<key>sourceTree</key>
			<string>&lt;group&gt;</string>
		</dict>
		<key>860C62B61C2854CB00876682</key>
		<dict>
			<key>fileRef</key>
			<string>860C62B51C2854CB00876682</string>
			<key>isa</key>
			<string>PBXBuildFile</string>
		</dict>
		<key>861046C11C8F253F00DFA690</key>
		<dict>
			<key>fileEncoding</key>
			<string>4</string>
			<key>isa</key>
			<string>PBXFileReference</string>
			<key>lastKnownFileType</key>
			<string>sourcecode.c.objc</string>
			<key>path</key>
			<string>VeeContactTests.m</string>
			<key>sourceTree</key>
			<string>&lt;group&gt;</string>
		</dict>
		<key>861046C21C8F253F00DFA690</key>
		<dict>
			<key>fileRef</key>
			<string>861046C11C8F253F00DFA690</string>
			<key>isa</key>
			<string>PBXBuildFile</string>
		</dict>
		<key>861046C61C8F2E5F00DFA690</key>
		<dict>
			<key>fileEncoding</key>
			<string>4</string>
			<key>isa</key>
			<string>PBXFileReference</string>
			<key>lastKnownFileType</key>
			<string>sourcecode.c.h</string>
			<key>path</key>
			<string>VeeAddressBookForTesting.h</string>
			<key>sourceTree</key>
			<string>&lt;group&gt;</string>
		</dict>
		<key>861046C71C8F2E5F00DFA690</key>
		<dict>
			<key>fileEncoding</key>
			<string>4</string>
			<key>isa</key>
			<string>PBXFileReference</string>
			<key>lastKnownFileType</key>
			<string>sourcecode.c.objc</string>
			<key>path</key>
			<string>VeeAddressBookForTesting.m</string>
			<key>sourceTree</key>
			<string>&lt;group&gt;</string>
		</dict>
		<key>861046C81C8F2E5F00DFA690</key>
		<dict>
			<key>fileRef</key>
			<string>861046C71C8F2E5F00DFA690</string>
			<key>isa</key>
			<string>PBXBuildFile</string>
		</dict>
		<key>8622C3431CABDD6A009EB7A1</key>
		<dict>
			<key>fileEncoding</key>
			<string>4</string>
			<key>isa</key>
			<string>PBXFileReference</string>
			<key>lastKnownFileType</key>
			<string>sourcecode.c.h</string>
			<key>path</key>
			<string>NSObject+VeeCommons.h</string>
			<key>sourceTree</key>
			<string>&lt;group&gt;</string>
		</dict>
		<key>8622C3441CABDD6A009EB7A1</key>
		<dict>
			<key>fileEncoding</key>
			<string>4</string>
			<key>isa</key>
			<string>PBXFileReference</string>
			<key>lastKnownFileType</key>
			<string>sourcecode.c.objc</string>
			<key>path</key>
			<string>NSObject+VeeCommons.m</string>
			<key>sourceTree</key>
			<string>&lt;group&gt;</string>
		</dict>
		<key>8622C3451CABDD6A009EB7A1</key>
		<dict>
			<key>fileRef</key>
			<string>8622C3441CABDD6A009EB7A1</string>
			<key>isa</key>
			<string>PBXBuildFile</string>
		</dict>
		<key>8622C3491CABE592009EB7A1</key>
		<dict>
			<key>fileEncoding</key>
			<string>4</string>
			<key>isa</key>
			<string>PBXFileReference</string>
			<key>lastKnownFileType</key>
			<string>sourcecode.c.h</string>
			<key>path</key>
			<string>VeeContactFactoryProt.h</string>
			<key>sourceTree</key>
			<string>&lt;group&gt;</string>
		</dict>
		<key>8622C34A1CABE7C8009EB7A1</key>
		<dict>
			<key>fileEncoding</key>
			<string>4</string>
			<key>isa</key>
			<string>PBXFileReference</string>
			<key>lastKnownFileType</key>
			<string>sourcecode.c.h</string>
			<key>path</key>
			<string>VeeContactProtFactoryProducer.h</string>
			<key>sourceTree</key>
			<string>&lt;group&gt;</string>
		</dict>
		<key>8622C34B1CABE7C8009EB7A1</key>
		<dict>
			<key>fileEncoding</key>
			<string>4</string>
			<key>isa</key>
			<string>PBXFileReference</string>
			<key>lastKnownFileType</key>
			<string>sourcecode.c.objc</string>
			<key>path</key>
			<string>VeeContactProtFactoryProducer.m</string>
			<key>sourceTree</key>
			<string>&lt;group&gt;</string>
		</dict>
		<key>8622C34C1CABE7C8009EB7A1</key>
		<dict>
			<key>fileRef</key>
			<string>8622C34B1CABE7C8009EB7A1</string>
			<key>isa</key>
			<string>PBXBuildFile</string>
		</dict>
		<key>8622C34D1CABE7CF009EB7A1</key>
		<dict>
			<key>children</key>
			<array>
				<string>8606969A1CA1618F00997F09</string>
				<string>8606969B1CA1618F00997F09</string>
				<string>8622C3491CABE592009EB7A1</string>
				<string>8622C34A1CABE7C8009EB7A1</string>
				<string>8622C34B1CABE7C8009EB7A1</string>
			</array>
			<key>isa</key>
			<string>PBXGroup</string>
			<key>name</key>
			<string>VeeContact Abstract Factory</string>
			<key>path</key>
			<string>VeeContact Abstract Factory</string>
			<key>sourceTree</key>
			<string>&lt;group&gt;</string>
		</dict>
		<key>862BB6791C9C42A900A71ED6</key>
		<dict>
			<key>fileEncoding</key>
			<string>4</string>
			<key>isa</key>
			<string>PBXFileReference</string>
			<key>lastKnownFileType</key>
			<string>sourcecode.c.h</string>
			<key>path</key>
			<string>VeeSectionedArrayDataSource.h</string>
			<key>sourceTree</key>
			<string>&lt;group&gt;</string>
		</dict>
		<key>862BB67A1C9C42A900A71ED6</key>
		<dict>
			<key>fileEncoding</key>
			<string>4</string>
			<key>isa</key>
			<string>PBXFileReference</string>
			<key>lastKnownFileType</key>
			<string>sourcecode.c.objc</string>
			<key>path</key>
			<string>VeeSectionedArrayDataSource.m</string>
			<key>sourceTree</key>
			<string>&lt;group&gt;</string>
		</dict>
		<key>862BB67B1C9C42A900A71ED6</key>
		<dict>
			<key>fileRef</key>
			<string>862BB67A1C9C42A900A71ED6</string>
			<key>isa</key>
			<string>PBXBuildFile</string>
		</dict>
		<key>862BB67C1C9C458500A71ED6</key>
		<dict>
			<key>fileEncoding</key>
			<string>4</string>
			<key>isa</key>
			<string>PBXFileReference</string>
			<key>lastKnownFileType</key>
			<string>sourcecode.c.h</string>
			<key>path</key>
			<string>VeeSectionable.h</string>
			<key>sourceTree</key>
			<string>&lt;group&gt;</string>
		</dict>
		<key>862F859C1CA141BD004EF57F</key>
		<dict>
			<key>children</key>
			<array>
				<string>86DCEEFE1C96DD4900EC7FD6</string>
				<string>86DCEEFF1C96DD4900EC7FD6</string>
				<string>864194EF1C96D169005DC2D6</string>
				<string>864194F01C96D169005DC2D6</string>
				<string>864194EC1C96CE60005DC2D6</string>
				<string>864194ED1C96CE60005DC2D6</string>
				<string>864194F61C96D7C0005DC2D6</string>
				<string>864194F71C96D7C0005DC2D6</string>
			</array>
			<key>isa</key>
			<string>PBXGroup</string>
			<key>path</key>
			<string>ContactPicker</string>
			<key>sourceTree</key>
			<string>&lt;group&gt;</string>
		</dict>
		<key>862F859D1CA14435004EF57F</key>
		<dict>
			<key>fileEncoding</key>
			<string>4</string>
			<key>isa</key>
			<string>PBXFileReference</string>
			<key>lastKnownFileType</key>
			<string>sourcecode.c.h</string>
			<key>path</key>
			<string>VeeABRecord.h</string>
			<key>sourceTree</key>
			<string>&lt;group&gt;</string>
		</dict>
		<key>862F859E1CA14435004EF57F</key>
		<dict>
			<key>fileEncoding</key>
			<string>4</string>
			<key>isa</key>
			<string>PBXFileReference</string>
			<key>lastKnownFileType</key>
			<string>sourcecode.c.objc</string>
			<key>path</key>
			<string>VeeABRecord.m</string>
			<key>sourceTree</key>
			<string>&lt;group&gt;</string>
		</dict>
		<key>862F859F1CA14435004EF57F</key>
		<dict>
			<key>fileRef</key>
			<string>862F859E1CA14435004EF57F</string>
			<key>isa</key>
			<string>PBXBuildFile</string>
		</dict>
		<key>862F85A01CA1473C004EF57F</key>
		<dict>
			<key>fileEncoding</key>
			<string>4</string>
			<key>isa</key>
			<string>PBXFileReference</string>
			<key>lastKnownFileType</key>
			<string>sourcecode.c.objc</string>
			<key>path</key>
			<string>VeeABRecordTests.m</string>
			<key>sourceTree</key>
			<string>&lt;group&gt;</string>
		</dict>
		<key>862F85A11CA1473C004EF57F</key>
		<dict>
			<key>fileRef</key>
			<string>862F85A01CA1473C004EF57F</string>
			<key>isa</key>
			<string>PBXBuildFile</string>
		</dict>
		<key>862F85A21CA14762004EF57F</key>
		<dict>
			<key>children</key>
			<array>
				<string>86B8A6C01C99A4E600F48CBD</string>
				<string>86B8A6BC1C99A49600F48CBD</string>
				<string>86B8A6BE1C99A4D200F48CBD</string>
			</array>
			<key>isa</key>
			<string>PBXGroup</string>
			<key>path</key>
			<string>ContactPicker</string>
			<key>sourceTree</key>
			<string>&lt;group&gt;</string>
		</dict>
		<key>862F85A31CA147AB004EF57F</key>
		<dict>
			<key>children</key>
			<array>
				<string>86B756A81CAA8C200033D286</string>
				<string>867AD8781CA0436B009A26A2</string>
			</array>
			<key>isa</key>
			<string>PBXGroup</string>
			<key>name</key>
			<string>Utils and categories</string>
			<key>path</key>
			<string>Utils and categories</string>
			<key>sourceTree</key>
			<string>&lt;group&gt;</string>
		</dict>
		<key>864194EC1C96CE60005DC2D6</key>
		<dict>
			<key>fileEncoding</key>
			<string>4</string>
			<key>isa</key>
			<string>PBXFileReference</string>
			<key>lastKnownFileType</key>
			<string>sourcecode.c.h</string>
			<key>path</key>
			<string>VeeContactPickerOptions.h</string>
			<key>sourceTree</key>
			<string>&lt;group&gt;</string>
		</dict>
		<key>864194ED1C96CE60005DC2D6</key>
		<dict>
			<key>fileEncoding</key>
			<string>4</string>
			<key>isa</key>
			<string>PBXFileReference</string>
			<key>lastKnownFileType</key>
			<string>sourcecode.c.objc</string>
			<key>path</key>
			<string>VeeContactPickerOptions.m</string>
			<key>sourceTree</key>
			<string>&lt;group&gt;</string>
		</dict>
		<key>864194EE1C96CE60005DC2D6</key>
		<dict>
			<key>fileRef</key>
			<string>864194ED1C96CE60005DC2D6</string>
			<key>isa</key>
			<string>PBXBuildFile</string>
		</dict>
		<key>864194EF1C96D169005DC2D6</key>
		<dict>
			<key>fileEncoding</key>
			<string>4</string>
			<key>isa</key>
			<string>PBXFileReference</string>
			<key>lastKnownFileType</key>
			<string>sourcecode.c.h</string>
			<key>path</key>
			<string>VeeContactPickerConstants.h</string>
			<key>sourceTree</key>
			<string>&lt;group&gt;</string>
		</dict>
		<key>864194F01C96D169005DC2D6</key>
		<dict>
			<key>fileEncoding</key>
			<string>4</string>
			<key>isa</key>
			<string>PBXFileReference</string>
			<key>lastKnownFileType</key>
			<string>sourcecode.c.objc</string>
			<key>path</key>
			<string>VeeContactPickerConstants.m</string>
			<key>sourceTree</key>
			<string>&lt;group&gt;</string>
		</dict>
		<key>864194F11C96D169005DC2D6</key>
		<dict>
			<key>fileRef</key>
			<string>864194F01C96D169005DC2D6</string>
			<key>isa</key>
			<string>PBXBuildFile</string>
		</dict>
		<key>864194F61C96D7C0005DC2D6</key>
		<dict>
			<key>fileEncoding</key>
			<string>4</string>
			<key>isa</key>
			<string>PBXFileReference</string>
			<key>lastKnownFileType</key>
			<string>sourcecode.c.h</string>
			<key>path</key>
			<string>VeeContactPickerStrings.h</string>
			<key>sourceTree</key>
			<string>&lt;group&gt;</string>
		</dict>
		<key>864194F71C96D7C0005DC2D6</key>
		<dict>
			<key>fileEncoding</key>
			<string>4</string>
			<key>isa</key>
			<string>PBXFileReference</string>
			<key>lastKnownFileType</key>
			<string>sourcecode.c.objc</string>
			<key>path</key>
			<string>VeeContactPickerStrings.m</string>
			<key>sourceTree</key>
			<string>&lt;group&gt;</string>
		</dict>
		<key>864194F81C96D7C0005DC2D6</key>
		<dict>
			<key>fileRef</key>
			<string>864194F71C96D7C0005DC2D6</string>
			<key>isa</key>
			<string>PBXBuildFile</string>
		</dict>
		<key>864405501CA568730003B355</key>
		<dict>
			<key>fileEncoding</key>
			<string>4</string>
			<key>isa</key>
			<string>PBXFileReference</string>
			<key>lastKnownFileType</key>
			<string>sourcecode.c.h</string>
			<key>path</key>
			<string>VeeTableViewSearchDelegate.h</string>
			<key>sourceTree</key>
			<string>&lt;group&gt;</string>
		</dict>
		<key>864405511CA568730003B355</key>
		<dict>
			<key>fileEncoding</key>
			<string>4</string>
			<key>isa</key>
			<string>PBXFileReference</string>
			<key>lastKnownFileType</key>
			<string>sourcecode.c.objc</string>
			<key>path</key>
			<string>VeeTableViewSearchDelegate.m</string>
			<key>sourceTree</key>
			<string>&lt;group&gt;</string>
		</dict>
		<key>864405521CA568730003B355</key>
		<dict>
			<key>fileRef</key>
			<string>864405511CA568730003B355</string>
			<key>isa</key>
			<string>PBXBuildFile</string>
		</dict>
		<key>864405531CA56A070003B355</key>
		<dict>
			<key>fileEncoding</key>
			<string>4</string>
			<key>isa</key>
			<string>PBXFileReference</string>
			<key>lastKnownFileType</key>
			<string>sourcecode.c.h</string>
			<key>path</key>
			<string>VeeSearchResultsDelegate.h</string>
			<key>sourceTree</key>
			<string>&lt;group&gt;</string>
		</dict>
		<key>864405561CA58A030003B355</key>
		<dict>
			<key>fileEncoding</key>
			<string>4</string>
			<key>isa</key>
			<string>PBXFileReference</string>
			<key>lastKnownFileType</key>
			<string>sourcecode.c.objc</string>
			<key>name</key>
			<string>VeeTableViewSearchDelegateTests.m</string>
			<key>path</key>
			<string>VeeTableViewSearchDelegateTests.m</string>
			<key>sourceTree</key>
			<string>&lt;group&gt;</string>
		</dict>
		<key>864405571CA58A030003B355</key>
		<dict>
			<key>fileRef</key>
			<string>864405561CA58A030003B355</string>
			<key>isa</key>
			<string>PBXBuildFile</string>
		</dict>
		<key>864405581CA965E80003B355</key>
		<dict>
			<key>fileEncoding</key>
			<string>4</string>
			<key>isa</key>
			<string>PBXFileReference</string>
			<key>lastKnownFileType</key>
			<string>sourcecode.c.h</string>
			<key>path</key>
			<string>VeeSearchResultsDelegateForTesting.h</string>
			<key>sourceTree</key>
			<string>&lt;group&gt;</string>
		</dict>
		<key>864405591CA965E80003B355</key>
		<dict>
			<key>fileEncoding</key>
			<string>4</string>
			<key>isa</key>
			<string>PBXFileReference</string>
			<key>lastKnownFileType</key>
			<string>sourcecode.c.objc</string>
			<key>path</key>
			<string>VeeSearchResultsDelegateForTesting.m</string>
			<key>sourceTree</key>
			<string>&lt;group&gt;</string>
		</dict>
		<key>8644055A1CA965E80003B355</key>
		<dict>
			<key>fileRef</key>
			<string>864405591CA965E80003B355</string>
			<key>isa</key>
			<string>PBXBuildFile</string>
		</dict>
		<key>8644055B1CA970970003B355</key>
		<dict>
			<key>fileEncoding</key>
			<string>4</string>
			<key>isa</key>
			<string>PBXFileReference</string>
			<key>lastKnownFileType</key>
			<string>sourcecode.c.h</string>
			<key>name</key>
			<string>VeeContactCellConfiguration.h</string>
			<key>path</key>
			<string>VeeContactCellConfiguration.h</string>
			<key>sourceTree</key>
			<string>&lt;group&gt;</string>
		</dict>
		<key>8644055C1CA970970003B355</key>
		<dict>
			<key>fileEncoding</key>
			<string>4</string>
			<key>isa</key>
			<string>PBXFileReference</string>
			<key>lastKnownFileType</key>
			<string>sourcecode.c.objc</string>
			<key>name</key>
			<string>VeeContactCellConfiguration.m</string>
			<key>path</key>
			<string>VeeContactCellConfiguration.m</string>
			<key>sourceTree</key>
			<string>&lt;group&gt;</string>
		</dict>
		<key>8644055D1CA970970003B355</key>
		<dict>
			<key>fileRef</key>
			<string>8644055C1CA970970003B355</string>
			<key>isa</key>
			<string>PBXBuildFile</string>
		</dict>
		<key>8644055E1CA974190003B355</key>
		<dict>
			<key>fileEncoding</key>
			<string>4</string>
			<key>isa</key>
			<string>PBXFileReference</string>
			<key>lastKnownFileType</key>
			<string>sourcecode.c.objc</string>
			<key>path</key>
			<string>VeeContactCellConfigurationTests.m</string>
			<key>sourceTree</key>
			<string>&lt;group&gt;</string>
		</dict>
		<key>8644055F1CA974190003B355</key>
		<dict>
			<key>fileRef</key>
			<string>8644055E1CA974190003B355</string>
			<key>isa</key>
			<string>PBXBuildFile</string>
		</dict>
		<key>864AFE2F1C91913F002F4BF7</key>
		<dict>
			<key>fileEncoding</key>
			<string>4</string>
			<key>isa</key>
			<string>PBXFileReference</string>
			<key>lastKnownFileType</key>
			<string>sourcecode.c.h</string>
			<key>path</key>
			<string>VeeAddressBookForTestingConstants.h</string>
			<key>sourceTree</key>
			<string>&lt;group&gt;</string>
		</dict>
		<key>864AFE301C91913F002F4BF7</key>
		<dict>
			<key>fileEncoding</key>
			<string>4</string>
			<key>isa</key>
			<string>PBXFileReference</string>
			<key>lastKnownFileType</key>
			<string>sourcecode.c.objc</string>
			<key>path</key>
			<string>VeeAddressBookForTestingConstants.m</string>
			<key>sourceTree</key>
			<string>&lt;group&gt;</string>
		</dict>
		<key>864AFE311C91913F002F4BF7</key>
		<dict>
			<key>fileRef</key>
			<string>864AFE301C91913F002F4BF7</string>
			<key>isa</key>
			<string>PBXBuildFile</string>
		</dict>
		<key>8676C5901C93151100054446</key>
		<dict>
			<key>fileEncoding</key>
			<string>4</string>
			<key>isa</key>
			<string>PBXFileReference</string>
			<key>lastKnownFileType</key>
			<string>text</string>
			<key>path</key>
			<string>vee_testing_ab.vcf</string>
			<key>sourceTree</key>
			<string>&lt;group&gt;</string>
		</dict>
		<key>8676C5911C93151100054446</key>
		<dict>
			<key>fileRef</key>
			<string>8676C5901C93151100054446</string>
			<key>isa</key>
			<string>PBXBuildFile</string>
		</dict>
		<key>867AD86D1C9C855A009A26A2</key>
		<dict>
			<key>fileEncoding</key>
			<string>4</string>
			<key>isa</key>
			<string>PBXFileReference</string>
			<key>lastKnownFileType</key>
			<string>sourcecode.c.objc</string>
			<key>name</key>
			<string>VeeSectionedArrayDataSourceTests.m</string>
			<key>path</key>
			<string>VeeSectionedArrayDataSourceTests.m</string>
			<key>sourceTree</key>
			<string>&lt;group&gt;</string>
		</dict>
		<key>867AD86E1C9C855A009A26A2</key>
		<dict>
			<key>fileRef</key>
			<string>867AD86D1C9C855A009A26A2</string>
			<key>isa</key>
			<string>PBXBuildFile</string>
		</dict>
		<key>867AD86F1C9DA79D009A26A2</key>
		<dict>
			<key>fileEncoding</key>
			<string>4</string>
			<key>isa</key>
			<string>PBXFileReference</string>
			<key>lastKnownFileType</key>
			<string>sourcecode.c.h</string>
			<key>path</key>
			<string>VeeSectionableForTesting.h</string>
			<key>sourceTree</key>
			<string>&lt;group&gt;</string>
		</dict>
		<key>867AD8701C9DA79D009A26A2</key>
		<dict>
			<key>fileEncoding</key>
			<string>4</string>
			<key>isa</key>
			<string>PBXFileReference</string>
			<key>lastKnownFileType</key>
			<string>sourcecode.c.objc</string>
			<key>path</key>
			<string>VeeSectionableForTesting.m</string>
			<key>sourceTree</key>
			<string>&lt;group&gt;</string>
		</dict>
		<key>867AD8711C9DA79D009A26A2</key>
		<dict>
			<key>fileRef</key>
			<string>867AD8701C9DA79D009A26A2</string>
			<key>isa</key>
			<string>PBXBuildFile</string>
		</dict>
		<key>867AD8741CA042EC009A26A2</key>
		<dict>
			<key>children</key>
			<array>
				<string>8622C3431CABDD6A009EB7A1</string>
				<string>8622C3441CABDD6A009EB7A1</string>
				<string>86F12ABE1C3C0CF900F584C2</string>
				<string>86F12ABF1C3C0CF900F584C2</string>
				<string>867AD8751CA04300009A26A2</string>
				<string>867AD8761CA04300009A26A2</string>
			</array>
			<key>isa</key>
			<string>PBXGroup</string>
			<key>name</key>
			<string>Utils and categories</string>
			<key>path</key>
			<string>Utils and categories</string>
			<key>sourceTree</key>
			<string>&lt;group&gt;</string>
		</dict>
		<key>867AD8751CA04300009A26A2</key>
		<dict>
			<key>fileEncoding</key>
			<string>4</string>
			<key>isa</key>
			<string>PBXFileReference</string>
			<key>lastKnownFileType</key>
			<string>sourcecode.c.h</string>
			<key>path</key>
			<string>VeeIsEmpty.h</string>
			<key>sourceTree</key>
			<string>&lt;group&gt;</string>
		</dict>
		<key>867AD8761CA04300009A26A2</key>
		<dict>
			<key>fileEncoding</key>
			<string>4</string>
			<key>isa</key>
			<string>PBXFileReference</string>
			<key>lastKnownFileType</key>
			<string>sourcecode.c.objc</string>
			<key>path</key>
			<string>VeeIsEmpty.m</string>
			<key>sourceTree</key>
			<string>&lt;group&gt;</string>
		</dict>
		<key>867AD8771CA04300009A26A2</key>
		<dict>
			<key>fileRef</key>
			<string>867AD8761CA04300009A26A2</string>
			<key>isa</key>
			<string>PBXBuildFile</string>
		</dict>
		<key>867AD8781CA0436B009A26A2</key>
		<dict>
			<key>fileEncoding</key>
			<string>4</string>
			<key>isa</key>
			<string>PBXFileReference</string>
			<key>lastKnownFileType</key>
			<string>sourcecode.c.objc</string>
			<key>path</key>
			<string>VeeIsEmptyTests.m</string>
			<key>sourceTree</key>
			<string>&lt;group&gt;</string>
		</dict>
		<key>867AD8791CA0436B009A26A2</key>
		<dict>
			<key>fileRef</key>
			<string>867AD8781CA0436B009A26A2</string>
			<key>isa</key>
			<string>PBXBuildFile</string>
		</dict>
		<key>868BAB6F1CA2BFAB00B0B0A4</key>
		<dict>
			<key>fileRef</key>
			<string>86C08D161CA1520900319B5A</string>
			<key>isa</key>
			<string>PBXBuildFile</string>
		</dict>
		<key>868BAB701CA2BFAD00B0B0A4</key>
		<dict>
			<key>fileRef</key>
			<string>860696921CA15BC500997F09</string>
			<key>isa</key>
			<string>PBXBuildFile</string>
		</dict>
		<key>868BAB711CA2BFB000B0B0A4</key>
		<dict>
			<key>fileRef</key>
			<string>86C08D181CA1523400319B5A</string>
			<key>isa</key>
			<string>PBXBuildFile</string>
		</dict>
		<key>868BAB721CA2BFB300B0B0A4</key>
		<dict>
			<key>fileRef</key>
			<string>86C08D1A1CA152D800319B5A</string>
			<key>isa</key>
			<string>PBXBuildFile</string>
		</dict>
		<key>868BAB731CA2BFB600B0B0A4</key>
		<dict>
			<key>fileRef</key>
			<string>860696941CA15DDB00997F09</string>
			<key>isa</key>
			<string>PBXBuildFile</string>
		</dict>
		<key>868BAB741CA2BFB900B0B0A4</key>
		<dict>
			<key>fileRef</key>
			<string>860696961CA15DE500997F09</string>
			<key>isa</key>
			<string>PBXBuildFile</string>
		</dict>
		<key>868BAB751CA2BFBB00B0B0A4</key>
		<dict>
			<key>fileRef</key>
			<string>86C08D1C1CA1530F00319B5A</string>
			<key>isa</key>
			<string>PBXBuildFile</string>
		</dict>
		<key>868BAB761CA2C13600B0B0A4</key>
		<dict>
			<key>children</key>
			<array>
				<string>868BAB771CA2C14400B0B0A4</string>
				<string>868BAB781CA2C14400B0B0A4</string>
				<string>868BAB791CA2C14400B0B0A4</string>
				<string>868BAB7A1CA2C14400B0B0A4</string>
				<string>868BAB7B1CA2C14400B0B0A4</string>
				<string>868BAB7C1CA2C14400B0B0A4</string>
				<string>868BAB7D1CA2C14400B0B0A4</string>
				<string>868BAB7E1CA2C14400B0B0A4</string>
				<string>868BAB7F1CA2C14400B0B0A4</string>
			</array>
			<key>isa</key>
			<string>PBXGroup</string>
			<key>path</key>
			<string>Portraits</string>
			<key>sourceTree</key>
			<string>&lt;group&gt;</string>
		</dict>
		<key>868BAB771CA2C14400B0B0A4</key>
		<dict>
			<key>isa</key>
			<string>PBXFileReference</string>
			<key>lastKnownFileType</key>
			<string>image.jpeg</string>
			<key>path</key>
			<string>portrait_1.jpg</string>
			<key>sourceTree</key>
			<string>&lt;group&gt;</string>
		</dict>
		<key>868BAB781CA2C14400B0B0A4</key>
		<dict>
			<key>isa</key>
			<string>PBXFileReference</string>
			<key>lastKnownFileType</key>
			<string>image.jpeg</string>
			<key>path</key>
			<string>portrait_2.jpg</string>
			<key>sourceTree</key>
			<string>&lt;group&gt;</string>
		</dict>
		<key>868BAB791CA2C14400B0B0A4</key>
		<dict>
			<key>isa</key>
			<string>PBXFileReference</string>
			<key>lastKnownFileType</key>
			<string>image.jpeg</string>
			<key>path</key>
			<string>portrait_3.jpg</string>
			<key>sourceTree</key>
			<string>&lt;group&gt;</string>
		</dict>
		<key>868BAB7A1CA2C14400B0B0A4</key>
		<dict>
			<key>isa</key>
			<string>PBXFileReference</string>
			<key>lastKnownFileType</key>
			<string>image.jpeg</string>
			<key>path</key>
			<string>portrait_4.jpg</string>
			<key>sourceTree</key>
			<string>&lt;group&gt;</string>
		</dict>
		<key>868BAB7B1CA2C14400B0B0A4</key>
		<dict>
			<key>isa</key>
			<string>PBXFileReference</string>
			<key>lastKnownFileType</key>
			<string>image.jpeg</string>
			<key>path</key>
			<string>portrait_5.jpg</string>
			<key>sourceTree</key>
			<string>&lt;group&gt;</string>
		</dict>
		<key>868BAB7C1CA2C14400B0B0A4</key>
		<dict>
			<key>isa</key>
			<string>PBXFileReference</string>
			<key>lastKnownFileType</key>
			<string>image.jpeg</string>
			<key>path</key>
			<string>portrait_6.jpg</string>
			<key>sourceTree</key>
			<string>&lt;group&gt;</string>
		</dict>
		<key>868BAB7D1CA2C14400B0B0A4</key>
		<dict>
			<key>isa</key>
			<string>PBXFileReference</string>
			<key>lastKnownFileType</key>
			<string>image.jpeg</string>
			<key>path</key>
			<string>portrait_7.jpg</string>
			<key>sourceTree</key>
			<string>&lt;group&gt;</string>
		</dict>
		<key>868BAB7E1CA2C14400B0B0A4</key>
		<dict>
			<key>isa</key>
			<string>PBXFileReference</string>
			<key>lastKnownFileType</key>
			<string>image.jpeg</string>
			<key>path</key>
			<string>portrait_8.jpg</string>
			<key>sourceTree</key>
			<string>&lt;group&gt;</string>
		</dict>
		<key>868BAB7F1CA2C14400B0B0A4</key>
		<dict>
			<key>isa</key>
			<string>PBXFileReference</string>
			<key>lastKnownFileType</key>
			<string>image.jpeg</string>
			<key>path</key>
			<string>portrait_9.jpg</string>
			<key>sourceTree</key>
			<string>&lt;group&gt;</string>
		</dict>
		<key>868BAB801CA2C14400B0B0A4</key>
		<dict>
			<key>fileRef</key>
			<string>868BAB771CA2C14400B0B0A4</string>
			<key>isa</key>
			<string>PBXBuildFile</string>
		</dict>
		<key>868BAB811CA2C14400B0B0A4</key>
		<dict>
			<key>fileRef</key>
			<string>868BAB771CA2C14400B0B0A4</string>
			<key>isa</key>
			<string>PBXBuildFile</string>
		</dict>
		<key>868BAB821CA2C14400B0B0A4</key>
		<dict>
			<key>fileRef</key>
			<string>868BAB781CA2C14400B0B0A4</string>
			<key>isa</key>
			<string>PBXBuildFile</string>
		</dict>
		<key>868BAB831CA2C14400B0B0A4</key>
		<dict>
			<key>fileRef</key>
			<string>868BAB781CA2C14400B0B0A4</string>
			<key>isa</key>
			<string>PBXBuildFile</string>
		</dict>
		<key>868BAB841CA2C14400B0B0A4</key>
		<dict>
			<key>fileRef</key>
			<string>868BAB791CA2C14400B0B0A4</string>
			<key>isa</key>
			<string>PBXBuildFile</string>
		</dict>
		<key>868BAB851CA2C14400B0B0A4</key>
		<dict>
			<key>fileRef</key>
			<string>868BAB791CA2C14400B0B0A4</string>
			<key>isa</key>
			<string>PBXBuildFile</string>
		</dict>
		<key>868BAB861CA2C14400B0B0A4</key>
		<dict>
			<key>fileRef</key>
			<string>868BAB7A1CA2C14400B0B0A4</string>
			<key>isa</key>
			<string>PBXBuildFile</string>
		</dict>
		<key>868BAB871CA2C14400B0B0A4</key>
		<dict>
			<key>fileRef</key>
			<string>868BAB7A1CA2C14400B0B0A4</string>
			<key>isa</key>
			<string>PBXBuildFile</string>
		</dict>
		<key>868BAB881CA2C14400B0B0A4</key>
		<dict>
			<key>fileRef</key>
			<string>868BAB7B1CA2C14400B0B0A4</string>
			<key>isa</key>
			<string>PBXBuildFile</string>
		</dict>
		<key>868BAB891CA2C14400B0B0A4</key>
		<dict>
			<key>fileRef</key>
			<string>868BAB7B1CA2C14400B0B0A4</string>
			<key>isa</key>
			<string>PBXBuildFile</string>
		</dict>
		<key>868BAB8A1CA2C14400B0B0A4</key>
		<dict>
			<key>fileRef</key>
			<string>868BAB7C1CA2C14400B0B0A4</string>
			<key>isa</key>
			<string>PBXBuildFile</string>
		</dict>
		<key>868BAB8B1CA2C14400B0B0A4</key>
		<dict>
			<key>fileRef</key>
			<string>868BAB7C1CA2C14400B0B0A4</string>
			<key>isa</key>
			<string>PBXBuildFile</string>
		</dict>
		<key>868BAB8C1CA2C14400B0B0A4</key>
		<dict>
			<key>fileRef</key>
			<string>868BAB7D1CA2C14400B0B0A4</string>
			<key>isa</key>
			<string>PBXBuildFile</string>
		</dict>
		<key>868BAB8D1CA2C14400B0B0A4</key>
		<dict>
			<key>fileRef</key>
			<string>868BAB7D1CA2C14400B0B0A4</string>
			<key>isa</key>
			<string>PBXBuildFile</string>
		</dict>
		<key>868BAB8E1CA2C14400B0B0A4</key>
		<dict>
			<key>fileRef</key>
			<string>868BAB7E1CA2C14400B0B0A4</string>
			<key>isa</key>
			<string>PBXBuildFile</string>
		</dict>
		<key>868BAB8F1CA2C14400B0B0A4</key>
		<dict>
			<key>fileRef</key>
			<string>868BAB7E1CA2C14400B0B0A4</string>
			<key>isa</key>
			<string>PBXBuildFile</string>
		</dict>
		<key>868BAB901CA2C14400B0B0A4</key>
		<dict>
			<key>fileRef</key>
			<string>868BAB7F1CA2C14400B0B0A4</string>
			<key>isa</key>
			<string>PBXBuildFile</string>
		</dict>
		<key>868BAB911CA2C14400B0B0A4</key>
		<dict>
			<key>fileRef</key>
			<string>868BAB7F1CA2C14400B0B0A4</string>
			<key>isa</key>
			<string>PBXBuildFile</string>
		</dict>
		<key>868BAB921CA2DCA400B0B0A4</key>
		<dict>
			<key>children</key>
			<array>
				<string>868BAB961CA2DDB000B0B0A4</string>
			</array>
			<key>isa</key>
			<string>PBXGroup</string>
			<key>path</key>
			<string>Address Book</string>
			<key>sourceTree</key>
			<string>&lt;group&gt;</string>
		</dict>
		<key>868BAB961CA2DDB000B0B0A4</key>
		<dict>
			<key>fileEncoding</key>
			<string>4</string>
			<key>isa</key>
			<string>PBXFileReference</string>
			<key>lastKnownFileType</key>
			<string>sourcecode.c.objc</string>
			<key>path</key>
			<string>VeeABRecordsImporterTests.m</string>
			<key>sourceTree</key>
			<string>&lt;group&gt;</string>
		</dict>
		<key>868BAB971CA2DDB000B0B0A4</key>
		<dict>
			<key>fileRef</key>
			<string>868BAB961CA2DDB000B0B0A4</string>
			<key>isa</key>
			<string>PBXBuildFile</string>
		</dict>
		<key>86A6A6FF1C9AF56A004F66E2</key>
		<dict>
			<key>children</key>
			<array>
				<string>86B756AA1CAAD97B0033D286</string>
				<string>868BAB761CA2C13600B0B0A4</string>
				<string>86A6A7001C9AF572004F66E2</string>
				<string>8676C5901C93151100054446</string>
			</array>
			<key>isa</key>
			<string>PBXGroup</string>
			<key>path</key>
			<string>Res</string>
			<key>sourceTree</key>
			<string>&lt;group&gt;</string>
		</dict>
		<key>86A6A7001C9AF572004F66E2</key>
		<dict>
			<key>isa</key>
			<string>PBXFileReference</string>
			<key>lastKnownFileType</key>
			<string>image.png</string>
			<key>path</key>
			<string>codeatlas.png</string>
			<key>sourceTree</key>
			<string>&lt;group&gt;</string>
		</dict>
		<key>86A6A7011C9AF572004F66E2</key>
		<dict>
			<key>fileRef</key>
			<string>86A6A7001C9AF572004F66E2</string>
			<key>isa</key>
			<string>PBXBuildFile</string>
		</dict>
		<key>86AB036B1C917A820054B7EC</key>
		<dict>
			<key>fileEncoding</key>
			<string>4</string>
			<key>isa</key>
			<string>PBXFileReference</string>
			<key>lastKnownFileType</key>
			<string>sourcecode.c.h</string>
			<key>path</key>
			<string>XCTest+VeeCommons.h</string>
			<key>sourceTree</key>
			<string>&lt;group&gt;</string>
		</dict>
		<key>86AB036C1C917A820054B7EC</key>
		<dict>
			<key>fileEncoding</key>
			<string>4</string>
			<key>isa</key>
			<string>PBXFileReference</string>
			<key>lastKnownFileType</key>
			<string>sourcecode.c.objc</string>
			<key>path</key>
			<string>XCTest+VeeCommons.m</string>
			<key>sourceTree</key>
			<string>&lt;group&gt;</string>
		</dict>
		<key>86AB036D1C917A820054B7EC</key>
		<dict>
			<key>fileRef</key>
			<string>86AB036C1C917A820054B7EC</string>
			<key>isa</key>
			<string>PBXBuildFile</string>
		</dict>
		<key>86AB036F1C917AAD0054B7EC</key>
		<dict>
			<key>children</key>
			<array>
				<string>861046C61C8F2E5F00DFA690</string>
				<string>861046C71C8F2E5F00DFA690</string>
				<string>864AFE2F1C91913F002F4BF7</string>
				<string>864AFE301C91913F002F4BF7</string>
			</array>
			<key>isa</key>
			<string>PBXGroup</string>
			<key>path</key>
			<string>AddressBookForTesting</string>
			<key>sourceTree</key>
			<string>&lt;group&gt;</string>
		</dict>
		<key>86B756A81CAA8C200033D286</key>
		<dict>
			<key>fileEncoding</key>
			<string>4</string>
			<key>isa</key>
			<string>PBXFileReference</string>
			<key>lastKnownFileType</key>
			<string>sourcecode.c.objc</string>
			<key>name</key>
			<string>UILabelBolfidyTests.m</string>
			<key>path</key>
			<string>UILabelBolfidyTests.m</string>
			<key>sourceTree</key>
			<string>&lt;group&gt;</string>
		</dict>
		<key>86B756A91CAA8C200033D286</key>
		<dict>
			<key>fileRef</key>
			<string>86B756A81CAA8C200033D286</string>
			<key>isa</key>
			<string>PBXBuildFile</string>
		</dict>
		<key>86B756AA1CAAD97B0033D286</key>
		<dict>
			<key>children</key>
			<array>
				<string>86C08D1A1CA152D800319B5A</string>
				<string>86C08D1C1CA1530F00319B5A</string>
				<string>86C08D161CA1520900319B5A</string>
				<string>86C08D181CA1523400319B5A</string>
				<string>860696921CA15BC500997F09</string>
				<string>860696941CA15DDB00997F09</string>
				<string>860696961CA15DE500997F09</string>
			</array>
			<key>isa</key>
			<string>PBXGroup</string>
			<key>name</key>
			<string>Fake contact entries</string>
			<key>path</key>
			<string>Fake contact entries</string>
			<key>sourceTree</key>
			<string>&lt;group&gt;</string>
		</dict>
		<key>86B756AB1CAAE10C0033D286</key>
		<dict>
			<key>fileEncoding</key>
			<string>4</string>
			<key>isa</key>
			<string>PBXFileReference</string>
			<key>lastKnownFileType</key>
			<string>sourcecode.c.h</string>
			<key>path</key>
			<string>VeePostalAddressProt.h</string>
			<key>sourceTree</key>
			<string>&lt;group&gt;</string>
		</dict>
		<key>86B756AC1CAAE14C0033D286</key>
		<dict>
			<key>fileEncoding</key>
			<string>4</string>
			<key>isa</key>
			<string>PBXFileReference</string>
			<key>lastKnownFileType</key>
			<string>sourcecode.c.h</string>
			<key>path</key>
			<string>VeePostalAddress.h</string>
			<key>sourceTree</key>
			<string>&lt;group&gt;</string>
		</dict>
		<key>86B756AD1CAAE14C0033D286</key>
		<dict>
			<key>fileEncoding</key>
			<string>4</string>
			<key>isa</key>
			<string>PBXFileReference</string>
			<key>lastKnownFileType</key>
			<string>sourcecode.c.objc</string>
			<key>path</key>
			<string>VeePostalAddress.m</string>
			<key>sourceTree</key>
			<string>&lt;group&gt;</string>
		</dict>
		<key>86B756AE1CAAE14C0033D286</key>
		<dict>
			<key>fileRef</key>
			<string>86B756AD1CAAE14C0033D286</string>
			<key>isa</key>
			<string>PBXBuildFile</string>
		</dict>
		<key>86B756AF1CABD3290033D286</key>
		<dict>
			<key>fileEncoding</key>
			<string>4</string>
			<key>isa</key>
			<string>PBXFileReference</string>
			<key>lastKnownFileType</key>
			<string>sourcecode.c.objc</string>
			<key>path</key>
			<string>VeePostalAddressTests.m</string>
			<key>sourceTree</key>
			<string>&lt;group&gt;</string>
		</dict>
		<key>86B756B01CABD3290033D286</key>
		<dict>
			<key>fileRef</key>
			<string>86B756AF1CABD3290033D286</string>
			<key>isa</key>
			<string>PBXBuildFile</string>
		</dict>
		<key>86B8A6BA1C9977C100F48CBD</key>
		<dict>
			<key>fileEncoding</key>
			<string>4</string>
			<key>isa</key>
			<string>PBXFileReference</string>
			<key>lastKnownFileType</key>
			<string>sourcecode.c.objc</string>
			<key>path</key>
			<string>VeeContactPickerViewControllerTests.m</string>
			<key>sourceTree</key>
			<string>&lt;group&gt;</string>
		</dict>
		<key>86B8A6BB1C9977C100F48CBD</key>
		<dict>
			<key>fileRef</key>
			<string>86B8A6BA1C9977C100F48CBD</string>
			<key>isa</key>
			<string>PBXBuildFile</string>
		</dict>
		<key>86B8A6BC1C99A49600F48CBD</key>
		<dict>
			<key>fileEncoding</key>
			<string>4</string>
			<key>isa</key>
			<string>PBXFileReference</string>
			<key>lastKnownFileType</key>
			<string>sourcecode.c.objc</string>
			<key>path</key>
			<string>VeeContactPickerOptionsTests.m</string>
			<key>sourceTree</key>
			<string>&lt;group&gt;</string>
		</dict>
		<key>86B8A6BD1C99A49600F48CBD</key>
		<dict>
			<key>fileRef</key>
			<string>86B8A6BC1C99A49600F48CBD</string>
			<key>isa</key>
			<string>PBXBuildFile</string>
		</dict>
		<key>86B8A6BE1C99A4D200F48CBD</key>
		<dict>
			<key>fileEncoding</key>
			<string>4</string>
			<key>isa</key>
			<string>PBXFileReference</string>
			<key>lastKnownFileType</key>
			<string>sourcecode.c.objc</string>
			<key>path</key>
			<string>VeeContactPickerStringsTests.m</string>
			<key>sourceTree</key>
			<string>&lt;group&gt;</string>
		</dict>
		<key>86B8A6BF1C99A4D200F48CBD</key>
		<dict>
			<key>fileRef</key>
			<string>86B8A6BE1C99A4D200F48CBD</string>
			<key>isa</key>
			<string>PBXBuildFile</string>
		</dict>
		<key>86B8A6C01C99A4E600F48CBD</key>
		<dict>
			<key>fileEncoding</key>
			<string>4</string>
			<key>isa</key>
			<string>PBXFileReference</string>
			<key>lastKnownFileType</key>
			<string>sourcecode.c.objc</string>
			<key>path</key>
			<string>VeeContactColorsTests.m</string>
			<key>sourceTree</key>
			<string>&lt;group&gt;</string>
		</dict>
		<key>86B8A6C11C99A4E600F48CBD</key>
		<dict>
			<key>fileRef</key>
			<string>86B8A6C01C99A4E600F48CBD</string>
			<key>isa</key>
			<string>PBXBuildFile</string>
		</dict>
		<key>86B8A6C21C99AB6C00F48CBD</key>
		<dict>
			<key>fileEncoding</key>
			<string>4</string>
			<key>isa</key>
			<string>PBXFileReference</string>
			<key>lastKnownFileType</key>
			<string>sourcecode.c.h</string>
			<key>path</key>
			<string>VeeContactsForTestingFactory.h</string>
			<key>sourceTree</key>
			<string>&lt;group&gt;</string>
		</dict>
		<key>86B8A6C31C99AB6C00F48CBD</key>
		<dict>
			<key>fileEncoding</key>
			<string>4</string>
			<key>isa</key>
			<string>PBXFileReference</string>
			<key>lastKnownFileType</key>
			<string>sourcecode.c.objc</string>
			<key>path</key>
			<string>VeeContactsForTestingFactory.m</string>
			<key>sourceTree</key>
			<string>&lt;group&gt;</string>
		</dict>
		<key>86B8A6C41C99AB6C00F48CBD</key>
		<dict>
			<key>fileRef</key>
			<string>86B8A6C31C99AB6C00F48CBD</string>
			<key>isa</key>
			<string>PBXBuildFile</string>
		</dict>
		<key>86C08D161CA1520900319B5A</key>
		<dict>
			<key>fileEncoding</key>
			<string>4</string>
			<key>isa</key>
			<string>PBXFileReference</string>
			<key>lastKnownFileType</key>
			<string>text</string>
			<key>path</key>
			<string>FirstNames.txt</string>
			<key>sourceTree</key>
			<string>&lt;group&gt;</string>
		</dict>
		<key>86C08D171CA1520900319B5A</key>
		<dict>
			<key>fileRef</key>
			<string>86C08D161CA1520900319B5A</string>
			<key>isa</key>
			<string>PBXBuildFile</string>
		</dict>
		<key>86C08D181CA1523400319B5A</key>
		<dict>
			<key>fileEncoding</key>
			<string>4</string>
			<key>isa</key>
			<string>PBXFileReference</string>
			<key>lastKnownFileType</key>
			<string>text</string>
			<key>path</key>
			<string>LastNames.txt</string>
			<key>sourceTree</key>
			<string>&lt;group&gt;</string>
		</dict>
		<key>86C08D191CA1523400319B5A</key>
		<dict>
			<key>fileRef</key>
			<string>86C08D181CA1523400319B5A</string>
			<key>isa</key>
			<string>PBXBuildFile</string>
		</dict>
		<key>86C08D1A1CA152D800319B5A</key>
		<dict>
			<key>fileEncoding</key>
			<string>4</string>
			<key>isa</key>
			<string>PBXFileReference</string>
			<key>lastKnownFileType</key>
			<string>text</string>
			<key>path</key>
			<string>EmailDomains.txt</string>
			<key>sourceTree</key>
			<string>&lt;group&gt;</string>
		</dict>
		<key>86C08D1B1CA152D800319B5A</key>
		<dict>
			<key>fileRef</key>
			<string>86C08D1A1CA152D800319B5A</string>
			<key>isa</key>
			<string>PBXBuildFile</string>
		</dict>
		<key>86C08D1C1CA1530F00319B5A</key>
		<dict>
			<key>fileEncoding</key>
			<string>4</string>
			<key>isa</key>
			<string>PBXFileReference</string>
			<key>lastKnownFileType</key>
			<string>text</string>
			<key>path</key>
			<string>FakePhoneNumbers.txt</string>
			<key>sourceTree</key>
			<string>&lt;group&gt;</string>
		</dict>
		<key>86C08D1D1CA1530F00319B5A</key>
		<dict>
			<key>fileRef</key>
			<string>86C08D1C1CA1530F00319B5A</string>
			<key>isa</key>
			<string>PBXBuildFile</string>
		</dict>
		<key>86C6E7D91C9C11EC0031CC23</key>
		<dict>
			<key>fileEncoding</key>
			<string>4</string>
			<key>isa</key>
			<string>PBXFileReference</string>
			<key>lastKnownFileType</key>
			<string>sourcecode.c.h</string>
			<key>path</key>
			<string>VeeABDelegate.h</string>
			<key>sourceTree</key>
			<string>&lt;group&gt;</string>
		</dict>
		<key>86C6E7DA1C9C130C0031CC23</key>
		<dict>
			<key>children</key>
			<array>
				<string>862F85A21CA14762004EF57F</string>
				<string>862F85A01CA1473C004EF57F</string>
				<string>861046C11C8F253F00DFA690</string>
				<string>86B756AF1CABD3290033D286</string>
			</array>
			<key>isa</key>
			<string>PBXGroup</string>
			<key>path</key>
			<string>Model</string>
			<key>sourceTree</key>
			<string>&lt;group&gt;</string>
		</dict>
		<key>86C6E7DB1C9C13180031CC23</key>
		<dict>
			<key>children</key>
			<array>
				<string>86AB036F1C917AAD0054B7EC</string>
				<string>86B8A6C21C99AB6C00F48CBD</string>
				<string>86B8A6C31C99AB6C00F48CBD</string>
				<string>864405581CA965E80003B355</string>
				<string>864405591CA965E80003B355</string>
				<string>867AD86F1C9DA79D009A26A2</string>
				<string>867AD8701C9DA79D009A26A2</string>
				<string>86AB036B1C917A820054B7EC</string>
				<string>86AB036C1C917A820054B7EC</string>
			</array>
			<key>isa</key>
			<string>PBXGroup</string>
			<key>path</key>
			<string>Utils</string>
			<key>sourceTree</key>
			<string>&lt;group&gt;</string>
		</dict>
		<key>86C6E7DC1C9C13280031CC23</key>
		<dict>
			<key>children</key>
			<array>
				<string>868BAB921CA2DCA400B0B0A4</string>
				<string>86C6E7DD1C9C132D0031CC23</string>
			</array>
			<key>isa</key>
			<string>PBXGroup</string>
			<key>path</key>
			<string>Controller</string>
			<key>sourceTree</key>
			<string>&lt;group&gt;</string>
		</dict>
		<key>86C6E7DD1C9C132D0031CC23</key>
		<dict>
			<key>children</key>
			<array>
				<string>86EA99541CAD13EF00DBC303</string>
				<string>86EA99531CAD13C000DBC303</string>
				<string>86B8A6BA1C9977C100F48CBD</string>
			</array>
			<key>isa</key>
			<string>PBXGroup</string>
			<key>path</key>
			<string>View Controller</string>
			<key>sourceTree</key>
			<string>&lt;group&gt;</string>
		</dict>
		<key>86D7F7901C8ED8A40060FA7A</key>
		<dict>
			<key>children</key>
			<array>
				<string>862F859C1CA141BD004EF57F</string>
				<string>8622C34D1CABE7CF009EB7A1</string>
				<string>862F859D1CA14435004EF57F</string>
				<string>862F859E1CA14435004EF57F</string>
				<string>860C62B41C2854CB00876682</string>
				<string>860C62B51C2854CB00876682</string>
				<string>860C629F1C28525E00876682</string>
				<string>86B756AC1CAAE14C0033D286</string>
				<string>86B756AD1CAAE14C0033D286</string>
				<string>86B756AB1CAAE10C0033D286</string>
				<string>862BB67C1C9C458500A71ED6</string>
			</array>
			<key>isa</key>
			<string>PBXGroup</string>
			<key>name</key>
			<string>Model</string>
			<key>path</key>
			<string>Model</string>
			<key>sourceTree</key>
			<string>&lt;group&gt;</string>
		</dict>
		<key>86DCEEFA1C96DB2900EC7FD6</key>
		<dict>
			<key>children</key>
			<array>
				<string>86DCEF011C96E08600EC7FD6</string>
				<string>860C62B11C2852AD00876682</string>
			</array>
			<key>isa</key>
			<string>PBXGroup</string>
			<key>path</key>
			<string>Controller</string>
			<key>sourceTree</key>
			<string>&lt;group&gt;</string>
		</dict>
		<key>86DCEEFB1C96DB4400EC7FD6</key>
		<dict>
			<key>fileEncoding</key>
			<string>4</string>
			<key>isa</key>
			<string>PBXFileReference</string>
			<key>lastKnownFileType</key>
			<string>sourcecode.c.h</string>
			<key>path</key>
			<string>VeeAddressBook.h</string>
			<key>sourceTree</key>
			<string>&lt;group&gt;</string>
		</dict>
		<key>86DCEEFC1C96DB4400EC7FD6</key>
		<dict>
			<key>fileEncoding</key>
			<string>4</string>
			<key>isa</key>
			<string>PBXFileReference</string>
			<key>lastKnownFileType</key>
			<string>sourcecode.c.objc</string>
			<key>path</key>
			<string>VeeAddressBook.m</string>
			<key>sourceTree</key>
			<string>&lt;group&gt;</string>
		</dict>
		<key>86DCEEFD1C96DB4400EC7FD6</key>
		<dict>
			<key>fileRef</key>
			<string>86DCEEFC1C96DB4400EC7FD6</string>
			<key>isa</key>
			<string>PBXBuildFile</string>
		</dict>
		<key>86DCEEFE1C96DD4900EC7FD6</key>
		<dict>
			<key>fileEncoding</key>
			<string>4</string>
			<key>isa</key>
			<string>PBXFileReference</string>
			<key>lastKnownFileType</key>
			<string>sourcecode.c.h</string>
			<key>path</key>
			<string>VeeContactColors.h</string>
			<key>sourceTree</key>
			<string>&lt;group&gt;</string>
		</dict>
		<key>86DCEEFF1C96DD4900EC7FD6</key>
		<dict>
			<key>fileEncoding</key>
			<string>4</string>
			<key>isa</key>
			<string>PBXFileReference</string>
			<key>lastKnownFileType</key>
			<string>sourcecode.c.objc</string>
			<key>path</key>
			<string>VeeContactColors.m</string>
			<key>sourceTree</key>
			<string>&lt;group&gt;</string>
		</dict>
		<key>86DCEF001C96DD4900EC7FD6</key>
		<dict>
			<key>fileRef</key>
			<string>86DCEEFF1C96DD4900EC7FD6</string>
			<key>isa</key>
			<string>PBXBuildFile</string>
		</dict>
		<key>86DCEF011C96E08600EC7FD6</key>
		<dict>
			<key>children</key>
			<array>
				<string>86C6E7D91C9C11EC0031CC23</string>
				<string>86DCEF041C96E0A700EC7FD6</string>
				<string>86DCEF051C96E0A700EC7FD6</string>
				<string>86DCEEFB1C96DB4400EC7FD6</string>
				<string>86DCEEFC1C96DB4400EC7FD6</string>
			</array>
			<key>isa</key>
			<string>PBXGroup</string>
			<key>path</key>
			<string>Address Book</string>
			<key>sourceTree</key>
			<string>&lt;group&gt;</string>
		</dict>
		<key>86DCEF041C96E0A700EC7FD6</key>
		<dict>
			<key>fileEncoding</key>
			<string>4</string>
			<key>isa</key>
			<string>PBXFileReference</string>
			<key>lastKnownFileType</key>
			<string>sourcecode.c.h</string>
			<key>path</key>
			<string>VeeABRecordsImporter.h</string>
			<key>sourceTree</key>
			<string>&lt;group&gt;</string>
		</dict>
		<key>86DCEF051C96E0A700EC7FD6</key>
		<dict>
			<key>fileEncoding</key>
			<string>4</string>
			<key>isa</key>
			<string>PBXFileReference</string>
			<key>lastKnownFileType</key>
			<string>sourcecode.c.objc</string>
			<key>path</key>
			<string>VeeABRecordsImporter.m</string>
			<key>sourceTree</key>
			<string>&lt;group&gt;</string>
		</dict>
		<key>86DCEF071C96E0A700EC7FD6</key>
		<dict>
			<key>fileRef</key>
			<string>86DCEF051C96E0A700EC7FD6</string>
			<key>isa</key>
			<string>PBXBuildFile</string>
		</dict>
		<key>86EA99521CAD13B000DBC303</key>
		<dict>
			<key>children</key>
			<array>
				<string>864405531CA56A070003B355</string>
				<string>862BB6791C9C42A900A71ED6</string>
				<string>862BB67A1C9C42A900A71ED6</string>
				<string>864405501CA568730003B355</string>
				<string>864405511CA568730003B355</string>
			</array>
			<key>isa</key>
			<string>PBXGroup</string>
			<key>name</key>
			<string>View Controller utils</string>
			<key>path</key>
			<string>View Controller utils</string>
			<key>sourceTree</key>
			<string>&lt;group&gt;</string>
		</dict>
		<key>86EA99531CAD13C000DBC303</key>
		<dict>
			<key>children</key>
			<array>
				<string>867AD86D1C9C855A009A26A2</string>
				<string>864405561CA58A030003B355</string>
			</array>
			<key>isa</key>
			<string>PBXGroup</string>
			<key>name</key>
			<string>View Controller utils</string>
			<key>path</key>
			<string>View Controller utils</string>
			<key>sourceTree</key>
			<string>&lt;group&gt;</string>
		</dict>
		<key>86EA99541CAD13EF00DBC303</key>
		<dict>
			<key>children</key>
			<array>
				<string>8644055E1CA974190003B355</string>
			</array>
			<key>isa</key>
			<string>PBXGroup</string>
			<key>name</key>
			<string>UITableViewCells</string>
			<key>path</key>
			<string>UITableViewCells</string>
			<key>sourceTree</key>
			<string>&lt;group&gt;</string>
		</dict>
		<key>86F12ABE1C3C0CF900F584C2</key>
		<dict>
			<key>fileEncoding</key>
			<string>4</string>
			<key>isa</key>
			<string>PBXFileReference</string>
			<key>lastKnownFileType</key>
			<string>sourcecode.c.h</string>
			<key>path</key>
			<string>UILabel+Boldify.h</string>
			<key>sourceTree</key>
			<string>&lt;group&gt;</string>
		</dict>
		<key>86F12ABF1C3C0CF900F584C2</key>
		<dict>
			<key>fileEncoding</key>
			<string>4</string>
			<key>isa</key>
			<string>PBXFileReference</string>
			<key>lastKnownFileType</key>
			<string>sourcecode.c.objc</string>
			<key>path</key>
			<string>UILabel+Boldify.m</string>
			<key>sourceTree</key>
			<string>&lt;group&gt;</string>
		</dict>
		<key>86F12AC01C3C0CF900F584C2</key>
		<dict>
			<key>fileRef</key>
			<string>86F12ABF1C3C0CF900F584C2</string>
			<key>isa</key>
			<string>PBXBuildFile</string>
		</dict>
		<key>8D4D941FFF54A1E63B5134C6</key>
		<dict>
			<key>includeInIndex</key>
			<string>1</string>
			<key>isa</key>
			<string>PBXFileReference</string>
			<key>lastKnownFileType</key>
			<string>text.xcconfig</string>
			<key>name</key>
			<string>Pods-VeeContactPickerTests.release.xcconfig</string>
			<key>path</key>
			<string>Pods/Target Support Files/Pods-VeeContactPickerTests/Pods-VeeContactPickerTests.release.xcconfig</string>
			<key>sourceTree</key>
			<string>&lt;group&gt;</string>
		</dict>
		<key>B94D242D4A454444B9958033</key>
		<dict>
			<key>buildActionMask</key>
			<string>2147483647</string>
			<key>files</key>
			<array/>
			<key>inputPaths</key>
			<array/>
			<key>isa</key>
			<string>PBXShellScriptBuildPhase</string>
			<key>name</key>
			<string>Check Pods Manifest.lock</string>
			<key>outputPaths</key>
			<array/>
			<key>runOnlyForDeploymentPostprocessing</key>
			<string>0</string>
			<key>shellPath</key>
			<string>/bin/sh</string>
			<key>shellScript</key>
			<string>diff "${PODS_ROOT}/../Podfile.lock" "${PODS_ROOT}/Manifest.lock" &gt; /dev/null
if [[ $? != 0 ]] ; then
    cat &lt;&lt; EOM
error: The sandbox is not in sync with the Podfile.lock. Run 'pod install' or update your CocoaPods installation.
EOM
    exit 1
fi
</string>
			<key>showEnvVarsInLog</key>
			<string>0</string>
		</dict>
		<key>BBF15644020B1A506FEF509C</key>
		<dict>
			<key>buildActionMask</key>
			<string>2147483647</string>
			<key>files</key>
			<array/>
			<key>inputPaths</key>
			<array/>
			<key>isa</key>
			<string>PBXShellScriptBuildPhase</string>
			<key>name</key>
			<string>Check Pods Manifest.lock</string>
			<key>outputPaths</key>
			<array/>
			<key>runOnlyForDeploymentPostprocessing</key>
			<string>0</string>
			<key>shellPath</key>
			<string>/bin/sh</string>
			<key>shellScript</key>
			<string>diff "${PODS_ROOT}/../Podfile.lock" "${PODS_ROOT}/Manifest.lock" &gt; /dev/null
if [[ $? != 0 ]] ; then
    cat &lt;&lt; EOM
error: The sandbox is not in sync with the Podfile.lock. Run 'pod install' or update your CocoaPods installation.
EOM
    exit 1
fi
</string>
			<key>showEnvVarsInLog</key>
			<string>0</string>
		</dict>
		<key>CF12D0A2F6931717F59A339E</key>
		<dict>
			<key>fileRef</key>
			<string>0D2A2743CC4B67C17435DFFC</string>
			<key>isa</key>
			<string>PBXBuildFile</string>
		</dict>
		<key>D02E39E05EB13C01044F55E6</key>
		<dict>
			<key>buildActionMask</key>
			<string>2147483647</string>
			<key>files</key>
			<array/>
			<key>inputPaths</key>
			<array/>
			<key>isa</key>
			<string>PBXShellScriptBuildPhase</string>
			<key>name</key>
			<string>Copy Pods Resources</string>
			<key>outputPaths</key>
			<array/>
			<key>runOnlyForDeploymentPostprocessing</key>
			<string>0</string>
			<key>shellPath</key>
			<string>/bin/sh</string>
			<key>shellScript</key>
			<string>"${SRCROOT}/Pods/Target Support Files/Pods-VeeContactPicker/Pods-VeeContactPicker-resources.sh"
</string>
			<key>showEnvVarsInLog</key>
			<string>0</string>
		</dict>
		<key>DE67451A3E6A212CE03F629A</key>
		<dict>
			<key>includeInIndex</key>
			<string>1</string>
			<key>isa</key>
			<string>PBXFileReference</string>
			<key>lastKnownFileType</key>
			<string>text.xcconfig</string>
			<key>name</key>
			<string>Pods-VeeContactPickerTests.debug.xcconfig</string>
			<key>path</key>
			<string>Pods/Target Support Files/Pods-VeeContactPickerTests/Pods-VeeContactPickerTests.debug.xcconfig</string>
			<key>sourceTree</key>
			<string>&lt;group&gt;</string>
		</dict>
		<key>F1B9BEB846BF9235FB2EABBB</key>
		<dict>
			<key>fileRef</key>
			<string>608D41F3D9A815CA32DBA796</string>
			<key>isa</key>
			<string>PBXBuildFile</string>
		</dict>
	</dict>
	<key>rootObject</key>
	<string>860C62601C28521200876682</string>
</dict>
</plist>
