// !$*UTF8*$!
{
	archiveVersion = 1;
	classes = {
	};
	objectVersion = 46;
	objects = {

/* Begin PBXBuildFile section */
		860696931CA15BC500997F09 /* MiddleNames.txt in Resources */ = {isa = PBXBuildFile; fileRef = 860696921CA15BC500997F09 /* MiddleNames.txt */; };
		860696951CA15DDB00997F09 /* Nicknames.txt in Resources */ = {isa = PBXBuildFile; fileRef = 860696941CA15DDB00997F09 /* Nicknames.txt */; };
		860696971CA15DE500997F09 /* OrganizationNames.txt in Resources */ = {isa = PBXBuildFile; fileRef = 860696961CA15DE500997F09 /* OrganizationNames.txt */; };
		860696981CA1609E00997F09 /* VeeContactsForTestingFactory.m in Sources */ = {isa = PBXBuildFile; fileRef = 86B8A6C31C99AB6C00F48CBD /* VeeContactsForTestingFactory.m */; };
		860696991CA160BC00997F09 /* VeeAddressBookForTestingConstants.m in Sources */ = {isa = PBXBuildFile; fileRef = 864AFE301C91913F002F4BF7 /* VeeAddressBookForTestingConstants.m */; };
		8606969C1CA1618F00997F09 /* VeeContactFactory.m in Sources */ = {isa = PBXBuildFile; fileRef = 8606969B1CA1618F00997F09 /* VeeContactFactory.m */; };
		860C626D1C28521200876682 /* main.m in Sources */ = {isa = PBXBuildFile; fileRef = 860C626C1C28521200876682 /* main.m */; };
		860C62701C28521200876682 /* AppDelegate.m in Sources */ = {isa = PBXBuildFile; fileRef = 860C626F1C28521200876682 /* AppDelegate.m */; };
		860C62761C28521200876682 /* Main.storyboard in Resources */ = {isa = PBXBuildFile; fileRef = 860C62741C28521200876682 /* Main.storyboard */; };
		860C62781C28521200876682 /* Assets.xcassets in Resources */ = {isa = PBXBuildFile; fileRef = 860C62771C28521200876682 /* Assets.xcassets */; };
		860C627B1C28521200876682 /* LaunchScreen.storyboard in Resources */ = {isa = PBXBuildFile; fileRef = 860C62791C28521200876682 /* LaunchScreen.storyboard */; };
		860C62911C28521200876682 /* VeeContactPickerUITests.m in Sources */ = {isa = PBXBuildFile; fileRef = 860C62901C28521200876682 /* VeeContactPickerUITests.m */; };
		860C62AB1C28528E00876682 /* VeeContactPickerViewController.m in Sources */ = {isa = PBXBuildFile; fileRef = 860C62A61C28528E00876682 /* VeeContactPickerViewController.m */; };
		860C62AC1C28528E00876682 /* VeeContactPickerViewController.xib in Resources */ = {isa = PBXBuildFile; fileRef = 860C62A71C28528E00876682 /* VeeContactPickerViewController.xib */; };
		860C62AD1C28528E00876682 /* VeeContactUITableViewCell.m in Sources */ = {isa = PBXBuildFile; fileRef = 860C62A91C28528E00876682 /* VeeContactUITableViewCell.m */; };
		860C62AE1C28528E00876682 /* VeeContactUITableViewCell.xib in Resources */ = {isa = PBXBuildFile; fileRef = 860C62AA1C28528E00876682 /* VeeContactUITableViewCell.xib */; };
		860C62B61C2854CB00876682 /* VeeContact.m in Sources */ = {isa = PBXBuildFile; fileRef = 860C62B51C2854CB00876682 /* VeeContact.m */; };
		861046C21C8F253F00DFA690 /* VeeContactTests.m in Sources */ = {isa = PBXBuildFile; fileRef = 861046C11C8F253F00DFA690 /* VeeContactTests.m */; };
		861046C81C8F2E5F00DFA690 /* VeeAddressBookForTesting.m in Sources */ = {isa = PBXBuildFile; fileRef = 861046C71C8F2E5F00DFA690 /* VeeAddressBookForTesting.m */; };
		8622C3451CABDD6A009EB7A1 /* NSObject+VeeCommons.m in Sources */ = {isa = PBXBuildFile; fileRef = 8622C3441CABDD6A009EB7A1 /* NSObject+VeeCommons.m */; };
		8622C34C1CABE7C8009EB7A1 /* VeeContactProtFactoryProducer.m in Sources */ = {isa = PBXBuildFile; fileRef = 8622C34B1CABE7C8009EB7A1 /* VeeContactProtFactoryProducer.m */; };
		862BB67B1C9C42A900A71ED6 /* VeeSectionedArrayDataSource.m in Sources */ = {isa = PBXBuildFile; fileRef = 862BB67A1C9C42A900A71ED6 /* VeeSectionedArrayDataSource.m */; };
		862F859F1CA14435004EF57F /* VeeABRecord.m in Sources */ = {isa = PBXBuildFile; fileRef = 862F859E1CA14435004EF57F /* VeeABRecord.m */; };
		862F85A11CA1473C004EF57F /* VeeABRecordTests.m in Sources */ = {isa = PBXBuildFile; fileRef = 862F85A01CA1473C004EF57F /* VeeABRecordTests.m */; };
		864194EE1C96CE60005DC2D6 /* VeeContactPickerOptions.m in Sources */ = {isa = PBXBuildFile; fileRef = 864194ED1C96CE60005DC2D6 /* VeeContactPickerOptions.m */; };
		864194F11C96D169005DC2D6 /* VeeContactPickerConstants.m in Sources */ = {isa = PBXBuildFile; fileRef = 864194F01C96D169005DC2D6 /* VeeContactPickerConstants.m */; };
		864194F81C96D7C0005DC2D6 /* VeeContactPickerStrings.m in Sources */ = {isa = PBXBuildFile; fileRef = 864194F71C96D7C0005DC2D6 /* VeeContactPickerStrings.m */; };
		864405521CA568730003B355 /* VeeTableViewSearchDelegate.m in Sources */ = {isa = PBXBuildFile; fileRef = 864405511CA568730003B355 /* VeeTableViewSearchDelegate.m */; };
		864405571CA58A030003B355 /* VeeTableViewSearchDelegateTests.m in Sources */ = {isa = PBXBuildFile; fileRef = 864405561CA58A030003B355 /* VeeTableViewSearchDelegateTests.m */; };
		8644055A1CA965E80003B355 /* VeeSearchResultsDelegateForTesting.m in Sources */ = {isa = PBXBuildFile; fileRef = 864405591CA965E80003B355 /* VeeSearchResultsDelegateForTesting.m */; };
		8644055D1CA970970003B355 /* VeeContactCellConfiguration.m in Sources */ = {isa = PBXBuildFile; fileRef = 8644055C1CA970970003B355 /* VeeContactCellConfiguration.m */; };
		8644055F1CA974190003B355 /* VeeContactCellConfigurationTests.m in Sources */ = {isa = PBXBuildFile; fileRef = 8644055E1CA974190003B355 /* VeeContactCellConfigurationTests.m */; };
		864AFE311C91913F002F4BF7 /* VeeAddressBookForTestingConstants.m in Sources */ = {isa = PBXBuildFile; fileRef = 864AFE301C91913F002F4BF7 /* VeeAddressBookForTestingConstants.m */; };
		8676C5911C93151100054446 /* vee_testing_ab.vcf in Resources */ = {isa = PBXBuildFile; fileRef = 8676C5901C93151100054446 /* vee_testing_ab.vcf */; };
		867AD86E1C9C855A009A26A2 /* VeeSectionedArrayDataSourceTests.m in Sources */ = {isa = PBXBuildFile; fileRef = 867AD86D1C9C855A009A26A2 /* VeeSectionedArrayDataSourceTests.m */; };
		867AD8711C9DA79D009A26A2 /* VeeSectionableForTesting.m in Sources */ = {isa = PBXBuildFile; fileRef = 867AD8701C9DA79D009A26A2 /* VeeSectionableForTesting.m */; };
		867AD8771CA04300009A26A2 /* VeeIsEmpty.m in Sources */ = {isa = PBXBuildFile; fileRef = 867AD8761CA04300009A26A2 /* VeeIsEmpty.m */; };
		867AD8791CA0436B009A26A2 /* VeeIsEmptyTests.m in Sources */ = {isa = PBXBuildFile; fileRef = 867AD8781CA0436B009A26A2 /* VeeIsEmptyTests.m */; };
		868BAB6F1CA2BFAB00B0B0A4 /* FirstNames.txt in Resources */ = {isa = PBXBuildFile; fileRef = 86C08D161CA1520900319B5A /* FirstNames.txt */; };
		868BAB701CA2BFAD00B0B0A4 /* MiddleNames.txt in Resources */ = {isa = PBXBuildFile; fileRef = 860696921CA15BC500997F09 /* MiddleNames.txt */; };
		868BAB711CA2BFB000B0B0A4 /* LastNames.txt in Resources */ = {isa = PBXBuildFile; fileRef = 86C08D181CA1523400319B5A /* LastNames.txt */; };
		868BAB721CA2BFB300B0B0A4 /* EmailDomains.txt in Resources */ = {isa = PBXBuildFile; fileRef = 86C08D1A1CA152D800319B5A /* EmailDomains.txt */; };
		868BAB731CA2BFB600B0B0A4 /* Nicknames.txt in Resources */ = {isa = PBXBuildFile; fileRef = 860696941CA15DDB00997F09 /* Nicknames.txt */; };
		868BAB741CA2BFB900B0B0A4 /* OrganizationNames.txt in Resources */ = {isa = PBXBuildFile; fileRef = 860696961CA15DE500997F09 /* OrganizationNames.txt */; };
		868BAB751CA2BFBB00B0B0A4 /* FakePhoneNumbers.txt in Resources */ = {isa = PBXBuildFile; fileRef = 86C08D1C1CA1530F00319B5A /* FakePhoneNumbers.txt */; };
		868BAB801CA2C14400B0B0A4 /* portrait_1.jpg in Resources */ = {isa = PBXBuildFile; fileRef = 868BAB771CA2C14400B0B0A4 /* portrait_1.jpg */; };
		868BAB811CA2C14400B0B0A4 /* portrait_1.jpg in Resources */ = {isa = PBXBuildFile; fileRef = 868BAB771CA2C14400B0B0A4 /* portrait_1.jpg */; };
		868BAB821CA2C14400B0B0A4 /* portrait_2.jpg in Resources */ = {isa = PBXBuildFile; fileRef = 868BAB781CA2C14400B0B0A4 /* portrait_2.jpg */; };
		868BAB831CA2C14400B0B0A4 /* portrait_2.jpg in Resources */ = {isa = PBXBuildFile; fileRef = 868BAB781CA2C14400B0B0A4 /* portrait_2.jpg */; };
		868BAB841CA2C14400B0B0A4 /* portrait_3.jpg in Resources */ = {isa = PBXBuildFile; fileRef = 868BAB791CA2C14400B0B0A4 /* portrait_3.jpg */; };
		868BAB851CA2C14400B0B0A4 /* portrait_3.jpg in Resources */ = {isa = PBXBuildFile; fileRef = 868BAB791CA2C14400B0B0A4 /* portrait_3.jpg */; };
		868BAB861CA2C14400B0B0A4 /* portrait_4.jpg in Resources */ = {isa = PBXBuildFile; fileRef = 868BAB7A1CA2C14400B0B0A4 /* portrait_4.jpg */; };
		868BAB871CA2C14400B0B0A4 /* portrait_4.jpg in Resources */ = {isa = PBXBuildFile; fileRef = 868BAB7A1CA2C14400B0B0A4 /* portrait_4.jpg */; };
		868BAB881CA2C14400B0B0A4 /* portrait_5.jpg in Resources */ = {isa = PBXBuildFile; fileRef = 868BAB7B1CA2C14400B0B0A4 /* portrait_5.jpg */; };
		868BAB891CA2C14400B0B0A4 /* portrait_5.jpg in Resources */ = {isa = PBXBuildFile; fileRef = 868BAB7B1CA2C14400B0B0A4 /* portrait_5.jpg */; };
		868BAB8A1CA2C14400B0B0A4 /* portrait_6.jpg in Resources */ = {isa = PBXBuildFile; fileRef = 868BAB7C1CA2C14400B0B0A4 /* portrait_6.jpg */; };
		868BAB8B1CA2C14400B0B0A4 /* portrait_6.jpg in Resources */ = {isa = PBXBuildFile; fileRef = 868BAB7C1CA2C14400B0B0A4 /* portrait_6.jpg */; };
		868BAB8C1CA2C14400B0B0A4 /* portrait_7.jpg in Resources */ = {isa = PBXBuildFile; fileRef = 868BAB7D1CA2C14400B0B0A4 /* portrait_7.jpg */; };
		868BAB8D1CA2C14400B0B0A4 /* portrait_7.jpg in Resources */ = {isa = PBXBuildFile; fileRef = 868BAB7D1CA2C14400B0B0A4 /* portrait_7.jpg */; };
		868BAB8E1CA2C14400B0B0A4 /* portrait_8.jpg in Resources */ = {isa = PBXBuildFile; fileRef = 868BAB7E1CA2C14400B0B0A4 /* portrait_8.jpg */; };
		868BAB8F1CA2C14400B0B0A4 /* portrait_8.jpg in Resources */ = {isa = PBXBuildFile; fileRef = 868BAB7E1CA2C14400B0B0A4 /* portrait_8.jpg */; };
		868BAB901CA2C14400B0B0A4 /* portrait_9.jpg in Resources */ = {isa = PBXBuildFile; fileRef = 868BAB7F1CA2C14400B0B0A4 /* portrait_9.jpg */; };
		868BAB911CA2C14400B0B0A4 /* portrait_9.jpg in Resources */ = {isa = PBXBuildFile; fileRef = 868BAB7F1CA2C14400B0B0A4 /* portrait_9.jpg */; };
		868BAB971CA2DDB000B0B0A4 /* VeeABRecordsImporterTests.m in Sources */ = {isa = PBXBuildFile; fileRef = 868BAB961CA2DDB000B0B0A4 /* VeeABRecordsImporterTests.m */; };
		86A6A7011C9AF572004F66E2 /* codeatlas.png in Resources */ = {isa = PBXBuildFile; fileRef = 86A6A7001C9AF572004F66E2 /* codeatlas.png */; };
		86AB036D1C917A820054B7EC /* XCTest+VeeCommons.m in Sources */ = {isa = PBXBuildFile; fileRef = 86AB036C1C917A820054B7EC /* XCTest+VeeCommons.m */; };
		86B756A91CAA8C200033D286 /* UILabelBolfidyTests.m in Sources */ = {isa = PBXBuildFile; fileRef = 86B756A81CAA8C200033D286 /* UILabelBolfidyTests.m */; };
		86B756AE1CAAE14C0033D286 /* VeePostalAddress.m in Sources */ = {isa = PBXBuildFile; fileRef = 86B756AD1CAAE14C0033D286 /* VeePostalAddress.m */; };
		86B756B01CABD3290033D286 /* VeePostalAddressTests.m in Sources */ = {isa = PBXBuildFile; fileRef = 86B756AF1CABD3290033D286 /* VeePostalAddressTests.m */; };
		86B8A6BB1C9977C100F48CBD /* VeeContactPickerViewControllerTests.m in Sources */ = {isa = PBXBuildFile; fileRef = 86B8A6BA1C9977C100F48CBD /* VeeContactPickerViewControllerTests.m */; };
		86B8A6BD1C99A49600F48CBD /* VeeContactPickerOptionsTests.m in Sources */ = {isa = PBXBuildFile; fileRef = 86B8A6BC1C99A49600F48CBD /* VeeContactPickerOptionsTests.m */; };
		86B8A6BF1C99A4D200F48CBD /* VeeContactPickerStringsTests.m in Sources */ = {isa = PBXBuildFile; fileRef = 86B8A6BE1C99A4D200F48CBD /* VeeContactPickerStringsTests.m */; };
		86B8A6C41C99AB6C00F48CBD /* VeeContactsForTestingFactory.m in Sources */ = {isa = PBXBuildFile; fileRef = 86B8A6C31C99AB6C00F48CBD /* VeeContactsForTestingFactory.m */; };
		86C08D171CA1520900319B5A /* FirstNames.txt in Resources */ = {isa = PBXBuildFile; fileRef = 86C08D161CA1520900319B5A /* FirstNames.txt */; };
		86C08D191CA1523400319B5A /* LastNames.txt in Resources */ = {isa = PBXBuildFile; fileRef = 86C08D181CA1523400319B5A /* LastNames.txt */; };
		86C08D1B1CA152D800319B5A /* EmailDomains.txt in Resources */ = {isa = PBXBuildFile; fileRef = 86C08D1A1CA152D800319B5A /* EmailDomains.txt */; };
		86C08D1D1CA1530F00319B5A /* FakePhoneNumbers.txt in Resources */ = {isa = PBXBuildFile; fileRef = 86C08D1C1CA1530F00319B5A /* FakePhoneNumbers.txt */; };
		86CAE0431CBFC96700552B81 /* VeeContactPickerExampleViewController.m in Sources */ = {isa = PBXBuildFile; fileRef = 86CAE0421CBFC96700552B81 /* VeeContactPickerExampleViewController.m */; };
		86DCEEFD1C96DB4400EC7FD6 /* VeeAddressBook.m in Sources */ = {isa = PBXBuildFile; fileRef = 86DCEEFC1C96DB4400EC7FD6 /* VeeAddressBook.m */; };
		86DCEF071C96E0A700EC7FD6 /* VeeABRecordsImporter.m in Sources */ = {isa = PBXBuildFile; fileRef = 86DCEF051C96E0A700EC7FD6 /* VeeABRecordsImporter.m */; };
		86F12AC01C3C0CF900F584C2 /* UILabel+Boldify.m in Sources */ = {isa = PBXBuildFile; fileRef = 86F12ABF1C3C0CF900F584C2 /* UILabel+Boldify.m */; };
		CF12D0A2F6931717F59A339E /* libPods-VeeContactPicker.a in Frameworks */ = {isa = PBXBuildFile; fileRef = 0D2A2743CC4B67C17435DFFC /* libPods-VeeContactPicker.a */; };
		F1B9BEB846BF9235FB2EABBB /* libPods-VeeContactPickerTests.a in Frameworks */ = {isa = PBXBuildFile; fileRef = 608D41F3D9A815CA32DBA796 /* libPods-VeeContactPickerTests.a */; };
/* End PBXBuildFile section */

/* Begin PBXContainerItemProxy section */
		860C62821C28521200876682 /* PBXContainerItemProxy */ = {
			isa = PBXContainerItemProxy;
			containerPortal = 860C62601C28521200876682 /* Project object */;
			proxyType = 1;
			remoteGlobalIDString = 860C62671C28521200876682;
			remoteInfo = VeeContactPicker;
		};
		860C628D1C28521200876682 /* PBXContainerItemProxy */ = {
			isa = PBXContainerItemProxy;
			containerPortal = 860C62601C28521200876682 /* Project object */;
			proxyType = 1;
			remoteGlobalIDString = 860C62671C28521200876682;
			remoteInfo = VeeContactPicker;
		};
/* End PBXContainerItemProxy section */

/* Begin PBXFileReference section */
		0D2A2743CC4B67C17435DFFC /* libPods-VeeContactPicker.a */ = {isa = PBXFileReference; explicitFileType = archive.ar; includeInIndex = 0; path = "libPods-VeeContactPicker.a"; sourceTree = BUILT_PRODUCTS_DIR; };
		3443D42DEDE8A03DD6D3BCD7 /* Pods-VeeContactPicker.release.xcconfig */ = {isa = PBXFileReference; includeInIndex = 1; lastKnownFileType = text.xcconfig; name = "Pods-VeeContactPicker.release.xcconfig"; path = "Pods/Target Support Files/Pods-VeeContactPicker/Pods-VeeContactPicker.release.xcconfig"; sourceTree = "<group>"; };
		59BA9EF812E7CB1FDE543CC3 /* Pods-VeeContactPicker.debug.xcconfig */ = {isa = PBXFileReference; includeInIndex = 1; lastKnownFileType = text.xcconfig; name = "Pods-VeeContactPicker.debug.xcconfig"; path = "Pods/Target Support Files/Pods-VeeContactPicker/Pods-VeeContactPicker.debug.xcconfig"; sourceTree = "<group>"; };
		608D41F3D9A815CA32DBA796 /* libPods-VeeContactPickerTests.a */ = {isa = PBXFileReference; explicitFileType = archive.ar; includeInIndex = 0; path = "libPods-VeeContactPickerTests.a"; sourceTree = BUILT_PRODUCTS_DIR; };
		860696921CA15BC500997F09 /* MiddleNames.txt */ = {isa = PBXFileReference; fileEncoding = 4; lastKnownFileType = text; path = MiddleNames.txt; sourceTree = "<group>"; };
		860696941CA15DDB00997F09 /* Nicknames.txt */ = {isa = PBXFileReference; fileEncoding = 4; lastKnownFileType = text; path = Nicknames.txt; sourceTree = "<group>"; };
		860696961CA15DE500997F09 /* OrganizationNames.txt */ = {isa = PBXFileReference; fileEncoding = 4; lastKnownFileType = text; path = OrganizationNames.txt; sourceTree = "<group>"; };
		8606969A1CA1618F00997F09 /* VeeContactFactory.h */ = {isa = PBXFileReference; fileEncoding = 4; lastKnownFileType = sourcecode.c.h; path = VeeContactFactory.h; sourceTree = "<group>"; };
		8606969B1CA1618F00997F09 /* VeeContactFactory.m */ = {isa = PBXFileReference; fileEncoding = 4; lastKnownFileType = sourcecode.c.objc; path = VeeContactFactory.m; sourceTree = "<group>"; };
		860C62681C28521200876682 /* VeeContactPicker.app */ = {isa = PBXFileReference; explicitFileType = wrapper.application; includeInIndex = 0; path = VeeContactPicker.app; sourceTree = BUILT_PRODUCTS_DIR; };
		860C626C1C28521200876682 /* main.m */ = {isa = PBXFileReference; lastKnownFileType = sourcecode.c.objc; path = main.m; sourceTree = "<group>"; };
		860C626E1C28521200876682 /* AppDelegate.h */ = {isa = PBXFileReference; lastKnownFileType = sourcecode.c.h; path = AppDelegate.h; sourceTree = "<group>"; };
		860C626F1C28521200876682 /* AppDelegate.m */ = {isa = PBXFileReference; lastKnownFileType = sourcecode.c.objc; path = AppDelegate.m; sourceTree = "<group>"; };
		860C62751C28521200876682 /* Base */ = {isa = PBXFileReference; lastKnownFileType = file.storyboard; name = Base; path = Base.lproj/Main.storyboard; sourceTree = "<group>"; };
		860C62771C28521200876682 /* Assets.xcassets */ = {isa = PBXFileReference; lastKnownFileType = folder.assetcatalog; path = Assets.xcassets; sourceTree = "<group>"; };
		860C627A1C28521200876682 /* Base */ = {isa = PBXFileReference; lastKnownFileType = file.storyboard; name = Base; path = Base.lproj/LaunchScreen.storyboard; sourceTree = "<group>"; };
		860C627C1C28521200876682 /* Info.plist */ = {isa = PBXFileReference; lastKnownFileType = text.plist.xml; path = Info.plist; sourceTree = "<group>"; };
		860C62811C28521200876682 /* VeeContactPickerTests.xctest */ = {isa = PBXFileReference; explicitFileType = wrapper.cfbundle; includeInIndex = 0; path = VeeContactPickerTests.xctest; sourceTree = BUILT_PRODUCTS_DIR; };
		860C62871C28521200876682 /* Info.plist */ = {isa = PBXFileReference; lastKnownFileType = text.plist.xml; path = Info.plist; sourceTree = "<group>"; };
		860C628C1C28521200876682 /* VeeContactPickerUITests.xctest */ = {isa = PBXFileReference; explicitFileType = wrapper.cfbundle; includeInIndex = 0; path = VeeContactPickerUITests.xctest; sourceTree = BUILT_PRODUCTS_DIR; };
		860C62901C28521200876682 /* VeeContactPickerUITests.m */ = {isa = PBXFileReference; lastKnownFileType = sourcecode.c.objc; path = VeeContactPickerUITests.m; sourceTree = "<group>"; };
		860C62921C28521200876682 /* Info.plist */ = {isa = PBXFileReference; lastKnownFileType = text.plist.xml; path = Info.plist; sourceTree = "<group>"; };
		860C629F1C28525E00876682 /* VeeContactProt.h */ = {isa = PBXFileReference; lastKnownFileType = sourcecode.c.h; path = VeeContactProt.h; sourceTree = "<group>"; };
		860C62A41C28528E00876682 /* VeeContactPickerDelegate.h */ = {isa = PBXFileReference; fileEncoding = 4; lastKnownFileType = sourcecode.c.h; path = VeeContactPickerDelegate.h; sourceTree = "<group>"; };
		860C62A51C28528E00876682 /* VeeContactPickerViewController.h */ = {isa = PBXFileReference; fileEncoding = 4; lastKnownFileType = sourcecode.c.h; path = VeeContactPickerViewController.h; sourceTree = "<group>"; };
		860C62A61C28528E00876682 /* VeeContactPickerViewController.m */ = {isa = PBXFileReference; fileEncoding = 4; lastKnownFileType = sourcecode.c.objc; path = VeeContactPickerViewController.m; sourceTree = "<group>"; };
		860C62A71C28528E00876682 /* VeeContactPickerViewController.xib */ = {isa = PBXFileReference; fileEncoding = 4; lastKnownFileType = file.xib; path = VeeContactPickerViewController.xib; sourceTree = "<group>"; };
		860C62A81C28528E00876682 /* VeeContactUITableViewCell.h */ = {isa = PBXFileReference; fileEncoding = 4; lastKnownFileType = sourcecode.c.h; path = VeeContactUITableViewCell.h; sourceTree = "<group>"; };
		860C62A91C28528E00876682 /* VeeContactUITableViewCell.m */ = {isa = PBXFileReference; fileEncoding = 4; lastKnownFileType = sourcecode.c.objc; path = VeeContactUITableViewCell.m; sourceTree = "<group>"; };
		860C62AA1C28528E00876682 /* VeeContactUITableViewCell.xib */ = {isa = PBXFileReference; fileEncoding = 4; lastKnownFileType = file.xib; path = VeeContactUITableViewCell.xib; sourceTree = "<group>"; };
		860C62B41C2854CB00876682 /* VeeContact.h */ = {isa = PBXFileReference; fileEncoding = 4; lastKnownFileType = sourcecode.c.h; path = VeeContact.h; sourceTree = "<group>"; };
		860C62B51C2854CB00876682 /* VeeContact.m */ = {isa = PBXFileReference; fileEncoding = 4; lastKnownFileType = sourcecode.c.objc; path = VeeContact.m; sourceTree = "<group>"; };
		861046C11C8F253F00DFA690 /* VeeContactTests.m */ = {isa = PBXFileReference; fileEncoding = 4; lastKnownFileType = sourcecode.c.objc; path = VeeContactTests.m; sourceTree = "<group>"; };
		861046C61C8F2E5F00DFA690 /* VeeAddressBookForTesting.h */ = {isa = PBXFileReference; fileEncoding = 4; lastKnownFileType = sourcecode.c.h; path = VeeAddressBookForTesting.h; sourceTree = "<group>"; };
		861046C71C8F2E5F00DFA690 /* VeeAddressBookForTesting.m */ = {isa = PBXFileReference; fileEncoding = 4; lastKnownFileType = sourcecode.c.objc; path = VeeAddressBookForTesting.m; sourceTree = "<group>"; };
		8622C3431CABDD6A009EB7A1 /* NSObject+VeeCommons.h */ = {isa = PBXFileReference; fileEncoding = 4; lastKnownFileType = sourcecode.c.h; path = "NSObject+VeeCommons.h"; sourceTree = "<group>"; };
		8622C3441CABDD6A009EB7A1 /* NSObject+VeeCommons.m */ = {isa = PBXFileReference; fileEncoding = 4; lastKnownFileType = sourcecode.c.objc; path = "NSObject+VeeCommons.m"; sourceTree = "<group>"; };
		8622C3491CABE592009EB7A1 /* VeeContactFactoryProt.h */ = {isa = PBXFileReference; fileEncoding = 4; lastKnownFileType = sourcecode.c.h; path = VeeContactFactoryProt.h; sourceTree = "<group>"; };
		8622C34A1CABE7C8009EB7A1 /* VeeContactProtFactoryProducer.h */ = {isa = PBXFileReference; fileEncoding = 4; lastKnownFileType = sourcecode.c.h; path = VeeContactProtFactoryProducer.h; sourceTree = "<group>"; };
		8622C34B1CABE7C8009EB7A1 /* VeeContactProtFactoryProducer.m */ = {isa = PBXFileReference; fileEncoding = 4; lastKnownFileType = sourcecode.c.objc; path = VeeContactProtFactoryProducer.m; sourceTree = "<group>"; };
		862BB6791C9C42A900A71ED6 /* VeeSectionedArrayDataSource.h */ = {isa = PBXFileReference; fileEncoding = 4; lastKnownFileType = sourcecode.c.h; path = VeeSectionedArrayDataSource.h; sourceTree = "<group>"; };
		862BB67A1C9C42A900A71ED6 /* VeeSectionedArrayDataSource.m */ = {isa = PBXFileReference; fileEncoding = 4; lastKnownFileType = sourcecode.c.objc; path = VeeSectionedArrayDataSource.m; sourceTree = "<group>"; };
		862BB67C1C9C458500A71ED6 /* VeeSectionable.h */ = {isa = PBXFileReference; fileEncoding = 4; lastKnownFileType = sourcecode.c.h; path = VeeSectionable.h; sourceTree = "<group>"; };
		862F859D1CA14435004EF57F /* VeeABRecord.h */ = {isa = PBXFileReference; fileEncoding = 4; lastKnownFileType = sourcecode.c.h; path = VeeABRecord.h; sourceTree = "<group>"; };
		862F859E1CA14435004EF57F /* VeeABRecord.m */ = {isa = PBXFileReference; fileEncoding = 4; lastKnownFileType = sourcecode.c.objc; path = VeeABRecord.m; sourceTree = "<group>"; };
		862F85A01CA1473C004EF57F /* VeeABRecordTests.m */ = {isa = PBXFileReference; fileEncoding = 4; lastKnownFileType = sourcecode.c.objc; path = VeeABRecordTests.m; sourceTree = "<group>"; };
		864194EC1C96CE60005DC2D6 /* VeeContactPickerOptions.h */ = {isa = PBXFileReference; fileEncoding = 4; lastKnownFileType = sourcecode.c.h; path = VeeContactPickerOptions.h; sourceTree = "<group>"; };
		864194ED1C96CE60005DC2D6 /* VeeContactPickerOptions.m */ = {isa = PBXFileReference; fileEncoding = 4; lastKnownFileType = sourcecode.c.objc; path = VeeContactPickerOptions.m; sourceTree = "<group>"; };
		864194EF1C96D169005DC2D6 /* VeeContactPickerConstants.h */ = {isa = PBXFileReference; fileEncoding = 4; lastKnownFileType = sourcecode.c.h; path = VeeContactPickerConstants.h; sourceTree = "<group>"; };
		864194F01C96D169005DC2D6 /* VeeContactPickerConstants.m */ = {isa = PBXFileReference; fileEncoding = 4; lastKnownFileType = sourcecode.c.objc; path = VeeContactPickerConstants.m; sourceTree = "<group>"; };
		864194F61C96D7C0005DC2D6 /* VeeContactPickerStrings.h */ = {isa = PBXFileReference; fileEncoding = 4; lastKnownFileType = sourcecode.c.h; path = VeeContactPickerStrings.h; sourceTree = "<group>"; };
		864194F71C96D7C0005DC2D6 /* VeeContactPickerStrings.m */ = {isa = PBXFileReference; fileEncoding = 4; lastKnownFileType = sourcecode.c.objc; path = VeeContactPickerStrings.m; sourceTree = "<group>"; };
		864405501CA568730003B355 /* VeeTableViewSearchDelegate.h */ = {isa = PBXFileReference; fileEncoding = 4; lastKnownFileType = sourcecode.c.h; path = VeeTableViewSearchDelegate.h; sourceTree = "<group>"; };
		864405511CA568730003B355 /* VeeTableViewSearchDelegate.m */ = {isa = PBXFileReference; fileEncoding = 4; lastKnownFileType = sourcecode.c.objc; path = VeeTableViewSearchDelegate.m; sourceTree = "<group>"; };
		864405531CA56A070003B355 /* VeeSearchResultsDelegate.h */ = {isa = PBXFileReference; fileEncoding = 4; lastKnownFileType = sourcecode.c.h; path = VeeSearchResultsDelegate.h; sourceTree = "<group>"; };
		864405561CA58A030003B355 /* VeeTableViewSearchDelegateTests.m */ = {isa = PBXFileReference; fileEncoding = 4; lastKnownFileType = sourcecode.c.objc; path = VeeTableViewSearchDelegateTests.m; sourceTree = "<group>"; };
		864405581CA965E80003B355 /* VeeSearchResultsDelegateForTesting.h */ = {isa = PBXFileReference; fileEncoding = 4; lastKnownFileType = sourcecode.c.h; path = VeeSearchResultsDelegateForTesting.h; sourceTree = "<group>"; };
		864405591CA965E80003B355 /* VeeSearchResultsDelegateForTesting.m */ = {isa = PBXFileReference; fileEncoding = 4; lastKnownFileType = sourcecode.c.objc; path = VeeSearchResultsDelegateForTesting.m; sourceTree = "<group>"; };
		8644055B1CA970970003B355 /* VeeContactCellConfiguration.h */ = {isa = PBXFileReference; fileEncoding = 4; lastKnownFileType = sourcecode.c.h; path = VeeContactCellConfiguration.h; sourceTree = "<group>"; };
		8644055C1CA970970003B355 /* VeeContactCellConfiguration.m */ = {isa = PBXFileReference; fileEncoding = 4; lastKnownFileType = sourcecode.c.objc; path = VeeContactCellConfiguration.m; sourceTree = "<group>"; };
		8644055E1CA974190003B355 /* VeeContactCellConfigurationTests.m */ = {isa = PBXFileReference; fileEncoding = 4; lastKnownFileType = sourcecode.c.objc; path = VeeContactCellConfigurationTests.m; sourceTree = "<group>"; };
		864AFE2F1C91913F002F4BF7 /* VeeAddressBookForTestingConstants.h */ = {isa = PBXFileReference; fileEncoding = 4; lastKnownFileType = sourcecode.c.h; path = VeeAddressBookForTestingConstants.h; sourceTree = "<group>"; };
		864AFE301C91913F002F4BF7 /* VeeAddressBookForTestingConstants.m */ = {isa = PBXFileReference; fileEncoding = 4; lastKnownFileType = sourcecode.c.objc; path = VeeAddressBookForTestingConstants.m; sourceTree = "<group>"; };
		8676C5901C93151100054446 /* vee_testing_ab.vcf */ = {isa = PBXFileReference; fileEncoding = 4; lastKnownFileType = text; path = vee_testing_ab.vcf; sourceTree = "<group>"; };
		867AD86D1C9C855A009A26A2 /* VeeSectionedArrayDataSourceTests.m */ = {isa = PBXFileReference; fileEncoding = 4; lastKnownFileType = sourcecode.c.objc; path = VeeSectionedArrayDataSourceTests.m; sourceTree = "<group>"; };
		867AD86F1C9DA79D009A26A2 /* VeeSectionableForTesting.h */ = {isa = PBXFileReference; fileEncoding = 4; lastKnownFileType = sourcecode.c.h; path = VeeSectionableForTesting.h; sourceTree = "<group>"; };
		867AD8701C9DA79D009A26A2 /* VeeSectionableForTesting.m */ = {isa = PBXFileReference; fileEncoding = 4; lastKnownFileType = sourcecode.c.objc; path = VeeSectionableForTesting.m; sourceTree = "<group>"; };
		867AD8751CA04300009A26A2 /* VeeIsEmpty.h */ = {isa = PBXFileReference; fileEncoding = 4; lastKnownFileType = sourcecode.c.h; path = VeeIsEmpty.h; sourceTree = "<group>"; };
		867AD8761CA04300009A26A2 /* VeeIsEmpty.m */ = {isa = PBXFileReference; fileEncoding = 4; lastKnownFileType = sourcecode.c.objc; path = VeeIsEmpty.m; sourceTree = "<group>"; };
		867AD8781CA0436B009A26A2 /* VeeIsEmptyTests.m */ = {isa = PBXFileReference; fileEncoding = 4; lastKnownFileType = sourcecode.c.objc; path = VeeIsEmptyTests.m; sourceTree = "<group>"; };
		868BAB771CA2C14400B0B0A4 /* portrait_1.jpg */ = {isa = PBXFileReference; lastKnownFileType = image.jpeg; path = portrait_1.jpg; sourceTree = "<group>"; };
		868BAB781CA2C14400B0B0A4 /* portrait_2.jpg */ = {isa = PBXFileReference; lastKnownFileType = image.jpeg; path = portrait_2.jpg; sourceTree = "<group>"; };
		868BAB791CA2C14400B0B0A4 /* portrait_3.jpg */ = {isa = PBXFileReference; lastKnownFileType = image.jpeg; path = portrait_3.jpg; sourceTree = "<group>"; };
		868BAB7A1CA2C14400B0B0A4 /* portrait_4.jpg */ = {isa = PBXFileReference; lastKnownFileType = image.jpeg; path = portrait_4.jpg; sourceTree = "<group>"; };
		868BAB7B1CA2C14400B0B0A4 /* portrait_5.jpg */ = {isa = PBXFileReference; lastKnownFileType = image.jpeg; path = portrait_5.jpg; sourceTree = "<group>"; };
		868BAB7C1CA2C14400B0B0A4 /* portrait_6.jpg */ = {isa = PBXFileReference; lastKnownFileType = image.jpeg; path = portrait_6.jpg; sourceTree = "<group>"; };
		868BAB7D1CA2C14400B0B0A4 /* portrait_7.jpg */ = {isa = PBXFileReference; lastKnownFileType = image.jpeg; path = portrait_7.jpg; sourceTree = "<group>"; };
		868BAB7E1CA2C14400B0B0A4 /* portrait_8.jpg */ = {isa = PBXFileReference; lastKnownFileType = image.jpeg; path = portrait_8.jpg; sourceTree = "<group>"; };
		868BAB7F1CA2C14400B0B0A4 /* portrait_9.jpg */ = {isa = PBXFileReference; lastKnownFileType = image.jpeg; path = portrait_9.jpg; sourceTree = "<group>"; };
		868BAB961CA2DDB000B0B0A4 /* VeeABRecordsImporterTests.m */ = {isa = PBXFileReference; fileEncoding = 4; lastKnownFileType = sourcecode.c.objc; path = VeeABRecordsImporterTests.m; sourceTree = "<group>"; };
		86A6A7001C9AF572004F66E2 /* codeatlas.png */ = {isa = PBXFileReference; lastKnownFileType = image.png; path = codeatlas.png; sourceTree = "<group>"; };
		86AB036B1C917A820054B7EC /* XCTest+VeeCommons.h */ = {isa = PBXFileReference; fileEncoding = 4; lastKnownFileType = sourcecode.c.h; path = "XCTest+VeeCommons.h"; sourceTree = "<group>"; };
		86AB036C1C917A820054B7EC /* XCTest+VeeCommons.m */ = {isa = PBXFileReference; fileEncoding = 4; lastKnownFileType = sourcecode.c.objc; path = "XCTest+VeeCommons.m"; sourceTree = "<group>"; };
		86B756A81CAA8C200033D286 /* UILabelBolfidyTests.m */ = {isa = PBXFileReference; fileEncoding = 4; lastKnownFileType = sourcecode.c.objc; path = UILabelBolfidyTests.m; sourceTree = "<group>"; };
		86B756AB1CAAE10C0033D286 /* VeePostalAddressProt.h */ = {isa = PBXFileReference; fileEncoding = 4; lastKnownFileType = sourcecode.c.h; path = VeePostalAddressProt.h; sourceTree = "<group>"; };
		86B756AC1CAAE14C0033D286 /* VeePostalAddress.h */ = {isa = PBXFileReference; fileEncoding = 4; lastKnownFileType = sourcecode.c.h; path = VeePostalAddress.h; sourceTree = "<group>"; };
		86B756AD1CAAE14C0033D286 /* VeePostalAddress.m */ = {isa = PBXFileReference; fileEncoding = 4; lastKnownFileType = sourcecode.c.objc; path = VeePostalAddress.m; sourceTree = "<group>"; };
		86B756AF1CABD3290033D286 /* VeePostalAddressTests.m */ = {isa = PBXFileReference; fileEncoding = 4; lastKnownFileType = sourcecode.c.objc; path = VeePostalAddressTests.m; sourceTree = "<group>"; };
		86B8A6BA1C9977C100F48CBD /* VeeContactPickerViewControllerTests.m */ = {isa = PBXFileReference; fileEncoding = 4; lastKnownFileType = sourcecode.c.objc; path = VeeContactPickerViewControllerTests.m; sourceTree = "<group>"; };
		86B8A6BC1C99A49600F48CBD /* VeeContactPickerOptionsTests.m */ = {isa = PBXFileReference; fileEncoding = 4; lastKnownFileType = sourcecode.c.objc; path = VeeContactPickerOptionsTests.m; sourceTree = "<group>"; };
		86B8A6BE1C99A4D200F48CBD /* VeeContactPickerStringsTests.m */ = {isa = PBXFileReference; fileEncoding = 4; lastKnownFileType = sourcecode.c.objc; path = VeeContactPickerStringsTests.m; sourceTree = "<group>"; };
		86B8A6C21C99AB6C00F48CBD /* VeeContactsForTestingFactory.h */ = {isa = PBXFileReference; fileEncoding = 4; lastKnownFileType = sourcecode.c.h; path = VeeContactsForTestingFactory.h; sourceTree = "<group>"; };
		86B8A6C31C99AB6C00F48CBD /* VeeContactsForTestingFactory.m */ = {isa = PBXFileReference; fileEncoding = 4; lastKnownFileType = sourcecode.c.objc; path = VeeContactsForTestingFactory.m; sourceTree = "<group>"; };
		86C08D161CA1520900319B5A /* FirstNames.txt */ = {isa = PBXFileReference; fileEncoding = 4; lastKnownFileType = text; path = FirstNames.txt; sourceTree = "<group>"; };
		86C08D181CA1523400319B5A /* LastNames.txt */ = {isa = PBXFileReference; fileEncoding = 4; lastKnownFileType = text; path = LastNames.txt; sourceTree = "<group>"; };
		86C08D1A1CA152D800319B5A /* EmailDomains.txt */ = {isa = PBXFileReference; fileEncoding = 4; lastKnownFileType = text; path = EmailDomains.txt; sourceTree = "<group>"; };
		86C08D1C1CA1530F00319B5A /* FakePhoneNumbers.txt */ = {isa = PBXFileReference; fileEncoding = 4; lastKnownFileType = text; path = FakePhoneNumbers.txt; sourceTree = "<group>"; };
		86C6E7D91C9C11EC0031CC23 /* VeeABDelegate.h */ = {isa = PBXFileReference; fileEncoding = 4; lastKnownFileType = sourcecode.c.h; path = VeeABDelegate.h; sourceTree = "<group>"; };
		86CAE0411CBFC96700552B81 /* VeeContactPickerExampleViewController.h */ = {isa = PBXFileReference; fileEncoding = 4; lastKnownFileType = sourcecode.c.h; path = VeeContactPickerExampleViewController.h; sourceTree = "<group>"; };
		86CAE0421CBFC96700552B81 /* VeeContactPickerExampleViewController.m */ = {isa = PBXFileReference; fileEncoding = 4; lastKnownFileType = sourcecode.c.objc; path = VeeContactPickerExampleViewController.m; sourceTree = "<group>"; };
		86DCEEFB1C96DB4400EC7FD6 /* VeeAddressBook.h */ = {isa = PBXFileReference; fileEncoding = 4; lastKnownFileType = sourcecode.c.h; path = VeeAddressBook.h; sourceTree = "<group>"; };
		86DCEEFC1C96DB4400EC7FD6 /* VeeAddressBook.m */ = {isa = PBXFileReference; fileEncoding = 4; lastKnownFileType = sourcecode.c.objc; path = VeeAddressBook.m; sourceTree = "<group>"; };
		86DCEF041C96E0A700EC7FD6 /* VeeABRecordsImporter.h */ = {isa = PBXFileReference; fileEncoding = 4; lastKnownFileType = sourcecode.c.h; path = VeeABRecordsImporter.h; sourceTree = "<group>"; };
		86DCEF051C96E0A700EC7FD6 /* VeeABRecordsImporter.m */ = {isa = PBXFileReference; fileEncoding = 4; lastKnownFileType = sourcecode.c.objc; path = VeeABRecordsImporter.m; sourceTree = "<group>"; };
		86F12ABE1C3C0CF900F584C2 /* UILabel+Boldify.h */ = {isa = PBXFileReference; fileEncoding = 4; lastKnownFileType = sourcecode.c.h; path = "UILabel+Boldify.h"; sourceTree = "<group>"; };
		86F12ABF1C3C0CF900F584C2 /* UILabel+Boldify.m */ = {isa = PBXFileReference; fileEncoding = 4; lastKnownFileType = sourcecode.c.objc; path = "UILabel+Boldify.m"; sourceTree = "<group>"; };
		8D4D941FFF54A1E63B5134C6 /* Pods-VeeContactPickerTests.release.xcconfig */ = {isa = PBXFileReference; includeInIndex = 1; lastKnownFileType = text.xcconfig; name = "Pods-VeeContactPickerTests.release.xcconfig"; path = "Pods/Target Support Files/Pods-VeeContactPickerTests/Pods-VeeContactPickerTests.release.xcconfig"; sourceTree = "<group>"; };
		DE67451A3E6A212CE03F629A /* Pods-VeeContactPickerTests.debug.xcconfig */ = {isa = PBXFileReference; includeInIndex = 1; lastKnownFileType = text.xcconfig; name = "Pods-VeeContactPickerTests.debug.xcconfig"; path = "Pods/Target Support Files/Pods-VeeContactPickerTests/Pods-VeeContactPickerTests.debug.xcconfig"; sourceTree = "<group>"; };
/* End PBXFileReference section */

/* Begin PBXFrameworksBuildPhase section */
		860C62651C28521200876682 /* Frameworks */ = {
			isa = PBXFrameworksBuildPhase;
			buildActionMask = 2147483647;
			files = (
				CF12D0A2F6931717F59A339E /* libPods-VeeContactPicker.a in Frameworks */,
			);
			runOnlyForDeploymentPostprocessing = 0;
		};
		860C627E1C28521200876682 /* Frameworks */ = {
			isa = PBXFrameworksBuildPhase;
			buildActionMask = 2147483647;
			files = (
				F1B9BEB846BF9235FB2EABBB /* libPods-VeeContactPickerTests.a in Frameworks */,
			);
			runOnlyForDeploymentPostprocessing = 0;
		};
		860C62891C28521200876682 /* Frameworks */ = {
			isa = PBXFrameworksBuildPhase;
			buildActionMask = 2147483647;
			files = (
			);
			runOnlyForDeploymentPostprocessing = 0;
		};
/* End PBXFrameworksBuildPhase section */

/* Begin PBXGroup section */
		030E99DDB0909A27353EC124 /* Frameworks */ = {
			isa = PBXGroup;
			children = (
				0D2A2743CC4B67C17435DFFC /* libPods-VeeContactPicker.a */,
				608D41F3D9A815CA32DBA796 /* libPods-VeeContactPickerTests.a */,
			);
			name = Frameworks;
			sourceTree = "<group>";
		};
		7BA7218B336B8BB754184CB5 /* Pods */ = {
			isa = PBXGroup;
			children = (
				59BA9EF812E7CB1FDE543CC3 /* Pods-VeeContactPicker.debug.xcconfig */,
				3443D42DEDE8A03DD6D3BCD7 /* Pods-VeeContactPicker.release.xcconfig */,
				DE67451A3E6A212CE03F629A /* Pods-VeeContactPickerTests.debug.xcconfig */,
				8D4D941FFF54A1E63B5134C6 /* Pods-VeeContactPickerTests.release.xcconfig */,
			);
			name = Pods;
			sourceTree = "<group>";
		};
		860C625F1C28521200876682 = {
			isa = PBXGroup;
			children = (
				030E99DDB0909A27353EC124 /* Frameworks */,
				7BA7218B336B8BB754184CB5 /* Pods */,
				860C62691C28521200876682 /* Products */,
				860C626A1C28521200876682 /* VeeContactPicker */,
				860C629E1C28521C00876682 /* VeeContactPickerExample */,
				860C62841C28521200876682 /* VeeContactPickerTests */,
				860C628F1C28521200876682 /* VeeContactPickerUITests */,
			);
			sourceTree = "<group>";
		};
		860C62691C28521200876682 /* Products */ = {
			isa = PBXGroup;
			children = (
				860C62681C28521200876682 /* VeeContactPicker.app */,
				860C62811C28521200876682 /* VeeContactPickerTests.xctest */,
				860C628C1C28521200876682 /* VeeContactPickerUITests.xctest */,
			);
			name = Products;
			sourceTree = "<group>";
		};
		860C626A1C28521200876682 /* VeeContactPicker */ = {
			isa = PBXGroup;
			children = (
				860C62AF1C28529700876682 /* Classes */,
				860C62B21C2852BB00876682 /* Xibs */,
			);
			path = VeeContactPicker;
			sourceTree = "<group>";
		};
		860C626B1C28521200876682 /* Supporting Files */ = {
			isa = PBXGroup;
			children = (
				860C626C1C28521200876682 /* main.m */,
			);
			path = "Supporting Files";
			sourceTree = "<group>";
		};
		860C62841C28521200876682 /* VeeContactPickerTests */ = {
			isa = PBXGroup;
			children = (
				86C6E7DC1C9C13280031CC23 /* Controller */,
				86C6E7DA1C9C130C0031CC23 /* Model */,
				86A6A6FF1C9AF56A004F66E2 /* Res */,
				86C6E7DB1C9C13180031CC23 /* Utils */,
				862F85A31CA147AB004EF57F /* Utils and categories */,
				860C62871C28521200876682 /* Info.plist */,
			);
			path = VeeContactPickerTests;
			sourceTree = "<group>";
		};
		860C628F1C28521200876682 /* VeeContactPickerUITests */ = {
			isa = PBXGroup;
			children = (
				860C62921C28521200876682 /* Info.plist */,
				860C62901C28521200876682 /* VeeContactPickerUITests.m */,
			);
			path = VeeContactPickerUITests;
			sourceTree = "<group>";
		};
		860C629E1C28521C00876682 /* VeeContactPickerExample */ = {
			isa = PBXGroup;
			children = (
				860C626B1C28521200876682 /* Supporting Files */,
				860C626E1C28521200876682 /* AppDelegate.h */,
				860C626F1C28521200876682 /* AppDelegate.m */,
				860C62771C28521200876682 /* Assets.xcassets */,
				860C627C1C28521200876682 /* Info.plist */,
				860C62791C28521200876682 /* LaunchScreen.storyboard */,
				860C62741C28521200876682 /* Main.storyboard */,
				86CAE0411CBFC96700552B81 /* VeeContactPickerExampleViewController.h */,
				86CAE0421CBFC96700552B81 /* VeeContactPickerExampleViewController.m */,
			);
			path = VeeContactPickerExample;
			sourceTree = "<group>";
		};
		860C62AF1C28529700876682 /* Classes */ = {
			isa = PBXGroup;
			children = (
				86D7F7901C8ED8A40060FA7A /* Model */,
				86DCEEFA1C96DB2900EC7FD6 /* Controller */,
				867AD8741CA042EC009A26A2 /* Utils and categories */,
			);
			path = Classes;
			sourceTree = "<group>";
		};
		860C62B11C2852AD00876682 /* ViewController */ = {
			isa = PBXGroup;
			children = (
				860C62B31C2852DA00876682 /* UITableViewCells */,
				86EA99521CAD13B000DBC303 /* View Controller utils */,
				860C62A41C28528E00876682 /* VeeContactPickerDelegate.h */,
				860C62A51C28528E00876682 /* VeeContactPickerViewController.h */,
				860C62A61C28528E00876682 /* VeeContactPickerViewController.m */,
			);
			path = ViewController;
			sourceTree = "<group>";
		};
		860C62B21C2852BB00876682 /* Xibs */ = {
			isa = PBXGroup;
			children = (
				860C62A71C28528E00876682 /* VeeContactPickerViewController.xib */,
				860C62AA1C28528E00876682 /* VeeContactUITableViewCell.xib */,
			);
			path = Xibs;
			sourceTree = "<group>";
		};
		860C62B31C2852DA00876682 /* UITableViewCells */ = {
			isa = PBXGroup;
			children = (
				8644055B1CA970970003B355 /* VeeContactCellConfiguration.h */,
				8644055C1CA970970003B355 /* VeeContactCellConfiguration.m */,
				860C62A81C28528E00876682 /* VeeContactUITableViewCell.h */,
				860C62A91C28528E00876682 /* VeeContactUITableViewCell.m */,
			);
			path = UITableViewCells;
			sourceTree = "<group>";
		};
		8622C34D1CABE7CF009EB7A1 /* VeeContact Abstract Factory */ = {
			isa = PBXGroup;
			children = (
				8606969A1CA1618F00997F09 /* VeeContactFactory.h */,
				8606969B1CA1618F00997F09 /* VeeContactFactory.m */,
				8622C3491CABE592009EB7A1 /* VeeContactFactoryProt.h */,
				8622C34A1CABE7C8009EB7A1 /* VeeContactProtFactoryProducer.h */,
				8622C34B1CABE7C8009EB7A1 /* VeeContactProtFactoryProducer.m */,
			);
			path = "VeeContact Abstract Factory";
			sourceTree = "<group>";
		};
		862F859C1CA141BD004EF57F /* ContactPicker */ = {
			isa = PBXGroup;
			children = (
				864194EF1C96D169005DC2D6 /* VeeContactPickerConstants.h */,
				864194F01C96D169005DC2D6 /* VeeContactPickerConstants.m */,
				864194EC1C96CE60005DC2D6 /* VeeContactPickerOptions.h */,
				864194ED1C96CE60005DC2D6 /* VeeContactPickerOptions.m */,
				864194F61C96D7C0005DC2D6 /* VeeContactPickerStrings.h */,
				864194F71C96D7C0005DC2D6 /* VeeContactPickerStrings.m */,
			);
			path = ContactPicker;
			sourceTree = "<group>";
		};
		862F85A21CA14762004EF57F /* ContactPicker */ = {
			isa = PBXGroup;
			children = (
				86B8A6BC1C99A49600F48CBD /* VeeContactPickerOptionsTests.m */,
				86B8A6BE1C99A4D200F48CBD /* VeeContactPickerStringsTests.m */,
			);
			path = ContactPicker;
			sourceTree = "<group>";
		};
		862F85A31CA147AB004EF57F /* Utils and categories */ = {
			isa = PBXGroup;
			children = (
				86B756A81CAA8C200033D286 /* UILabelBolfidyTests.m */,
				867AD8781CA0436B009A26A2 /* VeeIsEmptyTests.m */,
			);
			path = "Utils and categories";
			sourceTree = "<group>";
		};
		867AD8741CA042EC009A26A2 /* Utils and categories */ = {
			isa = PBXGroup;
			children = (
				8622C3431CABDD6A009EB7A1 /* NSObject+VeeCommons.h */,
				8622C3441CABDD6A009EB7A1 /* NSObject+VeeCommons.m */,
				86F12ABE1C3C0CF900F584C2 /* UILabel+Boldify.h */,
				86F12ABF1C3C0CF900F584C2 /* UILabel+Boldify.m */,
				867AD8751CA04300009A26A2 /* VeeIsEmpty.h */,
				867AD8761CA04300009A26A2 /* VeeIsEmpty.m */,
			);
			path = "Utils and categories";
			sourceTree = "<group>";
		};
		868BAB761CA2C13600B0B0A4 /* Portraits */ = {
			isa = PBXGroup;
			children = (
				868BAB771CA2C14400B0B0A4 /* portrait_1.jpg */,
				868BAB781CA2C14400B0B0A4 /* portrait_2.jpg */,
				868BAB791CA2C14400B0B0A4 /* portrait_3.jpg */,
				868BAB7A1CA2C14400B0B0A4 /* portrait_4.jpg */,
				868BAB7B1CA2C14400B0B0A4 /* portrait_5.jpg */,
				868BAB7C1CA2C14400B0B0A4 /* portrait_6.jpg */,
				868BAB7D1CA2C14400B0B0A4 /* portrait_7.jpg */,
				868BAB7E1CA2C14400B0B0A4 /* portrait_8.jpg */,
				868BAB7F1CA2C14400B0B0A4 /* portrait_9.jpg */,
			);
			name = Portraits;
			path = ../Portraits;
			sourceTree = "<group>";
		};
		868BAB921CA2DCA400B0B0A4 /* Address Book */ = {
			isa = PBXGroup;
			children = (
				868BAB961CA2DDB000B0B0A4 /* VeeABRecordsImporterTests.m */,
			);
			path = "Address Book";
			sourceTree = "<group>";
		};
		86A6A6FF1C9AF56A004F66E2 /* Res */ = {
			isa = PBXGroup;
			children = (
				86B756AA1CAAD97B0033D286 /* Fake contact entries */,
				86A6A7001C9AF572004F66E2 /* codeatlas.png */,
				8676C5901C93151100054446 /* vee_testing_ab.vcf */,
			);
			path = Res;
			sourceTree = "<group>";
		};
		86AB036F1C917AAD0054B7EC /* AddressBookForTesting */ = {
			isa = PBXGroup;
			children = (
				861046C61C8F2E5F00DFA690 /* VeeAddressBookForTesting.h */,
				861046C71C8F2E5F00DFA690 /* VeeAddressBookForTesting.m */,
				864AFE2F1C91913F002F4BF7 /* VeeAddressBookForTestingConstants.h */,
				864AFE301C91913F002F4BF7 /* VeeAddressBookForTestingConstants.m */,
			);
			path = AddressBookForTesting;
			sourceTree = "<group>";
		};
		86B756AA1CAAD97B0033D286 /* Fake contact entries */ = {
			isa = PBXGroup;
			children = (
				868BAB761CA2C13600B0B0A4 /* Portraits */,
				86C08D1A1CA152D800319B5A /* EmailDomains.txt */,
				86C08D1C1CA1530F00319B5A /* FakePhoneNumbers.txt */,
				86C08D161CA1520900319B5A /* FirstNames.txt */,
				86C08D181CA1523400319B5A /* LastNames.txt */,
				860696921CA15BC500997F09 /* MiddleNames.txt */,
				860696941CA15DDB00997F09 /* Nicknames.txt */,
				860696961CA15DE500997F09 /* OrganizationNames.txt */,
			);
			path = "Fake contact entries";
			sourceTree = "<group>";
		};
		86C6E7DA1C9C130C0031CC23 /* Model */ = {
			isa = PBXGroup;
			children = (
				862F85A21CA14762004EF57F /* ContactPicker */,
				862F85A01CA1473C004EF57F /* VeeABRecordTests.m */,
				861046C11C8F253F00DFA690 /* VeeContactTests.m */,
				86B756AF1CABD3290033D286 /* VeePostalAddressTests.m */,
			);
			path = Model;
			sourceTree = "<group>";
		};
		86C6E7DB1C9C13180031CC23 /* Utils */ = {
			isa = PBXGroup;
			children = (
				86AB036F1C917AAD0054B7EC /* AddressBookForTesting */,
				86B8A6C21C99AB6C00F48CBD /* VeeContactsForTestingFactory.h */,
				86B8A6C31C99AB6C00F48CBD /* VeeContactsForTestingFactory.m */,
				864405581CA965E80003B355 /* VeeSearchResultsDelegateForTesting.h */,
				864405591CA965E80003B355 /* VeeSearchResultsDelegateForTesting.m */,
				867AD86F1C9DA79D009A26A2 /* VeeSectionableForTesting.h */,
				867AD8701C9DA79D009A26A2 /* VeeSectionableForTesting.m */,
				86AB036B1C917A820054B7EC /* XCTest+VeeCommons.h */,
				86AB036C1C917A820054B7EC /* XCTest+VeeCommons.m */,
			);
			path = Utils;
			sourceTree = "<group>";
		};
		86C6E7DC1C9C13280031CC23 /* Controller */ = {
			isa = PBXGroup;
			children = (
				868BAB921CA2DCA400B0B0A4 /* Address Book */,
				86C6E7DD1C9C132D0031CC23 /* View Controller */,
			);
			path = Controller;
			sourceTree = "<group>";
		};
		86C6E7DD1C9C132D0031CC23 /* View Controller */ = {
			isa = PBXGroup;
			children = (
				86EA99541CAD13EF00DBC303 /* UITableViewCells */,
				86EA99531CAD13C000DBC303 /* View Controller utils */,
				86B8A6BA1C9977C100F48CBD /* VeeContactPickerViewControllerTests.m */,
			);
			path = "View Controller";
			sourceTree = "<group>";
		};
		86D7F7901C8ED8A40060FA7A /* Model */ = {
			isa = PBXGroup;
			children = (
				862F859C1CA141BD004EF57F /* ContactPicker */,
				8622C34D1CABE7CF009EB7A1 /* VeeContact Abstract Factory */,
				862F859D1CA14435004EF57F /* VeeABRecord.h */,
				862F859E1CA14435004EF57F /* VeeABRecord.m */,
				860C62B41C2854CB00876682 /* VeeContact.h */,
				860C62B51C2854CB00876682 /* VeeContact.m */,
				860C629F1C28525E00876682 /* VeeContactProt.h */,
				86B756AC1CAAE14C0033D286 /* VeePostalAddress.h */,
				86B756AD1CAAE14C0033D286 /* VeePostalAddress.m */,
				86B756AB1CAAE10C0033D286 /* VeePostalAddressProt.h */,
				862BB67C1C9C458500A71ED6 /* VeeSectionable.h */,
			);
			path = Model;
			sourceTree = "<group>";
		};
		86DCEEFA1C96DB2900EC7FD6 /* Controller */ = {
			isa = PBXGroup;
			children = (
				86DCEF011C96E08600EC7FD6 /* Address Book */,
				860C62B11C2852AD00876682 /* ViewController */,
			);
			path = Controller;
			sourceTree = "<group>";
		};
		86DCEF011C96E08600EC7FD6 /* Address Book */ = {
			isa = PBXGroup;
			children = (
				86C6E7D91C9C11EC0031CC23 /* VeeABDelegate.h */,
				86DCEF041C96E0A700EC7FD6 /* VeeABRecordsImporter.h */,
				86DCEF051C96E0A700EC7FD6 /* VeeABRecordsImporter.m */,
				86DCEEFB1C96DB4400EC7FD6 /* VeeAddressBook.h */,
				86DCEEFC1C96DB4400EC7FD6 /* VeeAddressBook.m */,
			);
			path = "Address Book";
			sourceTree = "<group>";
		};
		86EA99521CAD13B000DBC303 /* View Controller utils */ = {
			isa = PBXGroup;
			children = (
				864405531CA56A070003B355 /* VeeSearchResultsDelegate.h */,
				862BB6791C9C42A900A71ED6 /* VeeSectionedArrayDataSource.h */,
				862BB67A1C9C42A900A71ED6 /* VeeSectionedArrayDataSource.m */,
				864405501CA568730003B355 /* VeeTableViewSearchDelegate.h */,
				864405511CA568730003B355 /* VeeTableViewSearchDelegate.m */,
			);
			path = "View Controller utils";
			sourceTree = "<group>";
		};
		86EA99531CAD13C000DBC303 /* View Controller utils */ = {
			isa = PBXGroup;
			children = (
				867AD86D1C9C855A009A26A2 /* VeeSectionedArrayDataSourceTests.m */,
				864405561CA58A030003B355 /* VeeTableViewSearchDelegateTests.m */,
			);
			path = "View Controller utils";
			sourceTree = "<group>";
		};
		86EA99541CAD13EF00DBC303 /* UITableViewCells */ = {
			isa = PBXGroup;
			children = (
				8644055E1CA974190003B355 /* VeeContactCellConfigurationTests.m */,
			);
			path = UITableViewCells;
			sourceTree = "<group>";
		};
/* End PBXGroup section */

/* Begin PBXNativeTarget section */
		860C62671C28521200876682 /* VeeContactPicker */ = {
			isa = PBXNativeTarget;
			buildConfigurationList = 860C62951C28521200876682 /* Build configuration list for PBXNativeTarget "VeeContactPicker" */;
			buildPhases = (
				BBF15644020B1A506FEF509C /* Check Pods Manifest.lock */,
				860C62641C28521200876682 /* Sources */,
				860C62651C28521200876682 /* Frameworks */,
				860C62661C28521200876682 /* Resources */,
				238E02982EBC3965D32800C0 /* Embed Pods Frameworks */,
				D02E39E05EB13C01044F55E6 /* Copy Pods Resources */,
			);
			buildRules = (
			);
			dependencies = (
			);
			name = VeeContactPicker;
			productName = VeeContactPicker;
			productReference = 860C62681C28521200876682 /* VeeContactPicker.app */;
			productType = "com.apple.product-type.application";
		};
		860C62801C28521200876682 /* VeeContactPickerTests */ = {
			isa = PBXNativeTarget;
			buildConfigurationList = 860C62981C28521200876682 /* Build configuration list for PBXNativeTarget "VeeContactPickerTests" */;
			buildPhases = (
				B94D242D4A454444B9958033 /* Check Pods Manifest.lock */,
				860C627D1C28521200876682 /* Sources */,
				860C627E1C28521200876682 /* Frameworks */,
				860C627F1C28521200876682 /* Resources */,
				2DD0A8EB1C298CA4A166EA91 /* Embed Pods Frameworks */,
				2AAF0C1C5D89F00A01C02996 /* Copy Pods Resources */,
			);
			buildRules = (
			);
			dependencies = (
				860C62831C28521200876682 /* PBXTargetDependency */,
			);
			name = VeeContactPickerTests;
			productName = VeeContactPickerTests;
			productReference = 860C62811C28521200876682 /* VeeContactPickerTests.xctest */;
			productType = "com.apple.product-type.bundle.unit-test";
		};
		860C628B1C28521200876682 /* VeeContactPickerUITests */ = {
			isa = PBXNativeTarget;
			buildConfigurationList = 860C629B1C28521200876682 /* Build configuration list for PBXNativeTarget "VeeContactPickerUITests" */;
			buildPhases = (
				860C62881C28521200876682 /* Sources */,
				860C62891C28521200876682 /* Frameworks */,
				860C628A1C28521200876682 /* Resources */,
			);
			buildRules = (
			);
			dependencies = (
				860C628E1C28521200876682 /* PBXTargetDependency */,
			);
			name = VeeContactPickerUITests;
			productName = VeeContactPickerUITests;
			productReference = 860C628C1C28521200876682 /* VeeContactPickerUITests.xctest */;
			productType = "com.apple.product-type.bundle.ui-testing";
		};
/* End PBXNativeTarget section */

/* Begin PBXProject section */
		860C62601C28521200876682 /* Project object */ = {
			isa = PBXProject;
			attributes = {
				LastUpgradeCheck = 0720;
				ORGANIZATIONNAME = "Code Atlas SRL";
				TargetAttributes = {
					860C62671C28521200876682 = {
						CreatedOnToolsVersion = 7.2;
					};
					860C62801C28521200876682 = {
						CreatedOnToolsVersion = 7.2;
						TestTargetID = 860C62671C28521200876682;
					};
					860C628B1C28521200876682 = {
						CreatedOnToolsVersion = 7.2;
						TestTargetID = 860C62671C28521200876682;
					};
				};
			};
			buildConfigurationList = 860C62631C28521200876682 /* Build configuration list for PBXProject "VeeContactPicker" */;
			compatibilityVersion = "Xcode 3.2";
			developmentRegion = English;
			hasScannedForEncodings = 0;
			knownRegions = (
				en,
				Base,
			);
			mainGroup = 860C625F1C28521200876682;
			productRefGroup = 860C62691C28521200876682 /* Products */;
			projectDirPath = "";
			projectRoot = "";
			targets = (
				860C62671C28521200876682 /* VeeContactPicker */,
				860C62801C28521200876682 /* VeeContactPickerTests */,
				860C628B1C28521200876682 /* VeeContactPickerUITests */,
			);
		};
/* End PBXProject section */

/* Begin PBXResourcesBuildPhase section */
		860C62661C28521200876682 /* Resources */ = {
			isa = PBXResourcesBuildPhase;
			buildActionMask = 2147483647;
			files = (
				860C62AC1C28528E00876682 /* VeeContactPickerViewController.xib in Resources */,
				868BAB741CA2BFB900B0B0A4 /* OrganizationNames.txt in Resources */,
				868BAB841CA2C14400B0B0A4 /* portrait_3.jpg in Resources */,
				868BAB721CA2BFB300B0B0A4 /* EmailDomains.txt in Resources */,
				860C627B1C28521200876682 /* LaunchScreen.storyboard in Resources */,
				868BAB861CA2C14400B0B0A4 /* portrait_4.jpg in Resources */,
				860C62AE1C28528E00876682 /* VeeContactUITableViewCell.xib in Resources */,
				868BAB711CA2BFB000B0B0A4 /* LastNames.txt in Resources */,
				868BAB701CA2BFAD00B0B0A4 /* MiddleNames.txt in Resources */,
				868BAB731CA2BFB600B0B0A4 /* Nicknames.txt in Resources */,
				860C62781C28521200876682 /* Assets.xcassets in Resources */,
				868BAB901CA2C14400B0B0A4 /* portrait_9.jpg in Resources */,
				868BAB6F1CA2BFAB00B0B0A4 /* FirstNames.txt in Resources */,
				868BAB801CA2C14400B0B0A4 /* portrait_1.jpg in Resources */,
				868BAB821CA2C14400B0B0A4 /* portrait_2.jpg in Resources */,
				868BAB8C1CA2C14400B0B0A4 /* portrait_7.jpg in Resources */,
				868BAB881CA2C14400B0B0A4 /* portrait_5.jpg in Resources */,
				860C62761C28521200876682 /* Main.storyboard in Resources */,
				868BAB8E1CA2C14400B0B0A4 /* portrait_8.jpg in Resources */,
				868BAB751CA2BFBB00B0B0A4 /* FakePhoneNumbers.txt in Resources */,
				868BAB8A1CA2C14400B0B0A4 /* portrait_6.jpg in Resources */,
			);
			runOnlyForDeploymentPostprocessing = 0;
		};
		860C627F1C28521200876682 /* Resources */ = {
			isa = PBXResourcesBuildPhase;
			buildActionMask = 2147483647;
			files = (
				86A6A7011C9AF572004F66E2 /* codeatlas.png in Resources */,
				86C08D171CA1520900319B5A /* FirstNames.txt in Resources */,
				868BAB8B1CA2C14400B0B0A4 /* portrait_6.jpg in Resources */,
				868BAB811CA2C14400B0B0A4 /* portrait_1.jpg in Resources */,
				868BAB871CA2C14400B0B0A4 /* portrait_4.jpg in Resources */,
				868BAB831CA2C14400B0B0A4 /* portrait_2.jpg in Resources */,
				868BAB8F1CA2C14400B0B0A4 /* portrait_8.jpg in Resources */,
				860696971CA15DE500997F09 /* OrganizationNames.txt in Resources */,
				868BAB891CA2C14400B0B0A4 /* portrait_5.jpg in Resources */,
				868BAB8D1CA2C14400B0B0A4 /* portrait_7.jpg in Resources */,
				86C08D1D1CA1530F00319B5A /* FakePhoneNumbers.txt in Resources */,
				860696931CA15BC500997F09 /* MiddleNames.txt in Resources */,
				860696951CA15DDB00997F09 /* Nicknames.txt in Resources */,
				868BAB851CA2C14400B0B0A4 /* portrait_3.jpg in Resources */,
				868BAB911CA2C14400B0B0A4 /* portrait_9.jpg in Resources */,
				8676C5911C93151100054446 /* vee_testing_ab.vcf in Resources */,
				86C08D191CA1523400319B5A /* LastNames.txt in Resources */,
				86C08D1B1CA152D800319B5A /* EmailDomains.txt in Resources */,
			);
			runOnlyForDeploymentPostprocessing = 0;
		};
		860C628A1C28521200876682 /* Resources */ = {
			isa = PBXResourcesBuildPhase;
			buildActionMask = 2147483647;
			files = (
			);
			runOnlyForDeploymentPostprocessing = 0;
		};
/* End PBXResourcesBuildPhase section */

/* Begin PBXShellScriptBuildPhase section */
		238E02982EBC3965D32800C0 /* Embed Pods Frameworks */ = {
			isa = PBXShellScriptBuildPhase;
			buildActionMask = 2147483647;
			files = (
			);
			inputPaths = (
			);
			name = "Embed Pods Frameworks";
			outputPaths = (
			);
			runOnlyForDeploymentPostprocessing = 0;
			shellPath = /bin/sh;
			shellScript = "\"${SRCROOT}/Pods/Target Support Files/Pods-VeeContactPicker/Pods-VeeContactPicker-frameworks.sh\"\n";
			showEnvVarsInLog = 0;
		};
		2AAF0C1C5D89F00A01C02996 /* Copy Pods Resources */ = {
			isa = PBXShellScriptBuildPhase;
			buildActionMask = 2147483647;
			files = (
			);
			inputPaths = (
			);
			name = "Copy Pods Resources";
			outputPaths = (
			);
			runOnlyForDeploymentPostprocessing = 0;
			shellPath = /bin/sh;
			shellScript = "\"${SRCROOT}/Pods/Target Support Files/Pods-VeeContactPickerTests/Pods-VeeContactPickerTests-resources.sh\"\n";
			showEnvVarsInLog = 0;
		};
		2DD0A8EB1C298CA4A166EA91 /* Embed Pods Frameworks */ = {
			isa = PBXShellScriptBuildPhase;
			buildActionMask = 2147483647;
			files = (
			);
			inputPaths = (
			);
			name = "Embed Pods Frameworks";
			outputPaths = (
			);
			runOnlyForDeploymentPostprocessing = 0;
			shellPath = /bin/sh;
			shellScript = "\"${SRCROOT}/Pods/Target Support Files/Pods-VeeContactPickerTests/Pods-VeeContactPickerTests-frameworks.sh\"\n";
			showEnvVarsInLog = 0;
		};
		B94D242D4A454444B9958033 /* Check Pods Manifest.lock */ = {
			isa = PBXShellScriptBuildPhase;
			buildActionMask = 2147483647;
			files = (
			);
			inputPaths = (
			);
			name = "Check Pods Manifest.lock";
			outputPaths = (
			);
			runOnlyForDeploymentPostprocessing = 0;
			shellPath = /bin/sh;
			shellScript = "diff \"${PODS_ROOT}/../Podfile.lock\" \"${PODS_ROOT}/Manifest.lock\" > /dev/null\nif [[ $? != 0 ]] ; then\n    cat << EOM\nerror: The sandbox is not in sync with the Podfile.lock. Run 'pod install' or update your CocoaPods installation.\nEOM\n    exit 1\nfi\n";
			showEnvVarsInLog = 0;
		};
		BBF15644020B1A506FEF509C /* Check Pods Manifest.lock */ = {
			isa = PBXShellScriptBuildPhase;
			buildActionMask = 2147483647;
			files = (
			);
			inputPaths = (
			);
			name = "Check Pods Manifest.lock";
			outputPaths = (
			);
			runOnlyForDeploymentPostprocessing = 0;
			shellPath = /bin/sh;
			shellScript = "diff \"${PODS_ROOT}/../Podfile.lock\" \"${PODS_ROOT}/Manifest.lock\" > /dev/null\nif [[ $? != 0 ]] ; then\n    cat << EOM\nerror: The sandbox is not in sync with the Podfile.lock. Run 'pod install' or update your CocoaPods installation.\nEOM\n    exit 1\nfi\n";
			showEnvVarsInLog = 0;
		};
		D02E39E05EB13C01044F55E6 /* Copy Pods Resources */ = {
			isa = PBXShellScriptBuildPhase;
			buildActionMask = 2147483647;
			files = (
			);
			inputPaths = (
			);
			name = "Copy Pods Resources";
			outputPaths = (
			);
			runOnlyForDeploymentPostprocessing = 0;
			shellPath = /bin/sh;
			shellScript = "\"${SRCROOT}/Pods/Target Support Files/Pods-VeeContactPicker/Pods-VeeContactPicker-resources.sh\"\n";
			showEnvVarsInLog = 0;
		};
/* End PBXShellScriptBuildPhase section */

/* Begin PBXSourcesBuildPhase section */
		860C62641C28521200876682 /* Sources */ = {
			isa = PBXSourcesBuildPhase;
			buildActionMask = 2147483647;
			files = (
				862BB67B1C9C42A900A71ED6 /* VeeSectionedArrayDataSource.m in Sources */,
				860696991CA160BC00997F09 /* VeeAddressBookForTestingConstants.m in Sources */,
				860C62AB1C28528E00876682 /* VeeContactPickerViewController.m in Sources */,
				867AD8771CA04300009A26A2 /* VeeIsEmpty.m in Sources */,
				86B756AE1CAAE14C0033D286 /* VeePostalAddress.m in Sources */,
				8644055D1CA970970003B355 /* VeeContactCellConfiguration.m in Sources */,
				862F859F1CA14435004EF57F /* VeeABRecord.m in Sources */,
				864405521CA568730003B355 /* VeeTableViewSearchDelegate.m in Sources */,
				864194EE1C96CE60005DC2D6 /* VeeContactPickerOptions.m in Sources */,
				86DCEF071C96E0A700EC7FD6 /* VeeABRecordsImporter.m in Sources */,
				864194F81C96D7C0005DC2D6 /* VeeContactPickerStrings.m in Sources */,
				860C62701C28521200876682 /* AppDelegate.m in Sources */,
				8622C3451CABDD6A009EB7A1 /* NSObject+VeeCommons.m in Sources */,
				860C62AD1C28528E00876682 /* VeeContactUITableViewCell.m in Sources */,
				864194F11C96D169005DC2D6 /* VeeContactPickerConstants.m in Sources */,
				8606969C1CA1618F00997F09 /* VeeContactFactory.m in Sources */,
				860696981CA1609E00997F09 /* VeeContactsForTestingFactory.m in Sources */,
				86DCEEFD1C96DB4400EC7FD6 /* VeeAddressBook.m in Sources */,
				860C62B61C2854CB00876682 /* VeeContact.m in Sources */,
				86F12AC01C3C0CF900F584C2 /* UILabel+Boldify.m in Sources */,
				8622C34C1CABE7C8009EB7A1 /* VeeContactProtFactoryProducer.m in Sources */,
				860C626D1C28521200876682 /* main.m in Sources */,
				86CAE0431CBFC96700552B81 /* VeeContactPickerExampleViewController.m in Sources */,
			);
			runOnlyForDeploymentPostprocessing = 0;
		};
		860C627D1C28521200876682 /* Sources */ = {
			isa = PBXSourcesBuildPhase;
			buildActionMask = 2147483647;
			files = (
				867AD86E1C9C855A009A26A2 /* VeeSectionedArrayDataSourceTests.m in Sources */,
				861046C81C8F2E5F00DFA690 /* VeeAddressBookForTesting.m in Sources */,
				864AFE311C91913F002F4BF7 /* VeeAddressBookForTestingConstants.m in Sources */,
				86B8A6BD1C99A49600F48CBD /* VeeContactPickerOptionsTests.m in Sources */,
				862F85A11CA1473C004EF57F /* VeeABRecordTests.m in Sources */,
				86AB036D1C917A820054B7EC /* XCTest+VeeCommons.m in Sources */,
				8644055F1CA974190003B355 /* VeeContactCellConfigurationTests.m in Sources */,
				86B8A6BB1C9977C100F48CBD /* VeeContactPickerViewControllerTests.m in Sources */,
				86B8A6BF1C99A4D200F48CBD /* VeeContactPickerStringsTests.m in Sources */,
				867AD8711C9DA79D009A26A2 /* VeeSectionableForTesting.m in Sources */,
				861046C21C8F253F00DFA690 /* VeeContactTests.m in Sources */,
				8644055A1CA965E80003B355 /* VeeSearchResultsDelegateForTesting.m in Sources */,
				86B756B01CABD3290033D286 /* VeePostalAddressTests.m in Sources */,
				867AD8791CA0436B009A26A2 /* VeeIsEmptyTests.m in Sources */,
				868BAB971CA2DDB000B0B0A4 /* VeeABRecordsImporterTests.m in Sources */,
				864405571CA58A030003B355 /* VeeTableViewSearchDelegateTests.m in Sources */,
				86B756A91CAA8C200033D286 /* UILabelBolfidyTests.m in Sources */,
				86B8A6C41C99AB6C00F48CBD /* VeeContactsForTestingFactory.m in Sources */,
			);
			runOnlyForDeploymentPostprocessing = 0;
		};
		860C62881C28521200876682 /* Sources */ = {
			isa = PBXSourcesBuildPhase;
			buildActionMask = 2147483647;
			files = (
				860C62911C28521200876682 /* VeeContactPickerUITests.m in Sources */,
			);
			runOnlyForDeploymentPostprocessing = 0;
		};
/* End PBXSourcesBuildPhase section */

/* Begin PBXTargetDependency section */
		860C62831C28521200876682 /* PBXTargetDependency */ = {
			isa = PBXTargetDependency;
			target = 860C62671C28521200876682 /* VeeContactPicker */;
			targetProxy = 860C62821C28521200876682 /* PBXContainerItemProxy */;
		};
		860C628E1C28521200876682 /* PBXTargetDependency */ = {
			isa = PBXTargetDependency;
			target = 860C62671C28521200876682 /* VeeContactPicker */;
			targetProxy = 860C628D1C28521200876682 /* PBXContainerItemProxy */;
		};
/* End PBXTargetDependency section */

/* Begin PBXVariantGroup section */
		860C62741C28521200876682 /* Main.storyboard */ = {
			isa = PBXVariantGroup;
			children = (
				860C62751C28521200876682 /* Base */,
			);
			name = Main.storyboard;
			path = .;
			sourceTree = "<group>";
		};
		860C62791C28521200876682 /* LaunchScreen.storyboard */ = {
			isa = PBXVariantGroup;
			children = (
				860C627A1C28521200876682 /* Base */,
			);
			name = LaunchScreen.storyboard;
			path = .;
			sourceTree = "<group>";
		};
/* End PBXVariantGroup section */

/* Begin XCBuildConfiguration section */
		860C62931C28521200876682 /* Debug */ = {
			isa = XCBuildConfiguration;
			buildSettings = {
				ALWAYS_SEARCH_USER_PATHS = NO;
				CLANG_CXX_LANGUAGE_STANDARD = "gnu++0x";
				CLANG_CXX_LIBRARY = "libc++";
				CLANG_ENABLE_MODULES = YES;
				CLANG_ENABLE_OBJC_ARC = YES;
				CLANG_WARN_BOOL_CONVERSION = YES;
				CLANG_WARN_CONSTANT_CONVERSION = YES;
				CLANG_WARN_DIRECT_OBJC_ISA_USAGE = YES_ERROR;
				CLANG_WARN_EMPTY_BODY = YES;
				CLANG_WARN_ENUM_CONVERSION = YES;
				CLANG_WARN_INT_CONVERSION = YES;
				CLANG_WARN_OBJC_ROOT_CLASS = YES_ERROR;
				CLANG_WARN_UNREACHABLE_CODE = YES;
				CLANG_WARN__DUPLICATE_METHOD_MATCH = YES;
				"CODE_SIGN_IDENTITY[sdk=iphoneos*]" = "iPhone Developer";
				COPY_PHASE_STRIP = NO;
				DEBUG_INFORMATION_FORMAT = dwarf;
				ENABLE_STRICT_OBJC_MSGSEND = YES;
				ENABLE_TESTABILITY = YES;
				GCC_C_LANGUAGE_STANDARD = gnu99;
				GCC_DYNAMIC_NO_PIC = NO;
				GCC_NO_COMMON_BLOCKS = YES;
				GCC_OPTIMIZATION_LEVEL = 0;
				GCC_PREPROCESSOR_DEFINITIONS = (
					"DEBUG=1",
					"$(inherited)",
				);
				GCC_WARN_64_TO_32_BIT_CONVERSION = YES;
				GCC_WARN_ABOUT_RETURN_TYPE = YES_ERROR;
				GCC_WARN_UNDECLARED_SELECTOR = YES;
				GCC_WARN_UNINITIALIZED_AUTOS = YES_AGGRESSIVE;
				GCC_WARN_UNUSED_FUNCTION = YES;
				GCC_WARN_UNUSED_VARIABLE = YES;
				IPHONEOS_DEPLOYMENT_TARGET = 7.0;
				MTL_ENABLE_DEBUG_INFO = YES;
				ONLY_ACTIVE_ARCH = YES;
				SDKROOT = iphoneos;
			};
			name = Debug;
		};
		860C62941C28521200876682 /* Release */ = {
			isa = XCBuildConfiguration;
			buildSettings = {
				ALWAYS_SEARCH_USER_PATHS = NO;
				CLANG_CXX_LANGUAGE_STANDARD = "gnu++0x";
				CLANG_CXX_LIBRARY = "libc++";
				CLANG_ENABLE_MODULES = YES;
				CLANG_ENABLE_OBJC_ARC = YES;
				CLANG_WARN_BOOL_CONVERSION = YES;
				CLANG_WARN_CONSTANT_CONVERSION = YES;
				CLANG_WARN_DIRECT_OBJC_ISA_USAGE = YES_ERROR;
				CLANG_WARN_EMPTY_BODY = YES;
				CLANG_WARN_ENUM_CONVERSION = YES;
				CLANG_WARN_INT_CONVERSION = YES;
				CLANG_WARN_OBJC_ROOT_CLASS = YES_ERROR;
				CLANG_WARN_UNREACHABLE_CODE = YES;
				CLANG_WARN__DUPLICATE_METHOD_MATCH = YES;
				"CODE_SIGN_IDENTITY[sdk=iphoneos*]" = "iPhone Developer";
				COPY_PHASE_STRIP = NO;
				DEBUG_INFORMATION_FORMAT = "dwarf-with-dsym";
				ENABLE_NS_ASSERTIONS = NO;
				ENABLE_STRICT_OBJC_MSGSEND = YES;
				GCC_C_LANGUAGE_STANDARD = gnu99;
				GCC_NO_COMMON_BLOCKS = YES;
				GCC_WARN_64_TO_32_BIT_CONVERSION = YES;
				GCC_WARN_ABOUT_RETURN_TYPE = YES_ERROR;
				GCC_WARN_UNDECLARED_SELECTOR = YES;
				GCC_WARN_UNINITIALIZED_AUTOS = YES_AGGRESSIVE;
				GCC_WARN_UNUSED_FUNCTION = YES;
				GCC_WARN_UNUSED_VARIABLE = YES;
				IPHONEOS_DEPLOYMENT_TARGET = 7.0;
				MTL_ENABLE_DEBUG_INFO = NO;
				SDKROOT = iphoneos;
				VALIDATE_PRODUCT = YES;
			};
			name = Release;
		};
		860C62961C28521200876682 /* Debug */ = {
			isa = XCBuildConfiguration;
			baseConfigurationReference = 59BA9EF812E7CB1FDE543CC3 /* Pods-VeeContactPicker.debug.xcconfig */;
			buildSettings = {
				ASSETCATALOG_COMPILER_APPICON_NAME = AppIcon;
				INFOPLIST_FILE = VeeContactPickerExample/Info.plist;
				IPHONEOS_DEPLOYMENT_TARGET = 7.0;
				LD_RUNPATH_SEARCH_PATHS = "$(inherited) @executable_path/Frameworks";
				PRODUCT_BUNDLE_IDENTIFIER = it.codeatlas.ios.VeeContactPicker;
				PRODUCT_NAME = "$(TARGET_NAME)";
			};
			name = Debug;
		};
		860C62971C28521200876682 /* Release */ = {
			isa = XCBuildConfiguration;
			baseConfigurationReference = 3443D42DEDE8A03DD6D3BCD7 /* Pods-VeeContactPicker.release.xcconfig */;
			buildSettings = {
				ASSETCATALOG_COMPILER_APPICON_NAME = AppIcon;
				INFOPLIST_FILE = VeeContactPickerExample/Info.plist;
				IPHONEOS_DEPLOYMENT_TARGET = 7.0;
				LD_RUNPATH_SEARCH_PATHS = "$(inherited) @executable_path/Frameworks";
				PRODUCT_BUNDLE_IDENTIFIER = it.codeatlas.ios.VeeContactPicker;
				PRODUCT_NAME = "$(TARGET_NAME)";
			};
			name = Release;
		};
		860C62991C28521200876682 /* Debug */ = {
			isa = XCBuildConfiguration;
			baseConfigurationReference = DE67451A3E6A212CE03F629A /* Pods-VeeContactPickerTests.debug.xcconfig */;
			buildSettings = {
				BUNDLE_LOADER = "$(TEST_HOST)";
				GCC_PREPROCESSOR_DEFINITIONS = (
					"$(inherited)",
					"COCOAPODS=1",
					"TESTING=1",
				);
				INFOPLIST_FILE = VeeContactPickerTests/Info.plist;
				LD_RUNPATH_SEARCH_PATHS = "$(inherited) @executable_path/Frameworks @loader_path/Frameworks";
				PRODUCT_BUNDLE_IDENTIFIER = it.codeatlas.ios.VeeContactPickerTests;
				PRODUCT_NAME = "$(TARGET_NAME)";
				TEST_HOST = "$(BUILT_PRODUCTS_DIR)/VeeContactPicker.app/VeeContactPicker";
			};
			name = Debug;
		};
		860C629A1C28521200876682 /* Release */ = {
			isa = XCBuildConfiguration;
			baseConfigurationReference = 8D4D941FFF54A1E63B5134C6 /* Pods-VeeContactPickerTests.release.xcconfig */;
			buildSettings = {
				BUNDLE_LOADER = "$(TEST_HOST)";
				INFOPLIST_FILE = VeeContactPickerTests/Info.plist;
				LD_RUNPATH_SEARCH_PATHS = "$(inherited) @executable_path/Frameworks @loader_path/Frameworks";
				PRODUCT_BUNDLE_IDENTIFIER = it.codeatlas.ios.VeeContactPickerTests;
				PRODUCT_NAME = "$(TARGET_NAME)";
				TEST_HOST = "$(BUILT_PRODUCTS_DIR)/VeeContactPicker.app/VeeContactPicker";
			};
			name = Release;
		};
		860C629C1C28521200876682 /* Debug */ = {
			isa = XCBuildConfiguration;
			buildSettings = {
				INFOPLIST_FILE = VeeContactPickerUITests/Info.plist;
				LD_RUNPATH_SEARCH_PATHS = "$(inherited) @executable_path/Frameworks @loader_path/Frameworks";
				PRODUCT_BUNDLE_IDENTIFIER = it.codeatlas.ios.VeeContactPickerUITests;
				PRODUCT_NAME = "$(TARGET_NAME)";
				TEST_TARGET_NAME = VeeContactPicker;
				USES_XCTRUNNER = YES;
			};
			name = Debug;
		};
		860C629D1C28521200876682 /* Release */ = {
			isa = XCBuildConfiguration;
			buildSettings = {
				INFOPLIST_FILE = VeeContactPickerUITests/Info.plist;
				LD_RUNPATH_SEARCH_PATHS = "$(inherited) @executable_path/Frameworks @loader_path/Frameworks";
				PRODUCT_BUNDLE_IDENTIFIER = it.codeatlas.ios.VeeContactPickerUITests;
				PRODUCT_NAME = "$(TARGET_NAME)";
				TEST_TARGET_NAME = VeeContactPicker;
				USES_XCTRUNNER = YES;
			};
			name = Release;
		};
/* End XCBuildConfiguration section */

/* Begin XCConfigurationList section */
		860C62631C28521200876682 /* Build configuration list for PBXProject "VeeContactPicker" */ = {
			isa = XCConfigurationList;
			buildConfigurations = (
				860C62931C28521200876682 /* Debug */,
				860C62941C28521200876682 /* Release */,
			);
			defaultConfigurationIsVisible = 0;
			defaultConfigurationName = Release;
		};
		860C62951C28521200876682 /* Build configuration list for PBXNativeTarget "VeeContactPicker" */ = {
			isa = XCConfigurationList;
			buildConfigurations = (
				860C62961C28521200876682 /* Debug */,
				860C62971C28521200876682 /* Release */,
			);
			defaultConfigurationIsVisible = 0;
			defaultConfigurationName = Release;
		};
		860C62981C28521200876682 /* Build configuration list for PBXNativeTarget "VeeContactPickerTests" */ = {
			isa = XCConfigurationList;
			buildConfigurations = (
				860C62991C28521200876682 /* Debug */,
				860C629A1C28521200876682 /* Release */,
			);
			defaultConfigurationIsVisible = 0;
			defaultConfigurationName = Release;
		};
		860C629B1C28521200876682 /* Build configuration list for PBXNativeTarget "VeeContactPickerUITests" */ = {
			isa = XCConfigurationList;
			buildConfigurations = (
				860C629C1C28521200876682 /* Debug */,
				860C629D1C28521200876682 /* Release */,
			);
			defaultConfigurationIsVisible = 0;
			defaultConfigurationName = Release;
		};
/* End XCConfigurationList section */
	};
	rootObject = 860C62601C28521200876682 /* Project object */;
}
